// !$*UTF8*$!
{
	archiveVersion = 1;
	classes = {
	};
	objectVersion = 52;
	objects = {

/* Begin PBXBuildFile section */
		02443B5823D1E9A4009C675B /* IWLMvmDriver.cpp in Sources */ = {isa = PBXBuildFile; fileRef = 02443B5623D1E9A4009C675B /* IWLMvmDriver.cpp */; };
		02443B5923D1E9A4009C675B /* IWLMvmDriver.hpp in Headers */ = {isa = PBXBuildFile; fileRef = 02443B5723D1E9A4009C675B /* IWLMvmDriver.hpp */; };
		024ADE3B23F7A199005909F6 /* iwlwifi-7265D-27.ucode in Resources */ = {isa = PBXBuildFile; fileRef = 024ADE3A23F7A199005909F6 /* iwlwifi-7265D-27.ucode */; };
		024CFC3A23F57E350014F002 /* AppleIntelWifiAdapterV2.cpp in Sources */ = {isa = PBXBuildFile; fileRef = 026E8CCE2356F0ED000BFD46 /* AppleIntelWifiAdapterV2.cpp */; };
		024DDD4E23CCA027002716C8 /* IWLIO.cpp in Sources */ = {isa = PBXBuildFile; fileRef = 024DDD4C23CCA027002716C8 /* IWLIO.cpp */; };
		024DDD4F23CCA027002716C8 /* IWLIO.hpp in Headers */ = {isa = PBXBuildFile; fileRef = 024DDD4D23CCA027002716C8 /* IWLIO.hpp */; };
		024DDD5423CCA79C002716C8 /* IWLMvmTransOpsGen2.cpp in Sources */ = {isa = PBXBuildFile; fileRef = 024DDD5223CCA79C002716C8 /* IWLMvmTransOpsGen2.cpp */; };
		024DDD5523CCA79C002716C8 /* IWLMvmTransOpsGen2.hpp in Headers */ = {isa = PBXBuildFile; fileRef = 024DDD5323CCA79C002716C8 /* IWLMvmTransOpsGen2.hpp */; };
		024DDD5823CCAD26002716C8 /* IWLMvmTransOpsGen1.cpp in Sources */ = {isa = PBXBuildFile; fileRef = 024DDD5623CCAD26002716C8 /* IWLMvmTransOpsGen1.cpp */; };
		024DDD5923CCAD26002716C8 /* IWLMvmTransOpsGen1.hpp in Headers */ = {isa = PBXBuildFile; fileRef = 024DDD5723CCAD26002716C8 /* IWLMvmTransOpsGen1.hpp */; };
		024FC26623EAD0010056A5BE /* TransOpsCommon.cpp in Sources */ = {isa = PBXBuildFile; fileRef = 024FC26523EAD0010056A5BE /* TransOpsCommon.cpp */; };
		0252C5D823EBB7C0001975DB /* IWLInternal.cpp in Sources */ = {isa = PBXBuildFile; fileRef = 0252C5D623EBB7C0001975DB /* IWLInternal.cpp */; };
		0252C5D923EBB7C0001975DB /* IWLInternal.hpp in Headers */ = {isa = PBXBuildFile; fileRef = 0252C5D723EBB7C0001975DB /* IWLInternal.hpp */; };
		0252C5DC23EC00CA001975DB /* IWLTransportRx.cpp in Sources */ = {isa = PBXBuildFile; fileRef = 0252C5DB23EC00CA001975DB /* IWLTransportRx.cpp */; };
		0252C5DE23EC0B5C001975DB /* IWLTransportTx.cpp in Sources */ = {isa = PBXBuildFile; fileRef = 0252C5DD23EC0B5C001975DB /* IWLTransportTx.cpp */; };
		0252C5E223EC17CD001975DB /* MvmCmd.hpp in Headers */ = {isa = PBXBuildFile; fileRef = 0252C5E023EC17CD001975DB /* MvmCmd.hpp */; };
		0252C5E423EC1A51001975DB /* fw-api.h in Headers */ = {isa = PBXBuildFile; fileRef = 0252C5E323EC1A51001975DB /* fw-api.h */; };
		02577D7723EE68F1003FF602 /* IWLPhyDb.cpp in Sources */ = {isa = PBXBuildFile; fileRef = 02577D7523EE68F1003FF602 /* IWLPhyDb.cpp */; };
		02577D7823EE68F1003FF602 /* IWLPhyDb.hpp in Headers */ = {isa = PBXBuildFile; fileRef = 02577D7623EE68F1003FF602 /* IWLPhyDb.hpp */; };
		02577D7D23EEA4D9003FF602 /* NotificationWait.cpp in Sources */ = {isa = PBXBuildFile; fileRef = 02577D7B23EEA4D9003FF602 /* NotificationWait.cpp */; };
		02577D7E23EEA4D9003FF602 /* NotificationWait.hpp in Headers */ = {isa = PBXBuildFile; fileRef = 02577D7C23EEA4D9003FF602 /* NotificationWait.hpp */; };
		02577D8023EEBC57003FF602 /* IWLCoex.cpp in Sources */ = {isa = PBXBuildFile; fileRef = 02577D7F23EEBC57003FF602 /* IWLCoex.cpp */; };
		02577D8223EEBCEF003FF602 /* IWLNvm.cpp in Sources */ = {isa = PBXBuildFile; fileRef = 02577D8123EEBCEF003FF602 /* IWLNvm.cpp */; };
		02577D8423EEBD07003FF602 /* IWLFw.cpp in Sources */ = {isa = PBXBuildFile; fileRef = 02577D8323EEBD07003FF602 /* IWLFw.cpp */; };
		02577D8623EEC385003FF602 /* IWLUtils.cpp in Sources */ = {isa = PBXBuildFile; fileRef = 02577D8523EEC385003FF602 /* IWLUtils.cpp */; };
		02577D8923EF98B6003FF602 /* IWLCtxtInfo.cpp in Sources */ = {isa = PBXBuildFile; fileRef = 02577D8723EF98B6003FF602 /* IWLCtxtInfo.cpp */; };
		02577D8A23EF98B6003FF602 /* IWLCtxtInfo.hpp in Headers */ = {isa = PBXBuildFile; fileRef = 02577D8823EF98B6003FF602 /* IWLCtxtInfo.hpp */; };
		0257B9A523E5A7E3005013A0 /* MvmTransOps.cpp in Sources */ = {isa = PBXBuildFile; fileRef = 0257B9A423E5A7E3005013A0 /* MvmTransOps.cpp */; };
		0257B9AD23E6DD2A005013A0 /* IWLNvmParser.cpp in Sources */ = {isa = PBXBuildFile; fileRef = 0257B9AB23E6DD2A005013A0 /* IWLNvmParser.cpp */; };
		0257B9AE23E6DD2A005013A0 /* IWLNvmParser.hpp in Headers */ = {isa = PBXBuildFile; fileRef = 0257B9AC23E6DD2A005013A0 /* IWLNvmParser.hpp */; };
		026E8CCD2356F0ED000BFD46 /* AppleIntelWifiAdapterV2.hpp in Headers */ = {isa = PBXBuildFile; fileRef = 026E8CCC2356F0ED000BFD46 /* AppleIntelWifiAdapterV2.hpp */; };
		026E8CDD2356F2AD000BFD46 /* apple80211_ioctl.h in Headers */ = {isa = PBXBuildFile; fileRef = 026E8CD72356F2AD000BFD46 /* apple80211_ioctl.h */; };
		026E8CDE2356F2AD000BFD46 /* apple80211_wps.h in Headers */ = {isa = PBXBuildFile; fileRef = 026E8CD82356F2AD000BFD46 /* apple80211_wps.h */; };
		026E8CDF2356F2AD000BFD46 /* IO80211WorkLoop.h in Headers */ = {isa = PBXBuildFile; fileRef = 026E8CD92356F2AD000BFD46 /* IO80211WorkLoop.h */; };
		026E8CE02356F2AD000BFD46 /* apple80211_var.h in Headers */ = {isa = PBXBuildFile; fileRef = 026E8CDA2356F2AD000BFD46 /* apple80211_var.h */; };
		026E8CE12356F2AD000BFD46 /* IO80211Interface.h in Headers */ = {isa = PBXBuildFile; fileRef = 026E8CDB2356F2AD000BFD46 /* IO80211Interface.h */; };
		02C2286E23DBFA870016AD53 /* ieee80211_proto.c in Sources */ = {isa = PBXBuildFile; fileRef = 02C2285123DBFA860016AD53 /* ieee80211_proto.c */; };
		02C2286F23DBFA870016AD53 /* ieee80211_amrr.h in Headers */ = {isa = PBXBuildFile; fileRef = 02C2285223DBFA860016AD53 /* ieee80211_amrr.h */; };
		02C2287023DBFA870016AD53 /* ieee80211_ioctl.c in Sources */ = {isa = PBXBuildFile; fileRef = 02C2285323DBFA860016AD53 /* ieee80211_ioctl.c */; };
		02C2287123DBFA870016AD53 /* ieee80211.c in Sources */ = {isa = PBXBuildFile; fileRef = 02C2285423DBFA860016AD53 /* ieee80211.c */; };
		02C2287223DBFA870016AD53 /* ieee80211_rssadapt.c in Sources */ = {isa = PBXBuildFile; fileRef = 02C2285523DBFA860016AD53 /* ieee80211_rssadapt.c */; };
		02C2287323DBFA870016AD53 /* ieee80211_input.c in Sources */ = {isa = PBXBuildFile; fileRef = 02C2285623DBFA860016AD53 /* ieee80211_input.c */; };
		02C2287423DBFA870016AD53 /* ieee80211_node.h in Headers */ = {isa = PBXBuildFile; fileRef = 02C2285723DBFA860016AD53 /* ieee80211_node.h */; };
		02C2287523DBFA870016AD53 /* ieee80211_regdomain.h in Headers */ = {isa = PBXBuildFile; fileRef = 02C2285823DBFA860016AD53 /* ieee80211_regdomain.h */; };
		02C2287623DBFA870016AD53 /* ieee80211_mira.c in Sources */ = {isa = PBXBuildFile; fileRef = 02C2285923DBFA860016AD53 /* ieee80211_mira.c */; };
		02C2287723DBFA870016AD53 /* ieee80211_crypto.h in Headers */ = {isa = PBXBuildFile; fileRef = 02C2285A23DBFA860016AD53 /* ieee80211_crypto.h */; };
		02C2287823DBFA870016AD53 /* ieee80211_crypto_bip.c in Sources */ = {isa = PBXBuildFile; fileRef = 02C2285B23DBFA860016AD53 /* ieee80211_crypto_bip.c */; };
		02C2287923DBFA870016AD53 /* ieee80211_crypto_tkip.c in Sources */ = {isa = PBXBuildFile; fileRef = 02C2285C23DBFA860016AD53 /* ieee80211_crypto_tkip.c */; };
		02C2287A23DBFA870016AD53 /* ieee80211_crypto_ccmp.c in Sources */ = {isa = PBXBuildFile; fileRef = 02C2285D23DBFA860016AD53 /* ieee80211_crypto_ccmp.c */; };
		02C2287B23DBFA870016AD53 /* ieee80211_pae_input.c in Sources */ = {isa = PBXBuildFile; fileRef = 02C2285E23DBFA860016AD53 /* ieee80211_pae_input.c */; };
		02C2287C23DBFA870016AD53 /* ieee80211_radiotap.h in Headers */ = {isa = PBXBuildFile; fileRef = 02C2285F23DBFA860016AD53 /* ieee80211_radiotap.h */; };
		02C2287D23DBFA870016AD53 /* ieee80211_amrr.c in Sources */ = {isa = PBXBuildFile; fileRef = 02C2286023DBFA860016AD53 /* ieee80211_amrr.c */; };
		02C2287E23DBFA870016AD53 /* ieee80211_proto.h in Headers */ = {isa = PBXBuildFile; fileRef = 02C2286123DBFA860016AD53 /* ieee80211_proto.h */; };
		02C2287F23DBFA870016AD53 /* ieee80211_rssadapt.h in Headers */ = {isa = PBXBuildFile; fileRef = 02C2286223DBFA860016AD53 /* ieee80211_rssadapt.h */; };
		02C2288023DBFA870016AD53 /* ieee80211.h in Headers */ = {isa = PBXBuildFile; fileRef = 02C2286323DBFA860016AD53 /* ieee80211.h */; };
		02C2288123DBFA870016AD53 /* ieee80211_priv.h in Headers */ = {isa = PBXBuildFile; fileRef = 02C2286423DBFA860016AD53 /* ieee80211_priv.h */; };
		02C2288223DBFA870016AD53 /* ieee80211_ioctl.h in Headers */ = {isa = PBXBuildFile; fileRef = 02C2286523DBFA860016AD53 /* ieee80211_ioctl.h */; };
		02C2288323DBFA870016AD53 /* ieee80211_crypto_wep.c in Sources */ = {isa = PBXBuildFile; fileRef = 02C2286623DBFA860016AD53 /* ieee80211_crypto_wep.c */; };
		02C2288423DBFA870016AD53 /* ieee80211_output.c in Sources */ = {isa = PBXBuildFile; fileRef = 02C2286723DBFA860016AD53 /* ieee80211_output.c */; };
		02C2288523DBFA870016AD53 /* ieee80211_crypto.c in Sources */ = {isa = PBXBuildFile; fileRef = 02C2286823DBFA860016AD53 /* ieee80211_crypto.c */; };
		02C2288623DBFA870016AD53 /* ieee80211_mira.h in Headers */ = {isa = PBXBuildFile; fileRef = 02C2286923DBFA860016AD53 /* ieee80211_mira.h */; };
		02C2288723DBFA870016AD53 /* ieee80211_regdomain.c in Sources */ = {isa = PBXBuildFile; fileRef = 02C2286A23DBFA860016AD53 /* ieee80211_regdomain.c */; };
		02C2288823DBFA870016AD53 /* ieee80211_node.c in Sources */ = {isa = PBXBuildFile; fileRef = 02C2286B23DBFA860016AD53 /* ieee80211_node.c */; };
		02C2288923DBFA870016AD53 /* ieee80211_pae_output.c in Sources */ = {isa = PBXBuildFile; fileRef = 02C2286C23DBFA860016AD53 /* ieee80211_pae_output.c */; };
		02C2288A23DBFA870016AD53 /* ieee80211_var.h in Headers */ = {isa = PBXBuildFile; fileRef = 02C2286D23DBFA860016AD53 /* ieee80211_var.h */; };
		02CEFCDB23D45C1200B620E6 /* iwlwifi-Qu-c0-jf-b0-48.ucode in Resources */ = {isa = PBXBuildFile; fileRef = 02CEFCD323D45C1000B620E6 /* iwlwifi-Qu-c0-jf-b0-48.ucode */; };
		02CEFCDC23D45C1200B620E6 /* iwlwifi-cc-a0-48.ucode in Resources */ = {isa = PBXBuildFile; fileRef = 02CEFCD423D45C1000B620E6 /* iwlwifi-cc-a0-48.ucode */; };
		02CEFCDD23D45C1200B620E6 /* iwlwifi-QuZ-a0-jf-b0-48.ucode in Resources */ = {isa = PBXBuildFile; fileRef = 02CEFCD523D45C1100B620E6 /* iwlwifi-QuZ-a0-jf-b0-48.ucode */; };
		02CEFCDE23D45C1200B620E6 /* iwlwifi-QuZ-a0-hr-b0-48.ucode in Resources */ = {isa = PBXBuildFile; fileRef = 02CEFCD623D45C1100B620E6 /* iwlwifi-QuZ-a0-hr-b0-48.ucode */; };
		02CEFCDF23D45C1200B620E6 /* iwlwifi-Qu-c0-hr-b0-48.ucode in Resources */ = {isa = PBXBuildFile; fileRef = 02CEFCD723D45C1100B620E6 /* iwlwifi-Qu-c0-hr-b0-48.ucode */; };
		02CEFCE123D45C1200B620E6 /* iwlwifi-Qu-b0-jf-b0-48.ucode in Resources */ = {isa = PBXBuildFile; fileRef = 02CEFCD923D45C1100B620E6 /* iwlwifi-Qu-b0-jf-b0-48.ucode */; };
		02CEFCE223D45C1200B620E6 /* iwlwifi-Qu-b0-hr-b0-48.ucode in Resources */ = {isa = PBXBuildFile; fileRef = 02CEFCDA23D45C1200B620E6 /* iwlwifi-Qu-b0-hr-b0-48.ucode */; };
		02CEFCE523D5F09600B620E6 /* IWLUcodeParse.cpp in Sources */ = {isa = PBXBuildFile; fileRef = 02CEFCE323D5F09600B620E6 /* IWLUcodeParse.cpp */; };
		02CEFCE623D5F09600B620E6 /* IWLUcodeParse.hpp in Headers */ = {isa = PBXBuildFile; fileRef = 02CEFCE423D5F09600B620E6 /* IWLUcodeParse.hpp */; };
		02CEFD5C23D7DE8E00B620E6 /* poly1305.h in Headers */ = {isa = PBXBuildFile; fileRef = 02CEFD2723D7DE8000B620E6 /* poly1305.h */; };
		02CEFD5D23D7DE8E00B620E6 /* cmac.h in Headers */ = {isa = PBXBuildFile; fileRef = 02CEFD2823D7DE8000B620E6 /* cmac.h */; };
		02CEFD5E23D7DE8E00B620E6 /* podd.h in Headers */ = {isa = PBXBuildFile; fileRef = 02CEFD2923D7DE8000B620E6 /* podd.h */; };
		02CEFD5F23D7DE8E00B620E6 /* rmd160.h in Headers */ = {isa = PBXBuildFile; fileRef = 02CEFD2A23D7DE8100B620E6 /* rmd160.h */; };
		02CEFD6023D7DE8E00B620E6 /* cmac.c in Sources */ = {isa = PBXBuildFile; fileRef = 02CEFD2B23D7DE8100B620E6 /* cmac.c */; };
		02CEFD6123D7DE8E00B620E6 /* ecb_enc.c in Sources */ = {isa = PBXBuildFile; fileRef = 02CEFD2C23D7DE8100B620E6 /* ecb_enc.c */; };
		02CEFD6223D7DE8E00B620E6 /* arc4.h in Headers */ = {isa = PBXBuildFile; fileRef = 02CEFD2D23D7DE8100B620E6 /* arc4.h */; };
		02CEFD6423D7DE8E00B620E6 /* sk.h in Headers */ = {isa = PBXBuildFile; fileRef = 02CEFD2F23D7DE8200B620E6 /* sk.h */; };
		02CEFD6623D7DE8E00B620E6 /* sha1.c in Sources */ = {isa = PBXBuildFile; fileRef = 02CEFD3123D7DE8200B620E6 /* sha1.c */; };
		02CEFD6723D7DE8E00B620E6 /* spr.h in Headers */ = {isa = PBXBuildFile; fileRef = 02CEFD3223D7DE8200B620E6 /* spr.h */; };
		02CEFD6823D7DE8E00B620E6 /* michael.h in Headers */ = {isa = PBXBuildFile; fileRef = 02CEFD3323D7DE8300B620E6 /* michael.h */; };
		02CEFD6923D7DE8E00B620E6 /* ecb3_enc.c in Sources */ = {isa = PBXBuildFile; fileRef = 02CEFD3423D7DE8300B620E6 /* ecb3_enc.c */; };
		02CEFD6A23D7DE8E00B620E6 /* michael.c in Sources */ = {isa = PBXBuildFile; fileRef = 02CEFD3523D7DE8300B620E6 /* michael.c */; };
		02CEFD6B23D7DE8E00B620E6 /* aes.c in Sources */ = {isa = PBXBuildFile; fileRef = 02CEFD3623D7DE8300B620E6 /* aes.c */; };
		02CEFD6C23D7DE8E00B620E6 /* key_wrap.c in Sources */ = {isa = PBXBuildFile; fileRef = 02CEFD3723D7DE8300B620E6 /* key_wrap.c */; };
		02CEFD6D23D7DE8E00B620E6 /* idgen.h in Headers */ = {isa = PBXBuildFile; fileRef = 02CEFD3823D7DE8400B620E6 /* idgen.h */; };
		02CEFD6E23D7DE8E00B620E6 /* poly1305.c in Sources */ = {isa = PBXBuildFile; fileRef = 02CEFD3923D7DE8400B620E6 /* poly1305.c */; };
		02CEFD6F23D7DE8E00B620E6 /* key_wrap.h in Headers */ = {isa = PBXBuildFile; fileRef = 02CEFD3A23D7DE8400B620E6 /* key_wrap.h */; };
		02CEFD7023D7DE8E00B620E6 /* cast.h in Headers */ = {isa = PBXBuildFile; fileRef = 02CEFD3B23D7DE8400B620E6 /* cast.h */; };
		02CEFD7223D7DE8E00B620E6 /* md5.h in Headers */ = {isa = PBXBuildFile; fileRef = 02CEFD3D23D7DE8500B620E6 /* md5.h */; };
		02CEFD7323D7DE8E00B620E6 /* hmac.h in Headers */ = {isa = PBXBuildFile; fileRef = 02CEFD3E23D7DE8500B620E6 /* hmac.h */; };
		02CEFD7423D7DE8E00B620E6 /* md5.c in Sources */ = {isa = PBXBuildFile; fileRef = 02CEFD3F23D7DE8600B620E6 /* md5.c */; };
		02CEFD7523D7DE8E00B620E6 /* chachapoly.c in Sources */ = {isa = PBXBuildFile; fileRef = 02CEFD4023D7DE8600B620E6 /* chachapoly.c */; };
		02CEFD7623D7DE8E00B620E6 /* castsb.h in Headers */ = {isa = PBXBuildFile; fileRef = 02CEFD4123D7DE8600B620E6 /* castsb.h */; };
		02CEFD7823D7DE8E00B620E6 /* sha2.c in Sources */ = {isa = PBXBuildFile; fileRef = 02CEFD4323D7DE8700B620E6 /* sha2.c */; };
		02CEFD7923D7DE8E00B620E6 /* rijndael.c in Sources */ = {isa = PBXBuildFile; fileRef = 02CEFD4423D7DE8700B620E6 /* rijndael.c */; };
		02CEFD7A23D7DE8E00B620E6 /* chacha_private.h in Headers */ = {isa = PBXBuildFile; fileRef = 02CEFD4523D7DE8700B620E6 /* chacha_private.h */; };
		02CEFD7B23D7DE8E00B620E6 /* cryptodev.h in Headers */ = {isa = PBXBuildFile; fileRef = 02CEFD4623D7DE8800B620E6 /* cryptodev.h */; };
		02CEFD7C23D7DE8E00B620E6 /* rmd160.c in Sources */ = {isa = PBXBuildFile; fileRef = 02CEFD4723D7DE8800B620E6 /* rmd160.c */; };
		02CEFD7D23D7DE8E00B620E6 /* chachapoly.h in Headers */ = {isa = PBXBuildFile; fileRef = 02CEFD4823D7DE8800B620E6 /* chachapoly.h */; };
		02CEFD7E23D7DE8E00B620E6 /* aes.h in Headers */ = {isa = PBXBuildFile; fileRef = 02CEFD4923D7DE8800B620E6 /* aes.h */; };
		02CEFD7F23D7DE8E00B620E6 /* hmac.c in Sources */ = {isa = PBXBuildFile; fileRef = 02CEFD4A23D7DE8800B620E6 /* hmac.c */; };
		02CEFD8023D7DE8E00B620E6 /* blf.c in Sources */ = {isa = PBXBuildFile; fileRef = 02CEFD4B23D7DE8900B620E6 /* blf.c */; };
		02CEFD8123D7DE8E00B620E6 /* cast.c in Sources */ = {isa = PBXBuildFile; fileRef = 02CEFD4C23D7DE8900B620E6 /* cast.c */; };
		02CEFD8223D7DE8E00B620E6 /* set_key.c in Sources */ = {isa = PBXBuildFile; fileRef = 02CEFD4D23D7DE8A00B620E6 /* set_key.c */; };
		02CEFD8323D7DE8E00B620E6 /* rijndael.h in Headers */ = {isa = PBXBuildFile; fileRef = 02CEFD4E23D7DE8A00B620E6 /* rijndael.h */; };
		02CEFD8423D7DE8E00B620E6 /* sha1.h in Headers */ = {isa = PBXBuildFile; fileRef = 02CEFD4F23D7DE8A00B620E6 /* sha1.h */; };
		02CEFD8523D7DE8E00B620E6 /* sha2.h in Headers */ = {isa = PBXBuildFile; fileRef = 02CEFD5023D7DE8A00B620E6 /* sha2.h */; };
		02CEFD8623D7DE8E00B620E6 /* blf.h in Headers */ = {isa = PBXBuildFile; fileRef = 02CEFD5123D7DE8A00B620E6 /* blf.h */; };
		02CEFD8A23D7DE8E00B620E6 /* des_locl.h in Headers */ = {isa = PBXBuildFile; fileRef = 02CEFD5523D7DE8C00B620E6 /* des_locl.h */; };
		02CEFD8B23D7DE8E00B620E6 /* idgen.c in Sources */ = {isa = PBXBuildFile; fileRef = 02CEFD5623D7DE8C00B620E6 /* idgen.c */; };
		02CEFD8E23D7DE8E00B620E6 /* arc4.c in Sources */ = {isa = PBXBuildFile; fileRef = 02CEFD5923D7DE8D00B620E6 /* arc4.c */; };
		02CEFD9B23D7E24B00B620E6 /* timeout.h in Headers */ = {isa = PBXBuildFile; fileRef = 02CEFD9A23D7E24B00B620E6 /* timeout.h */; };
		02CEFD9D23D7E2F700B620E6 /* tree.h in Headers */ = {isa = PBXBuildFile; fileRef = 02CEFD9C23D7E2F700B620E6 /* tree.h */; };
		02CEFD9F23D7E30900B620E6 /* _null.h in Headers */ = {isa = PBXBuildFile; fileRef = 02CEFD9E23D7E30800B620E6 /* _null.h */; };
		02CEFDB223D835B500B620E6 /* gmac.c in Sources */ = {isa = PBXBuildFile; fileRef = 02CEFDB023D835B400B620E6 /* gmac.c */; };
		02CEFDB323D835B500B620E6 /* gmac.h in Headers */ = {isa = PBXBuildFile; fileRef = 02CEFDB123D835B500B620E6 /* gmac.h */; };
		02DCDEEA23C334DD00997FA0 /* IWLTransport.cpp in Sources */ = {isa = PBXBuildFile; fileRef = 02DCDEE823C334DD00997FA0 /* IWLTransport.cpp */; };
		02DCDEEB23C334DD00997FA0 /* IWLTransport.hpp in Headers */ = {isa = PBXBuildFile; fileRef = 02DCDEE923C334DD00997FA0 /* IWLTransport.hpp */; };
		02E38D0A23E26E7200264FA9 /* _string.c in Sources */ = {isa = PBXBuildFile; fileRef = 02E38D0923E26CB500264FA9 /* _string.c */; };
		02E38D0D23E2EA0A00264FA9 /* timeout.c in Sources */ = {isa = PBXBuildFile; fileRef = 02E38D0C23E2E89A00264FA9 /* timeout.c */; };
		02E38D0F23E2EC5800264FA9 /* CTimeout.cpp in Sources */ = {isa = PBXBuildFile; fileRef = 02E38D0E23E2EC5800264FA9 /* CTimeout.cpp */; };
		685D176023FE242700E54345 /* iwlwifi-8265-36.ucode in Resources */ = {isa = PBXBuildFile; fileRef = 685D175F23FE242600E54345 /* iwlwifi-8265-36.ucode */; };
		685D5B8823FDF12B00C8C041 /* IWLMvmPhy.cpp in Sources */ = {isa = PBXBuildFile; fileRef = 685D5B8623FDF12B00C8C041 /* IWLMvmPhy.cpp */; };
		685D5B8923FDF12B00C8C041 /* IWLMvmPhy.hpp in Headers */ = {isa = PBXBuildFile; fileRef = 685D5B8723FDF12B00C8C041 /* IWLMvmPhy.hpp */; };
		68604F1823F5F44B0066F562 /* iwlwifi-8265-34.ucode in Resources */ = {isa = PBXBuildFile; fileRef = 68651D6F23F5EE6900A39FAD /* iwlwifi-8265-34.ucode */; };
		6860E55023F6349C0041CD2D /* TransHdr.h in Headers */ = {isa = PBXBuildFile; fileRef = 02577D7923EE70D3003FF602 /* TransHdr.h */; };
		686162A223FDDA290023A4D2 /* IWLMvmSmartFifo.cpp in Sources */ = {isa = PBXBuildFile; fileRef = 686162A023FDDA290023A4D2 /* IWLMvmSmartFifo.cpp */; };
		686162A323FDDA290023A4D2 /* IWLMvmSmartFifo.hpp in Headers */ = {isa = PBXBuildFile; fileRef = 686162A123FDDA290023A4D2 /* IWLMvmSmartFifo.hpp */; };
		686162A623FDE74E0023A4D2 /* IWLMvmScan.cpp in Sources */ = {isa = PBXBuildFile; fileRef = 686162A423FDE74E0023A4D2 /* IWLMvmScan.cpp */; };
		686162A723FDE74E0023A4D2 /* IWLMvmScan.hpp in Headers */ = {isa = PBXBuildFile; fileRef = 686162A523FDE74E0023A4D2 /* IWLMvmScan.hpp */; };
		686162AA23FDE7670023A4D2 /* IWLMvmSta.cpp in Sources */ = {isa = PBXBuildFile; fileRef = 686162A823FDE7670023A4D2 /* IWLMvmSta.cpp */; };
		686162AB23FDE7670023A4D2 /* IWLMvmSta.hpp in Headers */ = {isa = PBXBuildFile; fileRef = 686162A923FDE7670023A4D2 /* IWLMvmSta.hpp */; };
		6868731B23FA49ED001C7DEA /* HackIONetworkInterface.h in Headers */ = {isa = PBXBuildFile; fileRef = 6868731923FA49ED001C7DEA /* HackIONetworkInterface.h */; };
		6868731C23FA49ED001C7DEA /* HackIOEthernetInterface.h in Headers */ = {isa = PBXBuildFile; fileRef = 6868731A23FA49ED001C7DEA /* HackIOEthernetInterface.h */; };
		6868731E23FA4AB4001C7DEA /* IWLSCD.h in Headers */ = {isa = PBXBuildFile; fileRef = 6868731D23FA4AB4001C7DEA /* IWLSCD.h */; };
		686F711023F4BE51008A0E88 /* IWLTransOps.h in Headers */ = {isa = PBXBuildFile; fileRef = 024DDD4B23CC7965002716C8 /* IWLTransOps.h */; };
		686F711123F4BE58008A0E88 /* IWLFH.h in Headers */ = {isa = PBXBuildFile; fileRef = 02CEFCD223D4595E00B620E6 /* IWLFH.h */; };
		686F711223F4BE60008A0E88 /* IWLConstants.h in Headers */ = {isa = PBXBuildFile; fileRef = 02577D7A23EE7A9F003FF602 /* IWLConstants.h */; };
		686F711323F4BE60008A0E88 /* IWLDebug.h in Headers */ = {isa = PBXBuildFile; fileRef = 02DCDEE723C329C400997FA0 /* IWLDebug.h */; };
		686F711423F4BE60008A0E88 /* IWLeeprom.h in Headers */ = {isa = PBXBuildFile; fileRef = 0257B9A623E5AC2F005013A0 /* IWLeeprom.h */; };
		68E385C023F4BBA5000DADA4 /* CTimeout.hpp in Headers */ = {isa = PBXBuildFile; fileRef = 02E38D0B23E2E7B600264FA9 /* CTimeout.hpp */; };
		68FC255423F5C060004958FC /* HackIO80211Interface.h in Headers */ = {isa = PBXBuildFile; fileRef = 68FC255223F5C060004958FC /* HackIO80211Interface.h */; };
		68FC255523F5C060004958FC /* HackIO80211Interface.cpp in Sources */ = {isa = PBXBuildFile; fileRef = 68FC255323F5C060004958FC /* HackIO80211Interface.cpp */; };
		F85B1D4B23FF6850008105E4 /* IWLMac80211.cpp in Sources */ = {isa = PBXBuildFile; fileRef = F85B1D4A23FF6850008105E4 /* IWLMac80211.cpp */; };
		F85B1D4D23FF6D87008105E4 /* IWMHdr.h in Headers */ = {isa = PBXBuildFile; fileRef = F85B1D4C23FF6D87008105E4 /* IWMHdr.h */; };
		F8C2805B23C1FFD9000827EA /* IWLDevice.cpp in Sources */ = {isa = PBXBuildFile; fileRef = F8C2805923C1FFD9000827EA /* IWLDevice.cpp */; };
		F8C2805C23C1FFD9000827EA /* IWLDevice.hpp in Headers */ = {isa = PBXBuildFile; fileRef = F8C2805A23C1FFD9000827EA /* IWLDevice.hpp */; };
		F8C2806923C20AEA000827EA /* nl80211.h in Headers */ = {isa = PBXBuildFile; fileRef = F8C2806823C20AEA000827EA /* nl80211.h */; };
		F8C280C123C2231D000827EA /* iwlwifi-9000-pu-b0-jf-b0-46.ucode in Resources */ = {isa = PBXBuildFile; fileRef = F8C2807A23C2230D000827EA /* iwlwifi-9000-pu-b0-jf-b0-46.ucode */; };
		F8C280CC23C2231D000827EA /* iwlwifi-7260-17.ucode in Resources */ = {isa = PBXBuildFile; fileRef = F8C2808523C2230F000827EA /* iwlwifi-7260-17.ucode */; };
		F8C280CF23C2231D000827EA /* iwlwifi-8000C-36.ucode in Resources */ = {isa = PBXBuildFile; fileRef = F8C2808823C2230F000827EA /* iwlwifi-8000C-36.ucode */; };
		F8C280D323C2231D000827EA /* iwlwifi-9260-th-b0-jf-b0-46.ucode in Resources */ = {isa = PBXBuildFile; fileRef = F8C2808C23C2230F000827EA /* iwlwifi-9260-th-b0-jf-b0-46.ucode */; };
		F8C280DD23C2231D000827EA /* iwlwifi-3160-17.ucode in Resources */ = {isa = PBXBuildFile; fileRef = F8C2809623C22311000827EA /* iwlwifi-3160-17.ucode */; };
		F8C280DE23C2231D000827EA /* iwlwifi-7265-17.ucode in Resources */ = {isa = PBXBuildFile; fileRef = F8C2809723C22312000827EA /* iwlwifi-7265-17.ucode */; };
		F8C280E823C2231D000827EA /* iwlwifi-3168-29.ucode in Resources */ = {isa = PBXBuildFile; fileRef = F8C280A123C22313000827EA /* iwlwifi-3168-29.ucode */; };
/* End PBXBuildFile section */

/* Begin PBXFileReference section */
		0238D8A5235B4F4C00074654 /* IOEthernetController.h */ = {isa = PBXFileReference; lastKnownFileType = sourcecode.c.h; path = IOEthernetController.h; sourceTree = "<group>"; };
		0238D8A6235B4F6B00074654 /* IONetworkController.h */ = {isa = PBXFileReference; lastKnownFileType = sourcecode.c.h; path = IONetworkController.h; sourceTree = "<group>"; };
		02443B5623D1E9A4009C675B /* IWLMvmDriver.cpp */ = {isa = PBXFileReference; lastKnownFileType = sourcecode.cpp.cpp; path = IWLMvmDriver.cpp; sourceTree = "<group>"; };
		02443B5723D1E9A4009C675B /* IWLMvmDriver.hpp */ = {isa = PBXFileReference; lastKnownFileType = sourcecode.cpp.h; path = IWLMvmDriver.hpp; sourceTree = "<group>"; };
		02473D4123F55DB900DED29D /* HackIO80211Interface.cpp */ = {isa = PBXFileReference; fileEncoding = 4; lastKnownFileType = sourcecode.cpp.cpp; path = HackIO80211Interface.cpp; sourceTree = "<group>"; };
		02473D4223F55DB900DED29D /* HackIO80211Interface.h */ = {isa = PBXFileReference; fileEncoding = 4; lastKnownFileType = sourcecode.c.h; path = HackIO80211Interface.h; sourceTree = "<group>"; };
		0248A083235833CB00A85BA3 /* IO80211Controller.h */ = {isa = PBXFileReference; lastKnownFileType = sourcecode.c.h; path = IO80211Controller.h; sourceTree = "<group>"; };
		024ADE3A23F7A199005909F6 /* iwlwifi-7265D-27.ucode */ = {isa = PBXFileReference; lastKnownFileType = file; path = "iwlwifi-7265D-27.ucode"; sourceTree = "<group>"; };
		024DDD4B23CC7965002716C8 /* IWLTransOps.h */ = {isa = PBXFileReference; explicitFileType = sourcecode.cpp.h; path = IWLTransOps.h; sourceTree = "<group>"; };
		024DDD4C23CCA027002716C8 /* IWLIO.cpp */ = {isa = PBXFileReference; lastKnownFileType = sourcecode.cpp.cpp; path = IWLIO.cpp; sourceTree = "<group>"; };
		024DDD4D23CCA027002716C8 /* IWLIO.hpp */ = {isa = PBXFileReference; lastKnownFileType = sourcecode.cpp.h; path = IWLIO.hpp; sourceTree = "<group>"; };
		024DDD5223CCA79C002716C8 /* IWLMvmTransOpsGen2.cpp */ = {isa = PBXFileReference; lastKnownFileType = sourcecode.cpp.cpp; path = IWLMvmTransOpsGen2.cpp; sourceTree = "<group>"; };
		024DDD5323CCA79C002716C8 /* IWLMvmTransOpsGen2.hpp */ = {isa = PBXFileReference; lastKnownFileType = sourcecode.cpp.h; path = IWLMvmTransOpsGen2.hpp; sourceTree = "<group>"; };
		024DDD5623CCAD26002716C8 /* IWLMvmTransOpsGen1.cpp */ = {isa = PBXFileReference; lastKnownFileType = sourcecode.cpp.cpp; path = IWLMvmTransOpsGen1.cpp; sourceTree = "<group>"; };
		024DDD5723CCAD26002716C8 /* IWLMvmTransOpsGen1.hpp */ = {isa = PBXFileReference; lastKnownFileType = sourcecode.cpp.h; path = IWLMvmTransOpsGen1.hpp; sourceTree = "<group>"; };
		024F4C6E23DC882A00501864 /* _buf.h */ = {isa = PBXFileReference; explicitFileType = sourcecode.c.h; path = _buf.h; sourceTree = "<group>"; };
		024FC26523EAD0010056A5BE /* TransOpsCommon.cpp */ = {isa = PBXFileReference; lastKnownFileType = sourcecode.cpp.cpp; path = TransOpsCommon.cpp; sourceTree = "<group>"; };
		0252C5D623EBB7C0001975DB /* IWLInternal.cpp */ = {isa = PBXFileReference; lastKnownFileType = sourcecode.cpp.cpp; path = IWLInternal.cpp; sourceTree = "<group>"; };
		0252C5D723EBB7C0001975DB /* IWLInternal.hpp */ = {isa = PBXFileReference; lastKnownFileType = sourcecode.cpp.h; path = IWLInternal.hpp; sourceTree = "<group>"; };
		0252C5DA23EBC513001975DB /* Mvm.h */ = {isa = PBXFileReference; lastKnownFileType = sourcecode.c.h; path = Mvm.h; sourceTree = "<group>"; };
		0252C5DB23EC00CA001975DB /* IWLTransportRx.cpp */ = {isa = PBXFileReference; lastKnownFileType = sourcecode.cpp.cpp; path = IWLTransportRx.cpp; sourceTree = "<group>"; };
		0252C5DD23EC0B5C001975DB /* IWLTransportTx.cpp */ = {isa = PBXFileReference; lastKnownFileType = sourcecode.cpp.cpp; path = IWLTransportTx.cpp; sourceTree = "<group>"; };
		0252C5E023EC17CD001975DB /* MvmCmd.hpp */ = {isa = PBXFileReference; lastKnownFileType = sourcecode.cpp.h; path = MvmCmd.hpp; sourceTree = "<group>"; };
		0252C5E323EC1A51001975DB /* fw-api.h */ = {isa = PBXFileReference; fileEncoding = 4; lastKnownFileType = sourcecode.c.h; path = "fw-api.h"; sourceTree = "<group>"; };
		0252C62D23EC1B57001975DB /* testing.h */ = {isa = PBXFileReference; lastKnownFileType = sourcecode.c.h; path = testing.h; sourceTree = "<group>"; };
		0252C62E23EC1B57001975DB /* phy.h */ = {isa = PBXFileReference; lastKnownFileType = sourcecode.c.h; path = phy.h; sourceTree = "<group>"; };
		0252C62F23EC1B57001975DB /* power.h */ = {isa = PBXFileReference; lastKnownFileType = sourcecode.c.h; path = power.h; sourceTree = "<group>"; };
		0252C63023EC1B57001975DB /* debug.h */ = {isa = PBXFileReference; lastKnownFileType = sourcecode.c.h; path = debug.h; sourceTree = "<group>"; };
		0252C63123EC1B57001975DB /* txq.h */ = {isa = PBXFileReference; lastKnownFileType = sourcecode.c.h; path = txq.h; sourceTree = "<group>"; };
		0252C63223EC1B57001975DB /* dbg-tlv.h */ = {isa = PBXFileReference; lastKnownFileType = sourcecode.c.h; path = "dbg-tlv.h"; sourceTree = "<group>"; };
		0252C63323EC1B57001975DB /* sta.h */ = {isa = PBXFileReference; lastKnownFileType = sourcecode.c.h; path = sta.h; sourceTree = "<group>"; };
		0252C63423EC1B57001975DB /* sf.h */ = {isa = PBXFileReference; lastKnownFileType = sourcecode.c.h; path = sf.h; sourceTree = "<group>"; };
		0252C63523EC1B57001975DB /* config.h */ = {isa = PBXFileReference; lastKnownFileType = sourcecode.c.h; path = config.h; sourceTree = "<group>"; };
		0252C63623EC1B57001975DB /* cmdhdr.h */ = {isa = PBXFileReference; lastKnownFileType = sourcecode.c.h; path = cmdhdr.h; sourceTree = "<group>"; };
		0252C63723EC1B57001975DB /* soc.h */ = {isa = PBXFileReference; lastKnownFileType = sourcecode.c.h; path = soc.h; sourceTree = "<group>"; };
		0252C63823EC1B57001975DB /* nvm-reg.h */ = {isa = PBXFileReference; lastKnownFileType = sourcecode.c.h; path = "nvm-reg.h"; sourceTree = "<group>"; };
		0252C63923EC1B57001975DB /* context.h */ = {isa = PBXFileReference; lastKnownFileType = sourcecode.c.h; path = context.h; sourceTree = "<group>"; };
		0252C63A23EC1B57001975DB /* datapath.h */ = {isa = PBXFileReference; lastKnownFileType = sourcecode.c.h; path = datapath.h; sourceTree = "<group>"; };
		0252C63B23EC1B57001975DB /* commands.h */ = {isa = PBXFileReference; lastKnownFileType = sourcecode.c.h; path = commands.h; sourceTree = "<group>"; };
		0252C63C23EC1B57001975DB /* alive.h */ = {isa = PBXFileReference; lastKnownFileType = sourcecode.c.h; path = alive.h; sourceTree = "<group>"; };
		0252C63D23EC1B57001975DB /* rs.h */ = {isa = PBXFileReference; lastKnownFileType = sourcecode.c.h; path = rs.h; sourceTree = "<group>"; };
		0252C63E23EC1B57001975DB /* tx.h */ = {isa = PBXFileReference; lastKnownFileType = sourcecode.c.h; path = tx.h; sourceTree = "<group>"; };
		0252C63F23EC1B57001975DB /* mac-cfg.h */ = {isa = PBXFileReference; lastKnownFileType = sourcecode.c.h; path = "mac-cfg.h"; sourceTree = "<group>"; };
		0252C64023EC1B57001975DB /* coex.h */ = {isa = PBXFileReference; lastKnownFileType = sourcecode.c.h; path = coex.h; sourceTree = "<group>"; };
		0252C64123EC1B57001975DB /* led.h */ = {isa = PBXFileReference; lastKnownFileType = sourcecode.c.h; path = led.h; sourceTree = "<group>"; };
		0252C64223EC1B57001975DB /* nan.h */ = {isa = PBXFileReference; lastKnownFileType = sourcecode.c.h; path = nan.h; sourceTree = "<group>"; };
		0252C64323EC1B57001975DB /* d3.h */ = {isa = PBXFileReference; lastKnownFileType = sourcecode.c.h; path = d3.h; sourceTree = "<group>"; };
		0252C64423EC1B57001975DB /* rx.h */ = {isa = PBXFileReference; lastKnownFileType = sourcecode.c.h; path = rx.h; sourceTree = "<group>"; };
		0252C64523EC1B57001975DB /* paging.h */ = {isa = PBXFileReference; lastKnownFileType = sourcecode.c.h; path = paging.h; sourceTree = "<group>"; };
		0252C64623EC1B57001975DB /* location.h */ = {isa = PBXFileReference; lastKnownFileType = sourcecode.c.h; path = location.h; sourceTree = "<group>"; };
		0252C64723EC1B57001975DB /* time-event.h */ = {isa = PBXFileReference; lastKnownFileType = sourcecode.c.h; path = "time-event.h"; sourceTree = "<group>"; };
		0252C64823EC1B58001975DB /* mac.h */ = {isa = PBXFileReference; lastKnownFileType = sourcecode.c.h; path = mac.h; sourceTree = "<group>"; };
		0252C64923EC1B58001975DB /* binding.h */ = {isa = PBXFileReference; lastKnownFileType = sourcecode.c.h; path = binding.h; sourceTree = "<group>"; };
		0252C64A23EC1B58001975DB /* filter.h */ = {isa = PBXFileReference; lastKnownFileType = sourcecode.c.h; path = filter.h; sourceTree = "<group>"; };
		0252C64B23EC1B58001975DB /* stats.h */ = {isa = PBXFileReference; lastKnownFileType = sourcecode.c.h; path = stats.h; sourceTree = "<group>"; };
		0252C64C23EC1B58001975DB /* offload.h */ = {isa = PBXFileReference; lastKnownFileType = sourcecode.c.h; path = offload.h; sourceTree = "<group>"; };
		0252C64D23EC1B58001975DB /* phy-ctxt.h */ = {isa = PBXFileReference; lastKnownFileType = sourcecode.c.h; path = "phy-ctxt.h"; sourceTree = "<group>"; };
		0252C64E23EC1B58001975DB /* tdls.h */ = {isa = PBXFileReference; lastKnownFileType = sourcecode.c.h; path = tdls.h; sourceTree = "<group>"; };
		0252C64F23EC1B58001975DB /* scan.h */ = {isa = PBXFileReference; lastKnownFileType = sourcecode.c.h; path = scan.h; sourceTree = "<group>"; };
		02577D7523EE68F1003FF602 /* IWLPhyDb.cpp */ = {isa = PBXFileReference; lastKnownFileType = sourcecode.cpp.cpp; path = IWLPhyDb.cpp; sourceTree = "<group>"; };
		02577D7623EE68F1003FF602 /* IWLPhyDb.hpp */ = {isa = PBXFileReference; lastKnownFileType = sourcecode.cpp.h; path = IWLPhyDb.hpp; sourceTree = "<group>"; };
		02577D7923EE70D3003FF602 /* TransHdr.h */ = {isa = PBXFileReference; lastKnownFileType = sourcecode.c.h; path = TransHdr.h; sourceTree = "<group>"; };
		02577D7A23EE7A9F003FF602 /* IWLConstants.h */ = {isa = PBXFileReference; explicitFileType = sourcecode.cpp.h; path = IWLConstants.h; sourceTree = "<group>"; };
		02577D7B23EEA4D9003FF602 /* NotificationWait.cpp */ = {isa = PBXFileReference; lastKnownFileType = sourcecode.cpp.cpp; path = NotificationWait.cpp; sourceTree = "<group>"; };
		02577D7C23EEA4D9003FF602 /* NotificationWait.hpp */ = {isa = PBXFileReference; lastKnownFileType = sourcecode.cpp.h; path = NotificationWait.hpp; sourceTree = "<group>"; };
		02577D7F23EEBC57003FF602 /* IWLCoex.cpp */ = {isa = PBXFileReference; lastKnownFileType = sourcecode.cpp.cpp; path = IWLCoex.cpp; sourceTree = "<group>"; };
		02577D8123EEBCEF003FF602 /* IWLNvm.cpp */ = {isa = PBXFileReference; lastKnownFileType = sourcecode.cpp.cpp; path = IWLNvm.cpp; sourceTree = "<group>"; };
		02577D8323EEBD07003FF602 /* IWLFw.cpp */ = {isa = PBXFileReference; lastKnownFileType = sourcecode.cpp.cpp; path = IWLFw.cpp; sourceTree = "<group>"; };
		02577D8523EEC385003FF602 /* IWLUtils.cpp */ = {isa = PBXFileReference; lastKnownFileType = sourcecode.cpp.cpp; path = IWLUtils.cpp; sourceTree = "<group>"; };
		02577D8723EF98B6003FF602 /* IWLCtxtInfo.cpp */ = {isa = PBXFileReference; lastKnownFileType = sourcecode.cpp.cpp; path = IWLCtxtInfo.cpp; sourceTree = "<group>"; };
		02577D8823EF98B6003FF602 /* IWLCtxtInfo.hpp */ = {isa = PBXFileReference; lastKnownFileType = sourcecode.cpp.h; path = IWLCtxtInfo.hpp; sourceTree = "<group>"; };
		0257B9A423E5A7E3005013A0 /* MvmTransOps.cpp */ = {isa = PBXFileReference; lastKnownFileType = sourcecode.cpp.cpp; path = MvmTransOps.cpp; sourceTree = "<group>"; };
		0257B9A623E5AC2F005013A0 /* IWLeeprom.h */ = {isa = PBXFileReference; explicitFileType = sourcecode.cpp.h; path = IWLeeprom.h; sourceTree = "<group>"; };
		0257B9AB23E6DD2A005013A0 /* IWLNvmParser.cpp */ = {isa = PBXFileReference; lastKnownFileType = sourcecode.cpp.cpp; path = IWLNvmParser.cpp; sourceTree = "<group>"; };
		0257B9AC23E6DD2A005013A0 /* IWLNvmParser.hpp */ = {isa = PBXFileReference; lastKnownFileType = sourcecode.cpp.h; path = IWLNvmParser.hpp; sourceTree = "<group>"; };
		0264964D23E3CF4E00914BB3 /* Kernel.framework */ = {isa = PBXFileReference; lastKnownFileType = wrapper.framework; name = Kernel.framework; path = Platforms/MacOSX.platform/Developer/SDKs/MacOSX10.11.sdk/System/Library/Frameworks/Kernel.framework; sourceTree = DEVELOPER_DIR; };
		0264964F23E3CF6000914BB3 /* IOKit.framework */ = {isa = PBXFileReference; lastKnownFileType = wrapper.framework; name = IOKit.framework; path = Platforms/MacOSX.platform/Developer/SDKs/MacOSX10.11.sdk/System/Library/Frameworks/IOKit.framework; sourceTree = DEVELOPER_DIR; };
		0264965123E3CF8900914BB3 /* NetworkExtension.framework */ = {isa = PBXFileReference; lastKnownFileType = wrapper.framework; name = NetworkExtension.framework; path = Platforms/MacOSX.platform/Developer/SDKs/MacOSX10.11.sdk/System/Library/Frameworks/NetworkExtension.framework; sourceTree = DEVELOPER_DIR; };
		026C2F6F2359CA9600C832EF /* IO80211SkywalkInterface.h */ = {isa = PBXFileReference; lastKnownFileType = sourcecode.c.h; path = IO80211SkywalkInterface.h; sourceTree = "<group>"; };
		026C2F702359CB3300C832EF /* IOSkywalkEthernetInterface.h */ = {isa = PBXFileReference; lastKnownFileType = sourcecode.c.h; path = IOSkywalkEthernetInterface.h; sourceTree = "<group>"; };
		026E8CC92356F0ED000BFD46 /* AppleIntelWifiAdapterV2.kext */ = {isa = PBXFileReference; explicitFileType = wrapper.cfbundle; includeInIndex = 0; path = AppleIntelWifiAdapterV2.kext; sourceTree = BUILT_PRODUCTS_DIR; };
		026E8CCC2356F0ED000BFD46 /* AppleIntelWifiAdapterV2.hpp */ = {isa = PBXFileReference; lastKnownFileType = sourcecode.cpp.h; path = AppleIntelWifiAdapterV2.hpp; sourceTree = "<group>"; };
		026E8CCE2356F0ED000BFD46 /* AppleIntelWifiAdapterV2.cpp */ = {isa = PBXFileReference; lastKnownFileType = sourcecode.cpp.cpp; path = AppleIntelWifiAdapterV2.cpp; sourceTree = "<group>"; };
		026E8CD02356F0ED000BFD46 /* Info.plist */ = {isa = PBXFileReference; lastKnownFileType = text.plist.xml; path = Info.plist; sourceTree = "<group>"; };
		026E8CD72356F2AD000BFD46 /* apple80211_ioctl.h */ = {isa = PBXFileReference; fileEncoding = 4; lastKnownFileType = sourcecode.c.h; path = apple80211_ioctl.h; sourceTree = "<group>"; };
		026E8CD82356F2AD000BFD46 /* apple80211_wps.h */ = {isa = PBXFileReference; fileEncoding = 4; lastKnownFileType = sourcecode.c.h; path = apple80211_wps.h; sourceTree = "<group>"; };
		026E8CD92356F2AD000BFD46 /* IO80211WorkLoop.h */ = {isa = PBXFileReference; fileEncoding = 4; lastKnownFileType = sourcecode.c.h; path = IO80211WorkLoop.h; sourceTree = "<group>"; };
		026E8CDA2356F2AD000BFD46 /* apple80211_var.h */ = {isa = PBXFileReference; fileEncoding = 4; lastKnownFileType = sourcecode.c.h; path = apple80211_var.h; sourceTree = "<group>"; };
		026E8CDB2356F2AD000BFD46 /* IO80211Interface.h */ = {isa = PBXFileReference; fileEncoding = 4; lastKnownFileType = sourcecode.c.h; path = IO80211Interface.h; sourceTree = "<group>"; };
		02C2285123DBFA860016AD53 /* ieee80211_proto.c */ = {isa = PBXFileReference; explicitFileType = sourcecode.cpp.cpp; fileEncoding = 4; path = ieee80211_proto.c; sourceTree = "<group>"; };
		02C2285223DBFA860016AD53 /* ieee80211_amrr.h */ = {isa = PBXFileReference; explicitFileType = sourcecode.cpp.h; fileEncoding = 4; path = ieee80211_amrr.h; sourceTree = "<group>"; };
		02C2285323DBFA860016AD53 /* ieee80211_ioctl.c */ = {isa = PBXFileReference; explicitFileType = sourcecode.cpp.cpp; fileEncoding = 4; path = ieee80211_ioctl.c; sourceTree = "<group>"; };
		02C2285423DBFA860016AD53 /* ieee80211.c */ = {isa = PBXFileReference; explicitFileType = sourcecode.cpp.cpp; fileEncoding = 4; path = ieee80211.c; sourceTree = "<group>"; };
		02C2285523DBFA860016AD53 /* ieee80211_rssadapt.c */ = {isa = PBXFileReference; explicitFileType = sourcecode.cpp.cpp; fileEncoding = 4; path = ieee80211_rssadapt.c; sourceTree = "<group>"; };
		02C2285623DBFA860016AD53 /* ieee80211_input.c */ = {isa = PBXFileReference; explicitFileType = sourcecode.cpp.cpp; fileEncoding = 4; path = ieee80211_input.c; sourceTree = "<group>"; };
		02C2285723DBFA860016AD53 /* ieee80211_node.h */ = {isa = PBXFileReference; explicitFileType = sourcecode.cpp.h; fileEncoding = 4; path = ieee80211_node.h; sourceTree = "<group>"; };
		02C2285823DBFA860016AD53 /* ieee80211_regdomain.h */ = {isa = PBXFileReference; explicitFileType = sourcecode.cpp.h; fileEncoding = 4; path = ieee80211_regdomain.h; sourceTree = "<group>"; };
		02C2285923DBFA860016AD53 /* ieee80211_mira.c */ = {isa = PBXFileReference; explicitFileType = sourcecode.cpp.cpp; fileEncoding = 4; path = ieee80211_mira.c; sourceTree = "<group>"; };
		02C2285A23DBFA860016AD53 /* ieee80211_crypto.h */ = {isa = PBXFileReference; explicitFileType = sourcecode.cpp.h; fileEncoding = 4; path = ieee80211_crypto.h; sourceTree = "<group>"; };
		02C2285B23DBFA860016AD53 /* ieee80211_crypto_bip.c */ = {isa = PBXFileReference; explicitFileType = sourcecode.cpp.cpp; fileEncoding = 4; path = ieee80211_crypto_bip.c; sourceTree = "<group>"; };
		02C2285C23DBFA860016AD53 /* ieee80211_crypto_tkip.c */ = {isa = PBXFileReference; explicitFileType = sourcecode.cpp.cpp; fileEncoding = 4; path = ieee80211_crypto_tkip.c; sourceTree = "<group>"; };
		02C2285D23DBFA860016AD53 /* ieee80211_crypto_ccmp.c */ = {isa = PBXFileReference; explicitFileType = sourcecode.cpp.cpp; fileEncoding = 4; path = ieee80211_crypto_ccmp.c; sourceTree = "<group>"; };
		02C2285E23DBFA860016AD53 /* ieee80211_pae_input.c */ = {isa = PBXFileReference; explicitFileType = sourcecode.cpp.cpp; fileEncoding = 4; path = ieee80211_pae_input.c; sourceTree = "<group>"; };
		02C2285F23DBFA860016AD53 /* ieee80211_radiotap.h */ = {isa = PBXFileReference; explicitFileType = sourcecode.cpp.h; fileEncoding = 4; path = ieee80211_radiotap.h; sourceTree = "<group>"; };
		02C2286023DBFA860016AD53 /* ieee80211_amrr.c */ = {isa = PBXFileReference; explicitFileType = sourcecode.cpp.cpp; fileEncoding = 4; path = ieee80211_amrr.c; sourceTree = "<group>"; };
		02C2286123DBFA860016AD53 /* ieee80211_proto.h */ = {isa = PBXFileReference; explicitFileType = sourcecode.cpp.h; fileEncoding = 4; path = ieee80211_proto.h; sourceTree = "<group>"; };
		02C2286223DBFA860016AD53 /* ieee80211_rssadapt.h */ = {isa = PBXFileReference; explicitFileType = sourcecode.cpp.h; fileEncoding = 4; path = ieee80211_rssadapt.h; sourceTree = "<group>"; };
		02C2286323DBFA860016AD53 /* ieee80211.h */ = {isa = PBXFileReference; explicitFileType = sourcecode.cpp.h; fileEncoding = 4; path = ieee80211.h; sourceTree = "<group>"; };
		02C2286423DBFA860016AD53 /* ieee80211_priv.h */ = {isa = PBXFileReference; explicitFileType = sourcecode.cpp.h; fileEncoding = 4; path = ieee80211_priv.h; sourceTree = "<group>"; };
		02C2286523DBFA860016AD53 /* ieee80211_ioctl.h */ = {isa = PBXFileReference; explicitFileType = sourcecode.cpp.h; fileEncoding = 4; path = ieee80211_ioctl.h; sourceTree = "<group>"; };
		02C2286623DBFA860016AD53 /* ieee80211_crypto_wep.c */ = {isa = PBXFileReference; explicitFileType = sourcecode.cpp.cpp; fileEncoding = 4; path = ieee80211_crypto_wep.c; sourceTree = "<group>"; };
		02C2286723DBFA860016AD53 /* ieee80211_output.c */ = {isa = PBXFileReference; explicitFileType = sourcecode.cpp.cpp; fileEncoding = 4; path = ieee80211_output.c; sourceTree = "<group>"; };
		02C2286823DBFA860016AD53 /* ieee80211_crypto.c */ = {isa = PBXFileReference; explicitFileType = sourcecode.cpp.cpp; fileEncoding = 4; path = ieee80211_crypto.c; sourceTree = "<group>"; };
		02C2286923DBFA860016AD53 /* ieee80211_mira.h */ = {isa = PBXFileReference; explicitFileType = sourcecode.cpp.h; fileEncoding = 4; path = ieee80211_mira.h; sourceTree = "<group>"; };
		02C2286A23DBFA860016AD53 /* ieee80211_regdomain.c */ = {isa = PBXFileReference; explicitFileType = sourcecode.cpp.cpp; fileEncoding = 4; path = ieee80211_regdomain.c; sourceTree = "<group>"; };
		02C2286B23DBFA860016AD53 /* ieee80211_node.c */ = {isa = PBXFileReference; explicitFileType = sourcecode.cpp.cpp; fileEncoding = 4; path = ieee80211_node.c; sourceTree = "<group>"; };
		02C2286C23DBFA860016AD53 /* ieee80211_pae_output.c */ = {isa = PBXFileReference; explicitFileType = sourcecode.cpp.cpp; fileEncoding = 4; path = ieee80211_pae_output.c; sourceTree = "<group>"; };
		02C2286D23DBFA860016AD53 /* ieee80211_var.h */ = {isa = PBXFileReference; explicitFileType = sourcecode.cpp.h; fileEncoding = 4; path = ieee80211_var.h; sourceTree = "<group>"; };
		02CEFCD223D4595E00B620E6 /* IWLFH.h */ = {isa = PBXFileReference; explicitFileType = sourcecode.cpp.h; path = IWLFH.h; sourceTree = "<group>"; };
		02CEFCD323D45C1000B620E6 /* iwlwifi-Qu-c0-jf-b0-48.ucode */ = {isa = PBXFileReference; lastKnownFileType = file; path = "iwlwifi-Qu-c0-jf-b0-48.ucode"; sourceTree = "<group>"; };
		02CEFCD423D45C1000B620E6 /* iwlwifi-cc-a0-48.ucode */ = {isa = PBXFileReference; lastKnownFileType = file; path = "iwlwifi-cc-a0-48.ucode"; sourceTree = "<group>"; };
		02CEFCD523D45C1100B620E6 /* iwlwifi-QuZ-a0-jf-b0-48.ucode */ = {isa = PBXFileReference; lastKnownFileType = file; path = "iwlwifi-QuZ-a0-jf-b0-48.ucode"; sourceTree = "<group>"; };
		02CEFCD623D45C1100B620E6 /* iwlwifi-QuZ-a0-hr-b0-48.ucode */ = {isa = PBXFileReference; lastKnownFileType = file; path = "iwlwifi-QuZ-a0-hr-b0-48.ucode"; sourceTree = "<group>"; };
		02CEFCD723D45C1100B620E6 /* iwlwifi-Qu-c0-hr-b0-48.ucode */ = {isa = PBXFileReference; lastKnownFileType = file; path = "iwlwifi-Qu-c0-hr-b0-48.ucode"; sourceTree = "<group>"; };
		02CEFCD923D45C1100B620E6 /* iwlwifi-Qu-b0-jf-b0-48.ucode */ = {isa = PBXFileReference; lastKnownFileType = file; path = "iwlwifi-Qu-b0-jf-b0-48.ucode"; sourceTree = "<group>"; };
		02CEFCDA23D45C1200B620E6 /* iwlwifi-Qu-b0-hr-b0-48.ucode */ = {isa = PBXFileReference; lastKnownFileType = file; path = "iwlwifi-Qu-b0-hr-b0-48.ucode"; sourceTree = "<group>"; };
		02CEFCE323D5F09600B620E6 /* IWLUcodeParse.cpp */ = {isa = PBXFileReference; lastKnownFileType = sourcecode.cpp.cpp; path = IWLUcodeParse.cpp; sourceTree = "<group>"; };
		02CEFCE423D5F09600B620E6 /* IWLUcodeParse.hpp */ = {isa = PBXFileReference; lastKnownFileType = sourcecode.cpp.h; path = IWLUcodeParse.hpp; sourceTree = "<group>"; };
		02CEFCE723D68DD400B620E6 /* FWImg.h */ = {isa = PBXFileReference; lastKnownFileType = sourcecode.c.h; path = FWImg.h; sourceTree = "<group>"; };
		02CEFD2723D7DE8000B620E6 /* poly1305.h */ = {isa = PBXFileReference; explicitFileType = sourcecode.cpp.h; fileEncoding = 4; path = poly1305.h; sourceTree = "<group>"; };
		02CEFD2823D7DE8000B620E6 /* cmac.h */ = {isa = PBXFileReference; explicitFileType = sourcecode.cpp.h; fileEncoding = 4; path = cmac.h; sourceTree = "<group>"; };
		02CEFD2923D7DE8000B620E6 /* podd.h */ = {isa = PBXFileReference; explicitFileType = sourcecode.cpp.h; fileEncoding = 4; path = podd.h; sourceTree = "<group>"; };
		02CEFD2A23D7DE8100B620E6 /* rmd160.h */ = {isa = PBXFileReference; explicitFileType = sourcecode.cpp.h; fileEncoding = 4; path = rmd160.h; sourceTree = "<group>"; };
		02CEFD2B23D7DE8100B620E6 /* cmac.c */ = {isa = PBXFileReference; explicitFileType = sourcecode.cpp.cpp; fileEncoding = 4; path = cmac.c; sourceTree = "<group>"; };
		02CEFD2C23D7DE8100B620E6 /* ecb_enc.c */ = {isa = PBXFileReference; explicitFileType = sourcecode.cpp.cpp; fileEncoding = 4; path = ecb_enc.c; sourceTree = "<group>"; };
		02CEFD2D23D7DE8100B620E6 /* arc4.h */ = {isa = PBXFileReference; explicitFileType = sourcecode.cpp.h; fileEncoding = 4; path = arc4.h; sourceTree = "<group>"; };
		02CEFD2F23D7DE8200B620E6 /* sk.h */ = {isa = PBXFileReference; explicitFileType = sourcecode.cpp.h; fileEncoding = 4; path = sk.h; sourceTree = "<group>"; };
		02CEFD3123D7DE8200B620E6 /* sha1.c */ = {isa = PBXFileReference; explicitFileType = sourcecode.cpp.cpp; fileEncoding = 4; path = sha1.c; sourceTree = "<group>"; };
		02CEFD3223D7DE8200B620E6 /* spr.h */ = {isa = PBXFileReference; explicitFileType = sourcecode.cpp.h; fileEncoding = 4; path = spr.h; sourceTree = "<group>"; };
		02CEFD3323D7DE8300B620E6 /* michael.h */ = {isa = PBXFileReference; explicitFileType = sourcecode.cpp.h; fileEncoding = 4; path = michael.h; sourceTree = "<group>"; };
		02CEFD3423D7DE8300B620E6 /* ecb3_enc.c */ = {isa = PBXFileReference; explicitFileType = sourcecode.cpp.cpp; fileEncoding = 4; path = ecb3_enc.c; sourceTree = "<group>"; };
		02CEFD3523D7DE8300B620E6 /* michael.c */ = {isa = PBXFileReference; explicitFileType = sourcecode.cpp.cpp; fileEncoding = 4; path = michael.c; sourceTree = "<group>"; };
		02CEFD3623D7DE8300B620E6 /* aes.c */ = {isa = PBXFileReference; explicitFileType = sourcecode.cpp.cpp; fileEncoding = 4; path = aes.c; sourceTree = "<group>"; };
		02CEFD3723D7DE8300B620E6 /* key_wrap.c */ = {isa = PBXFileReference; explicitFileType = sourcecode.cpp.cpp; fileEncoding = 4; path = key_wrap.c; sourceTree = "<group>"; };
		02CEFD3823D7DE8400B620E6 /* idgen.h */ = {isa = PBXFileReference; explicitFileType = sourcecode.cpp.h; fileEncoding = 4; path = idgen.h; sourceTree = "<group>"; };
		02CEFD3923D7DE8400B620E6 /* poly1305.c */ = {isa = PBXFileReference; explicitFileType = sourcecode.cpp.cpp; fileEncoding = 4; path = poly1305.c; sourceTree = "<group>"; };
		02CEFD3A23D7DE8400B620E6 /* key_wrap.h */ = {isa = PBXFileReference; explicitFileType = sourcecode.cpp.h; fileEncoding = 4; path = key_wrap.h; sourceTree = "<group>"; };
		02CEFD3B23D7DE8400B620E6 /* cast.h */ = {isa = PBXFileReference; explicitFileType = sourcecode.cpp.h; fileEncoding = 4; path = cast.h; sourceTree = "<group>"; };
		02CEFD3D23D7DE8500B620E6 /* md5.h */ = {isa = PBXFileReference; explicitFileType = sourcecode.cpp.h; fileEncoding = 4; path = md5.h; sourceTree = "<group>"; };
		02CEFD3E23D7DE8500B620E6 /* hmac.h */ = {isa = PBXFileReference; explicitFileType = sourcecode.cpp.h; fileEncoding = 4; path = hmac.h; sourceTree = "<group>"; };
		02CEFD3F23D7DE8600B620E6 /* md5.c */ = {isa = PBXFileReference; explicitFileType = sourcecode.cpp.cpp; fileEncoding = 4; path = md5.c; sourceTree = "<group>"; };
		02CEFD4023D7DE8600B620E6 /* chachapoly.c */ = {isa = PBXFileReference; explicitFileType = sourcecode.cpp.cpp; fileEncoding = 4; path = chachapoly.c; sourceTree = "<group>"; };
		02CEFD4123D7DE8600B620E6 /* castsb.h */ = {isa = PBXFileReference; explicitFileType = sourcecode.cpp.h; fileEncoding = 4; path = castsb.h; sourceTree = "<group>"; };
		02CEFD4323D7DE8700B620E6 /* sha2.c */ = {isa = PBXFileReference; explicitFileType = sourcecode.cpp.cpp; fileEncoding = 4; path = sha2.c; sourceTree = "<group>"; };
		02CEFD4423D7DE8700B620E6 /* rijndael.c */ = {isa = PBXFileReference; explicitFileType = sourcecode.cpp.cpp; fileEncoding = 4; path = rijndael.c; sourceTree = "<group>"; };
		02CEFD4523D7DE8700B620E6 /* chacha_private.h */ = {isa = PBXFileReference; explicitFileType = sourcecode.cpp.h; fileEncoding = 4; path = chacha_private.h; sourceTree = "<group>"; };
		02CEFD4623D7DE8800B620E6 /* cryptodev.h */ = {isa = PBXFileReference; explicitFileType = sourcecode.cpp.h; fileEncoding = 4; path = cryptodev.h; sourceTree = "<group>"; };
		02CEFD4723D7DE8800B620E6 /* rmd160.c */ = {isa = PBXFileReference; explicitFileType = sourcecode.cpp.cpp; fileEncoding = 4; path = rmd160.c; sourceTree = "<group>"; };
		02CEFD4823D7DE8800B620E6 /* chachapoly.h */ = {isa = PBXFileReference; explicitFileType = sourcecode.cpp.h; fileEncoding = 4; path = chachapoly.h; sourceTree = "<group>"; };
		02CEFD4923D7DE8800B620E6 /* aes.h */ = {isa = PBXFileReference; explicitFileType = sourcecode.cpp.h; fileEncoding = 4; path = aes.h; sourceTree = "<group>"; };
		02CEFD4A23D7DE8800B620E6 /* hmac.c */ = {isa = PBXFileReference; explicitFileType = sourcecode.cpp.cpp; fileEncoding = 4; path = hmac.c; sourceTree = "<group>"; };
		02CEFD4B23D7DE8900B620E6 /* blf.c */ = {isa = PBXFileReference; explicitFileType = sourcecode.cpp.cpp; fileEncoding = 4; path = blf.c; sourceTree = "<group>"; };
		02CEFD4C23D7DE8900B620E6 /* cast.c */ = {isa = PBXFileReference; explicitFileType = sourcecode.cpp.cpp; fileEncoding = 4; path = cast.c; sourceTree = "<group>"; };
		02CEFD4D23D7DE8A00B620E6 /* set_key.c */ = {isa = PBXFileReference; explicitFileType = sourcecode.cpp.cpp; fileEncoding = 4; path = set_key.c; sourceTree = "<group>"; };
		02CEFD4E23D7DE8A00B620E6 /* rijndael.h */ = {isa = PBXFileReference; explicitFileType = sourcecode.cpp.h; fileEncoding = 4; path = rijndael.h; sourceTree = "<group>"; };
		02CEFD4F23D7DE8A00B620E6 /* sha1.h */ = {isa = PBXFileReference; explicitFileType = sourcecode.cpp.h; fileEncoding = 4; path = sha1.h; sourceTree = "<group>"; };
		02CEFD5023D7DE8A00B620E6 /* sha2.h */ = {isa = PBXFileReference; explicitFileType = sourcecode.cpp.h; fileEncoding = 4; path = sha2.h; sourceTree = "<group>"; };
		02CEFD5123D7DE8A00B620E6 /* blf.h */ = {isa = PBXFileReference; explicitFileType = sourcecode.cpp.h; fileEncoding = 4; path = blf.h; sourceTree = "<group>"; };
		02CEFD5523D7DE8C00B620E6 /* des_locl.h */ = {isa = PBXFileReference; explicitFileType = sourcecode.cpp.h; fileEncoding = 4; path = des_locl.h; sourceTree = "<group>"; };
		02CEFD5623D7DE8C00B620E6 /* idgen.c */ = {isa = PBXFileReference; explicitFileType = sourcecode.cpp.cpp; fileEncoding = 4; path = idgen.c; sourceTree = "<group>"; };
		02CEFD5923D7DE8D00B620E6 /* arc4.c */ = {isa = PBXFileReference; explicitFileType = sourcecode.cpp.cpp; fileEncoding = 4; path = arc4.c; sourceTree = "<group>"; };
		02CEFD9123D7DEFE00B620E6 /* endian.h */ = {isa = PBXFileReference; explicitFileType = sourcecode.c.h; path = endian.h; sourceTree = "<group>"; };
		02CEFD9A23D7E24B00B620E6 /* timeout.h */ = {isa = PBXFileReference; explicitFileType = sourcecode.cpp.h; fileEncoding = 4; path = timeout.h; sourceTree = "<group>"; };
		02CEFD9C23D7E2F700B620E6 /* tree.h */ = {isa = PBXFileReference; explicitFileType = sourcecode.c.h; fileEncoding = 4; path = tree.h; sourceTree = "<group>"; };
		02CEFD9E23D7E30800B620E6 /* _null.h */ = {isa = PBXFileReference; explicitFileType = sourcecode.c.h; fileEncoding = 4; path = _null.h; sourceTree = "<group>"; };
		02CEFDAB23D7F9FB00B620E6 /* _mbuf.h */ = {isa = PBXFileReference; explicitFileType = sourcecode.c.h; path = _mbuf.h; sourceTree = "<group>"; };
		02CEFDAE23D8021A00B620E6 /* _if_ether.h */ = {isa = PBXFileReference; explicitFileType = sourcecode.c.h; path = _if_ether.h; sourceTree = "<group>"; };
		02CEFDAF23D81F7D00B620E6 /* _if_media.h */ = {isa = PBXFileReference; explicitFileType = sourcecode.c.h; path = _if_media.h; sourceTree = "<group>"; };
		02CEFDB023D835B400B620E6 /* gmac.c */ = {isa = PBXFileReference; explicitFileType = sourcecode.cpp.cpp; fileEncoding = 4; path = gmac.c; sourceTree = "<group>"; };
		02CEFDB123D835B500B620E6 /* gmac.h */ = {isa = PBXFileReference; explicitFileType = sourcecode.cpp.h; fileEncoding = 4; path = gmac.h; sourceTree = "<group>"; };
		02CEFDB623D83DA500B620E6 /* _arc4random.h */ = {isa = PBXFileReference; explicitFileType = sourcecode.c.h; path = _arc4random.h; sourceTree = "<group>"; };
		02CEFDC023D84B9200B620E6 /* mac80211.h */ = {isa = PBXFileReference; explicitFileType = sourcecode.cpp.h; path = mac80211.h; sourceTree = "<group>"; };
		02CEFDC123D84DD600B620E6 /* ieee80211_radiotap.h */ = {isa = PBXFileReference; explicitFileType = sourcecode.cpp.h; path = ieee80211_radiotap.h; sourceTree = "<group>"; };
		02CEFDC223D86E8600B620E6 /* skbuff.h */ = {isa = PBXFileReference; explicitFileType = sourcecode.cpp.h; path = skbuff.h; sourceTree = "<group>"; };
		02CEFDC323D8705900B620E6 /* cfg80211.h */ = {isa = PBXFileReference; explicitFileType = sourcecode.cpp.h; path = cfg80211.h; sourceTree = "<group>"; };
		02DCDEE623C30E8000997FA0 /* IWLCSR.h */ = {isa = PBXFileReference; lastKnownFileType = sourcecode.c.h; path = IWLCSR.h; sourceTree = "<group>"; };
		02DCDEE723C329C400997FA0 /* IWLDebug.h */ = {isa = PBXFileReference; explicitFileType = sourcecode.cpp.h; path = IWLDebug.h; sourceTree = "<group>"; };
		02DCDEE823C334DD00997FA0 /* IWLTransport.cpp */ = {isa = PBXFileReference; lastKnownFileType = sourcecode.cpp.cpp; path = IWLTransport.cpp; sourceTree = "<group>"; };
		02DCDEE923C334DD00997FA0 /* IWLTransport.hpp */ = {isa = PBXFileReference; lastKnownFileType = sourcecode.cpp.h; path = IWLTransport.hpp; sourceTree = "<group>"; };
		02E38D0923E26CB500264FA9 /* _string.c */ = {isa = PBXFileReference; lastKnownFileType = sourcecode.c.c; path = _string.c; sourceTree = "<group>"; };
		02E38D0B23E2E7B600264FA9 /* CTimeout.hpp */ = {isa = PBXFileReference; explicitFileType = sourcecode.cpp.h; path = CTimeout.hpp; sourceTree = "<group>"; };
		02E38D0C23E2E89A00264FA9 /* timeout.c */ = {isa = PBXFileReference; explicitFileType = sourcecode.cpp.cpp; path = timeout.c; sourceTree = "<group>"; };
		02E38D0E23E2EC5800264FA9 /* CTimeout.cpp */ = {isa = PBXFileReference; explicitFileType = sourcecode.cpp.cpp; path = CTimeout.cpp; sourceTree = "<group>"; };
		02E9939423D8971800E97773 /* random.h */ = {isa = PBXFileReference; explicitFileType = sourcecode.cpp.h; path = random.h; sourceTree = "<group>"; };
		685D175F23FE242600E54345 /* iwlwifi-8265-36.ucode */ = {isa = PBXFileReference; lastKnownFileType = file; path = "iwlwifi-8265-36.ucode"; sourceTree = "<group>"; };
		685D5B8623FDF12B00C8C041 /* IWLMvmPhy.cpp */ = {isa = PBXFileReference; lastKnownFileType = sourcecode.cpp.cpp; path = IWLMvmPhy.cpp; sourceTree = "<group>"; };
		685D5B8723FDF12B00C8C041 /* IWLMvmPhy.hpp */ = {isa = PBXFileReference; lastKnownFileType = sourcecode.cpp.h; path = IWLMvmPhy.hpp; sourceTree = "<group>"; };
		686162A023FDDA290023A4D2 /* IWLMvmSmartFifo.cpp */ = {isa = PBXFileReference; lastKnownFileType = sourcecode.cpp.cpp; path = IWLMvmSmartFifo.cpp; sourceTree = "<group>"; };
		686162A123FDDA290023A4D2 /* IWLMvmSmartFifo.hpp */ = {isa = PBXFileReference; lastKnownFileType = sourcecode.cpp.h; path = IWLMvmSmartFifo.hpp; sourceTree = "<group>"; };
		686162A423FDE74E0023A4D2 /* IWLMvmScan.cpp */ = {isa = PBXFileReference; lastKnownFileType = sourcecode.cpp.cpp; path = IWLMvmScan.cpp; sourceTree = "<group>"; };
		686162A523FDE74E0023A4D2 /* IWLMvmScan.hpp */ = {isa = PBXFileReference; lastKnownFileType = sourcecode.cpp.h; path = IWLMvmScan.hpp; sourceTree = "<group>"; };
		686162A823FDE7670023A4D2 /* IWLMvmSta.cpp */ = {isa = PBXFileReference; lastKnownFileType = sourcecode.cpp.cpp; path = IWLMvmSta.cpp; sourceTree = "<group>"; };
		686162A923FDE7670023A4D2 /* IWLMvmSta.hpp */ = {isa = PBXFileReference; lastKnownFileType = sourcecode.cpp.h; path = IWLMvmSta.hpp; sourceTree = "<group>"; };
		68651D6F23F5EE6900A39FAD /* iwlwifi-8265-34.ucode */ = {isa = PBXFileReference; lastKnownFileType = file; path = "iwlwifi-8265-34.ucode"; sourceTree = "<group>"; };
		6868731923FA49ED001C7DEA /* HackIONetworkInterface.h */ = {isa = PBXFileReference; fileEncoding = 4; lastKnownFileType = sourcecode.c.h; name = HackIONetworkInterface.h; path = AppleIntelWifiAdapter/HackIONetworkInterface.h; sourceTree = SOURCE_ROOT; };
		6868731A23FA49ED001C7DEA /* HackIOEthernetInterface.h */ = {isa = PBXFileReference; fileEncoding = 4; lastKnownFileType = sourcecode.c.h; name = HackIOEthernetInterface.h; path = AppleIntelWifiAdapter/HackIOEthernetInterface.h; sourceTree = SOURCE_ROOT; };
		6868731D23FA4AB4001C7DEA /* IWLSCD.h */ = {isa = PBXFileReference; explicitFileType = sourcecode.cpp.h; path = IWLSCD.h; sourceTree = "<group>"; };
		68FC255223F5C060004958FC /* HackIO80211Interface.h */ = {isa = PBXFileReference; fileEncoding = 4; lastKnownFileType = sourcecode.c.h; path = HackIO80211Interface.h; sourceTree = "<group>"; };
		68FC255323F5C060004958FC /* HackIO80211Interface.cpp */ = {isa = PBXFileReference; fileEncoding = 4; lastKnownFileType = sourcecode.cpp.cpp; path = HackIO80211Interface.cpp; sourceTree = "<group>"; };
		F85B1D4A23FF6850008105E4 /* IWLMac80211.cpp */ = {isa = PBXFileReference; lastKnownFileType = sourcecode.cpp.cpp; path = IWLMac80211.cpp; sourceTree = "<group>"; };
		F85B1D4C23FF6D87008105E4 /* IWMHdr.h */ = {isa = PBXFileReference; lastKnownFileType = sourcecode.c.h; path = IWMHdr.h; sourceTree = "<group>"; };
		F8C2805923C1FFD9000827EA /* IWLDevice.cpp */ = {isa = PBXFileReference; lastKnownFileType = sourcecode.cpp.cpp; path = IWLDevice.cpp; sourceTree = "<group>"; };
		F8C2805A23C1FFD9000827EA /* IWLDevice.hpp */ = {isa = PBXFileReference; lastKnownFileType = sourcecode.cpp.h; path = IWLDevice.hpp; sourceTree = "<group>"; };
		F8C2805D23C20000000827EA /* IWLDeviceList.h */ = {isa = PBXFileReference; lastKnownFileType = sourcecode.c.h; path = IWLDeviceList.h; sourceTree = "<group>"; };
		F8C2805E23C203DB000827EA /* IWLDeviceBase.h */ = {isa = PBXFileReference; lastKnownFileType = sourcecode.c.h; path = IWLDeviceBase.h; sourceTree = "<group>"; };
		F8C2805F23C20586000827EA /* IWLDevice7000.h */ = {isa = PBXFileReference; lastKnownFileType = sourcecode.c.h; path = IWLDevice7000.h; sourceTree = "<group>"; };
		F8C2806023C2063E000827EA /* types.h */ = {isa = PBXFileReference; explicitFileType = sourcecode.cpp.h; path = types.h; sourceTree = "<group>"; };
		F8C2806623C2073B000827EA /* bitfield.h */ = {isa = PBXFileReference; explicitFileType = sourcecode.cpp.h; path = bitfield.h; sourceTree = "<group>"; };
		F8C2806823C20AEA000827EA /* nl80211.h */ = {isa = PBXFileReference; explicitFileType = sourcecode.cpp.h; fileEncoding = 4; path = nl80211.h; sourceTree = "<group>"; };
		F8C2806A23C20DCD000827EA /* netdevice.h */ = {isa = PBXFileReference; explicitFileType = sourcecode.cpp.h; path = netdevice.h; sourceTree = "<group>"; };
		F8C2806B23C20E8C000827EA /* ieee80211.h */ = {isa = PBXFileReference; explicitFileType = sourcecode.cpp.h; path = ieee80211.h; sourceTree = "<group>"; };
		F8C2806C23C20EDD000827EA /* kernel.h */ = {isa = PBXFileReference; explicitFileType = sourcecode.cpp.h; path = kernel.h; sourceTree = "<group>"; };
		F8C2806D23C21059000827EA /* IWLDevice8000.h */ = {isa = PBXFileReference; lastKnownFileType = sourcecode.c.h; path = IWLDevice8000.h; sourceTree = "<group>"; };
		F8C2806F23C210E9000827EA /* IWLDevice9000.h */ = {isa = PBXFileReference; lastKnownFileType = sourcecode.c.h; path = IWLDevice9000.h; sourceTree = "<group>"; };
		F8C2807023C21305000827EA /* IWLPRPH.h */ = {isa = PBXFileReference; lastKnownFileType = sourcecode.c.h; path = IWLPRPH.h; sourceTree = "<group>"; };
		F8C2807123C21390000827EA /* FWFile.h */ = {isa = PBXFileReference; lastKnownFileType = sourcecode.c.h; path = FWFile.h; sourceTree = "<group>"; };
		F8C2807323C21428000827EA /* IWLDevice22000.h */ = {isa = PBXFileReference; lastKnownFileType = sourcecode.c.h; path = IWLDevice22000.h; sourceTree = "<group>"; };
		F8C2807A23C2230D000827EA /* iwlwifi-9000-pu-b0-jf-b0-46.ucode */ = {isa = PBXFileReference; lastKnownFileType = file; path = "iwlwifi-9000-pu-b0-jf-b0-46.ucode"; sourceTree = "<group>"; };
		F8C2808523C2230F000827EA /* iwlwifi-7260-17.ucode */ = {isa = PBXFileReference; lastKnownFileType = file; path = "iwlwifi-7260-17.ucode"; sourceTree = "<group>"; };
		F8C2808823C2230F000827EA /* iwlwifi-8000C-36.ucode */ = {isa = PBXFileReference; lastKnownFileType = file; path = "iwlwifi-8000C-36.ucode"; sourceTree = "<group>"; };
		F8C2808C23C2230F000827EA /* iwlwifi-9260-th-b0-jf-b0-46.ucode */ = {isa = PBXFileReference; lastKnownFileType = file; path = "iwlwifi-9260-th-b0-jf-b0-46.ucode"; sourceTree = "<group>"; };
		F8C2809623C22311000827EA /* iwlwifi-3160-17.ucode */ = {isa = PBXFileReference; lastKnownFileType = file; path = "iwlwifi-3160-17.ucode"; sourceTree = "<group>"; };
		F8C2809723C22312000827EA /* iwlwifi-7265-17.ucode */ = {isa = PBXFileReference; lastKnownFileType = file; path = "iwlwifi-7265-17.ucode"; sourceTree = "<group>"; };
		F8C280A123C22313000827EA /* iwlwifi-3168-29.ucode */ = {isa = PBXFileReference; lastKnownFileType = file; path = "iwlwifi-3168-29.ucode"; sourceTree = "<group>"; };
/* End PBXFileReference section */

/* Begin PBXFrameworksBuildPhase section */
		026E8CC62356F0ED000BFD46 /* Frameworks */ = {
			isa = PBXFrameworksBuildPhase;
			buildActionMask = 2147483647;
			files = (
			);
			runOnlyForDeploymentPostprocessing = 0;
		};
/* End PBXFrameworksBuildPhase section */

/* Begin PBXGroup section */
		0252C62C23EC1B57001975DB /* api */ = {
			isa = PBXGroup;
			children = (
				0252C62D23EC1B57001975DB /* testing.h */,
				0252C62E23EC1B57001975DB /* phy.h */,
				0252C62F23EC1B57001975DB /* power.h */,
				0252C63023EC1B57001975DB /* debug.h */,
				0252C63123EC1B57001975DB /* txq.h */,
				0252C63223EC1B57001975DB /* dbg-tlv.h */,
				0252C63323EC1B57001975DB /* sta.h */,
				0252C63423EC1B57001975DB /* sf.h */,
				0252C63523EC1B57001975DB /* config.h */,
				0252C63623EC1B57001975DB /* cmdhdr.h */,
				0252C63723EC1B57001975DB /* soc.h */,
				0252C63823EC1B57001975DB /* nvm-reg.h */,
				0252C63923EC1B57001975DB /* context.h */,
				0252C63A23EC1B57001975DB /* datapath.h */,
				0252C63B23EC1B57001975DB /* commands.h */,
				0252C63C23EC1B57001975DB /* alive.h */,
				0252C63D23EC1B57001975DB /* rs.h */,
				0252C63E23EC1B57001975DB /* tx.h */,
				0252C63F23EC1B57001975DB /* mac-cfg.h */,
				0252C64023EC1B57001975DB /* coex.h */,
				0252C64123EC1B57001975DB /* led.h */,
				0252C64223EC1B57001975DB /* nan.h */,
				0252C64323EC1B57001975DB /* d3.h */,
				0252C64423EC1B57001975DB /* rx.h */,
				0252C64523EC1B57001975DB /* paging.h */,
				0252C64623EC1B57001975DB /* location.h */,
				0252C64723EC1B57001975DB /* time-event.h */,
				0252C64823EC1B58001975DB /* mac.h */,
				0252C64923EC1B58001975DB /* binding.h */,
				0252C64A23EC1B58001975DB /* filter.h */,
				0252C64B23EC1B58001975DB /* stats.h */,
				0252C64C23EC1B58001975DB /* offload.h */,
				0252C64D23EC1B58001975DB /* phy-ctxt.h */,
				0252C64E23EC1B58001975DB /* tdls.h */,
				0252C64F23EC1B58001975DB /* scan.h */,
			);
			path = api;
			sourceTree = "<group>";
		};
		026CE67F2357F7F70034342E /* Frameworks */ = {
			isa = PBXGroup;
			children = (
				0264965123E3CF8900914BB3 /* NetworkExtension.framework */,
				0264964F23E3CF6000914BB3 /* IOKit.framework */,
				0264964D23E3CF4E00914BB3 /* Kernel.framework */,
			);
			name = Frameworks;
			sourceTree = "<group>";
		};
		026E8CBF2356F0ED000BFD46 = {
			isa = PBXGroup;
			children = (
				026E8CCB2356F0ED000BFD46 /* AppleIntelWifiAdapter */,
				026E8CCA2356F0ED000BFD46 /* Products */,
				026CE67F2357F7F70034342E /* Frameworks */,
				68FC255123F5C040004958FC /* Recovered References */,
			);
			sourceTree = "<group>";
		};
		026E8CCA2356F0ED000BFD46 /* Products */ = {
			isa = PBXGroup;
			children = (
				026E8CC92356F0ED000BFD46 /* AppleIntelWifiAdapterV2.kext */,
			);
			name = Products;
			sourceTree = "<group>";
		};
		026E8CCB2356F0ED000BFD46 /* AppleIntelWifiAdapter */ = {
			isa = PBXGroup;
			children = (
				026E8CD62356F2AD000BFD46 /* apple80211 */,
				026E8CCE2356F0ED000BFD46 /* AppleIntelWifiAdapterV2.cpp */,
				026E8CCC2356F0ED000BFD46 /* AppleIntelWifiAdapterV2.hpp */,
				F8C2806123C206BF000827EA /* compat */,
				F8C2806E23C210CB000827EA /* device */,
				026E8CE32356FD4D000BFD46 /* firmware */,
				F8C2807223C213F5000827EA /* fw */,
				6868731823FA497F001C7DEA /* hack80211 */,
				026E8CD02356F0ED000BFD46 /* Info.plist */,
				02577D7F23EEBC57003FF602 /* IWLCoex.cpp */,
				02577D8723EF98B6003FF602 /* IWLCtxtInfo.cpp */,
				02577D8823EF98B6003FF602 /* IWLCtxtInfo.hpp */,
				02DCDEE723C329C400997FA0 /* IWLDebug.h */,
				F8C2805923C1FFD9000827EA /* IWLDevice.cpp */,
				F8C2805A23C1FFD9000827EA /* IWLDevice.hpp */,
				02CEFCD223D4595E00B620E6 /* IWLFH.h */,
				0252C5D623EBB7C0001975DB /* IWLInternal.cpp */,
				0252C5D723EBB7C0001975DB /* IWLInternal.hpp */,
				02577D7523EE68F1003FF602 /* IWLPhyDb.cpp */,
				02577D7623EE68F1003FF602 /* IWLPhyDb.hpp */,
				02577D8523EEC385003FF602 /* IWLUtils.cpp */,
				6868731623FA43F5001C7DEA /* mvm */,
				6868731523FA43D6001C7DEA /* nvm */,
				6868731723FA4410001C7DEA /* trans */,
			);
			path = AppleIntelWifiAdapter;
			sourceTree = "<group>";
		};
		026E8CD62356F2AD000BFD46 /* apple80211 */ = {
			isa = PBXGroup;
			children = (
				026E8CD72356F2AD000BFD46 /* apple80211_ioctl.h */,
				026E8CDA2356F2AD000BFD46 /* apple80211_var.h */,
				026E8CD82356F2AD000BFD46 /* apple80211_wps.h */,
				6868731A23FA49ED001C7DEA /* HackIOEthernetInterface.h */,
				6868731923FA49ED001C7DEA /* HackIONetworkInterface.h */,
				0248A083235833CB00A85BA3 /* IO80211Controller.h */,
				026E8CDB2356F2AD000BFD46 /* IO80211Interface.h */,
				026C2F6F2359CA9600C832EF /* IO80211SkywalkInterface.h */,
				026E8CD92356F2AD000BFD46 /* IO80211WorkLoop.h */,
				0238D8A5235B4F4C00074654 /* IOEthernetController.h */,
				0238D8A6235B4F6B00074654 /* IONetworkController.h */,
				026C2F702359CB3300C832EF /* IOSkywalkEthernetInterface.h */,
			);
			path = apple80211;
			sourceTree = "<group>";
		};
		026E8CE32356FD4D000BFD46 /* firmware */ = {
			isa = PBXGroup;
			children = (
				685D175F23FE242600E54345 /* iwlwifi-8265-36.ucode */,
				F8C2809623C22311000827EA /* iwlwifi-3160-17.ucode */,
				F8C280A123C22313000827EA /* iwlwifi-3168-29.ucode */,
				F8C2808523C2230F000827EA /* iwlwifi-7260-17.ucode */,
				F8C2809723C22312000827EA /* iwlwifi-7265-17.ucode */,
				024ADE3A23F7A199005909F6 /* iwlwifi-7265D-27.ucode */,
				68651D6F23F5EE6900A39FAD /* iwlwifi-8265-34.ucode */,
				F8C2808823C2230F000827EA /* iwlwifi-8000C-36.ucode */,
				F8C2807A23C2230D000827EA /* iwlwifi-9000-pu-b0-jf-b0-46.ucode */,
				F8C2808C23C2230F000827EA /* iwlwifi-9260-th-b0-jf-b0-46.ucode */,
				02CEFCD423D45C1000B620E6 /* iwlwifi-cc-a0-48.ucode */,
				02CEFCDA23D45C1200B620E6 /* iwlwifi-Qu-b0-hr-b0-48.ucode */,
				02CEFCD923D45C1100B620E6 /* iwlwifi-Qu-b0-jf-b0-48.ucode */,
				02CEFCD723D45C1100B620E6 /* iwlwifi-Qu-c0-hr-b0-48.ucode */,
				02CEFCD323D45C1000B620E6 /* iwlwifi-Qu-c0-jf-b0-48.ucode */,
				02CEFCD623D45C1100B620E6 /* iwlwifi-QuZ-a0-hr-b0-48.ucode */,
				02CEFCD523D45C1100B620E6 /* iwlwifi-QuZ-a0-jf-b0-48.ucode */,
			);
			path = firmware;
			sourceTree = "<group>";
		};
		02C2285023DBFA860016AD53 /* net80211 */ = {
			isa = PBXGroup;
			children = (
				02E38D0923E26CB500264FA9 /* _string.c */,
				02C2285123DBFA860016AD53 /* ieee80211_proto.c */,
				02C2285223DBFA860016AD53 /* ieee80211_amrr.h */,
				02C2285323DBFA860016AD53 /* ieee80211_ioctl.c */,
				02C2285423DBFA860016AD53 /* ieee80211.c */,
				02C2285523DBFA860016AD53 /* ieee80211_rssadapt.c */,
				02C2285623DBFA860016AD53 /* ieee80211_input.c */,
				02C2285723DBFA860016AD53 /* ieee80211_node.h */,
				02C2285823DBFA860016AD53 /* ieee80211_regdomain.h */,
				02C2285923DBFA860016AD53 /* ieee80211_mira.c */,
				02C2285A23DBFA860016AD53 /* ieee80211_crypto.h */,
				02C2285B23DBFA860016AD53 /* ieee80211_crypto_bip.c */,
				02C2285C23DBFA860016AD53 /* ieee80211_crypto_tkip.c */,
				02C2285D23DBFA860016AD53 /* ieee80211_crypto_ccmp.c */,
				02C2285E23DBFA860016AD53 /* ieee80211_pae_input.c */,
				02C2285F23DBFA860016AD53 /* ieee80211_radiotap.h */,
				02C2286023DBFA860016AD53 /* ieee80211_amrr.c */,
				02C2286123DBFA860016AD53 /* ieee80211_proto.h */,
				02C2286223DBFA860016AD53 /* ieee80211_rssadapt.h */,
				02C2286323DBFA860016AD53 /* ieee80211.h */,
				02C2286423DBFA860016AD53 /* ieee80211_priv.h */,
				02C2286523DBFA860016AD53 /* ieee80211_ioctl.h */,
				02C2286623DBFA860016AD53 /* ieee80211_crypto_wep.c */,
				02C2286723DBFA860016AD53 /* ieee80211_output.c */,
				02C2286823DBFA860016AD53 /* ieee80211_crypto.c */,
				02C2286923DBFA860016AD53 /* ieee80211_mira.h */,
				02C2286A23DBFA860016AD53 /* ieee80211_regdomain.c */,
				02C2286B23DBFA860016AD53 /* ieee80211_node.c */,
				02C2286C23DBFA860016AD53 /* ieee80211_pae_output.c */,
				02C2286D23DBFA860016AD53 /* ieee80211_var.h */,
				02E38D0C23E2E89A00264FA9 /* timeout.c */,
				02E38D0E23E2EC5800264FA9 /* CTimeout.cpp */,
			);
			path = net80211;
			sourceTree = "<group>";
		};
		02CEFCE923D7DE1D00B620E6 /* openbsd */ = {
			isa = PBXGroup;
			children = (
				02C2285023DBFA860016AD53 /* net80211 */,
				02CEFD9023D7DEF000B620E6 /* sys */,
				02CEFCEA23D7DE2800B620E6 /* crypto */,
			);
			path = openbsd;
			sourceTree = "<group>";
		};
		02CEFCEA23D7DE2800B620E6 /* crypto */ = {
			isa = PBXGroup;
			children = (
				02CEFDB023D835B400B620E6 /* gmac.c */,
				02CEFDB123D835B500B620E6 /* gmac.h */,
				02CEFD3623D7DE8300B620E6 /* aes.c */,
				02CEFD4923D7DE8800B620E6 /* aes.h */,
				02CEFD5923D7DE8D00B620E6 /* arc4.c */,
				02CEFD2D23D7DE8100B620E6 /* arc4.h */,
				02CEFD4B23D7DE8900B620E6 /* blf.c */,
				02CEFD5123D7DE8A00B620E6 /* blf.h */,
				02CEFD4C23D7DE8900B620E6 /* cast.c */,
				02CEFD3B23D7DE8400B620E6 /* cast.h */,
				02CEFD4123D7DE8600B620E6 /* castsb.h */,
				02CEFD4523D7DE8700B620E6 /* chacha_private.h */,
				02CEFD4023D7DE8600B620E6 /* chachapoly.c */,
				02CEFD4823D7DE8800B620E6 /* chachapoly.h */,
				02CEFD2B23D7DE8100B620E6 /* cmac.c */,
				02CEFD2823D7DE8000B620E6 /* cmac.h */,
				02CEFD4623D7DE8800B620E6 /* cryptodev.h */,
				02CEFD5523D7DE8C00B620E6 /* des_locl.h */,
				02CEFD2C23D7DE8100B620E6 /* ecb_enc.c */,
				02CEFD3423D7DE8300B620E6 /* ecb3_enc.c */,
				02CEFD4A23D7DE8800B620E6 /* hmac.c */,
				02CEFD3E23D7DE8500B620E6 /* hmac.h */,
				02CEFD5623D7DE8C00B620E6 /* idgen.c */,
				02CEFD3823D7DE8400B620E6 /* idgen.h */,
				02CEFD3723D7DE8300B620E6 /* key_wrap.c */,
				02CEFD3A23D7DE8400B620E6 /* key_wrap.h */,
				02CEFD3F23D7DE8600B620E6 /* md5.c */,
				02CEFD3D23D7DE8500B620E6 /* md5.h */,
				02CEFD3523D7DE8300B620E6 /* michael.c */,
				02CEFD3323D7DE8300B620E6 /* michael.h */,
				02CEFD2923D7DE8000B620E6 /* podd.h */,
				02CEFD3923D7DE8400B620E6 /* poly1305.c */,
				02CEFD2723D7DE8000B620E6 /* poly1305.h */,
				02CEFD4423D7DE8700B620E6 /* rijndael.c */,
				02CEFD4E23D7DE8A00B620E6 /* rijndael.h */,
				02CEFD4723D7DE8800B620E6 /* rmd160.c */,
				02CEFD2A23D7DE8100B620E6 /* rmd160.h */,
				02CEFD4D23D7DE8A00B620E6 /* set_key.c */,
				02CEFD3123D7DE8200B620E6 /* sha1.c */,
				02CEFD4F23D7DE8A00B620E6 /* sha1.h */,
				02CEFD4323D7DE8700B620E6 /* sha2.c */,
				02CEFD5023D7DE8A00B620E6 /* sha2.h */,
				02CEFD2F23D7DE8200B620E6 /* sk.h */,
				02CEFD3223D7DE8200B620E6 /* spr.h */,
			);
			path = crypto;
			sourceTree = "<group>";
		};
		02CEFD9023D7DEF000B620E6 /* sys */ = {
			isa = PBXGroup;
			children = (
				02E38D0B23E2E7B600264FA9 /* CTimeout.hpp */,
				02CEFD9E23D7E30800B620E6 /* _null.h */,
				02CEFD9C23D7E2F700B620E6 /* tree.h */,
				02CEFD9A23D7E24B00B620E6 /* timeout.h */,
				02CEFD9123D7DEFE00B620E6 /* endian.h */,
				02CEFDAB23D7F9FB00B620E6 /* _mbuf.h */,
				02CEFDAE23D8021A00B620E6 /* _if_ether.h */,
				02CEFDAF23D81F7D00B620E6 /* _if_media.h */,
				02CEFDB623D83DA500B620E6 /* _arc4random.h */,
				024F4C6E23DC882A00501864 /* _buf.h */,
			);
			path = sys;
			sourceTree = "<group>";
		};
		6868731523FA43D6001C7DEA /* nvm */ = {
			isa = PBXGroup;
			children = (
				0257B9A623E5AC2F005013A0 /* IWLeeprom.h */,
				02577D8123EEBCEF003FF602 /* IWLNvm.cpp */,
				0257B9AB23E6DD2A005013A0 /* IWLNvmParser.cpp */,
				0257B9AC23E6DD2A005013A0 /* IWLNvmParser.hpp */,
			);
			path = nvm;
			sourceTree = "<group>";
		};
		6868731623FA43F5001C7DEA /* mvm */ = {
			isa = PBXGroup;
			children = (
				02577D7A23EE7A9F003FF602 /* IWLConstants.h */,
				02443B5623D1E9A4009C675B /* IWLMvmDriver.cpp */,
				02443B5723D1E9A4009C675B /* IWLMvmDriver.hpp */,
				024DDD5623CCAD26002716C8 /* IWLMvmTransOpsGen1.cpp */,
				024DDD5723CCAD26002716C8 /* IWLMvmTransOpsGen1.hpp */,
				024DDD5223CCA79C002716C8 /* IWLMvmTransOpsGen2.cpp */,
				024DDD5323CCA79C002716C8 /* IWLMvmTransOpsGen2.hpp */,
				0252C5DA23EBC513001975DB /* Mvm.h */,
				0252C5E023EC17CD001975DB /* MvmCmd.hpp */,
				0257B9A423E5A7E3005013A0 /* MvmTransOps.cpp */,
				686162A023FDDA290023A4D2 /* IWLMvmSmartFifo.cpp */,
				686162A123FDDA290023A4D2 /* IWLMvmSmartFifo.hpp */,
				686162A423FDE74E0023A4D2 /* IWLMvmScan.cpp */,
				686162A523FDE74E0023A4D2 /* IWLMvmScan.hpp */,
				686162A823FDE7670023A4D2 /* IWLMvmSta.cpp */,
				686162A923FDE7670023A4D2 /* IWLMvmSta.hpp */,
				685D5B8623FDF12B00C8C041 /* IWLMvmPhy.cpp */,
				685D5B8723FDF12B00C8C041 /* IWLMvmPhy.hpp */,
				F85B1D4A23FF6850008105E4 /* IWLMac80211.cpp */,
				F85B1D4C23FF6D87008105E4 /* IWMHdr.h */,
			);
			path = mvm;
			sourceTree = "<group>";
		};
		6868731723FA4410001C7DEA /* trans */ = {
			isa = PBXGroup;
			children = (
				024DDD4C23CCA027002716C8 /* IWLIO.cpp */,
				024DDD4D23CCA027002716C8 /* IWLIO.hpp */,
				024DDD4B23CC7965002716C8 /* IWLTransOps.h */,
				02DCDEE823C334DD00997FA0 /* IWLTransport.cpp */,
				02DCDEE923C334DD00997FA0 /* IWLTransport.hpp */,
				0252C5DB23EC00CA001975DB /* IWLTransportRx.cpp */,
				0252C5DD23EC0B5C001975DB /* IWLTransportTx.cpp */,
				02577D7923EE70D3003FF602 /* TransHdr.h */,
				024FC26523EAD0010056A5BE /* TransOpsCommon.cpp */,
				6868731D23FA4AB4001C7DEA /* IWLSCD.h */,
			);
			path = trans;
			sourceTree = "<group>";
		};
		6868731823FA497F001C7DEA /* hack80211 */ = {
			isa = PBXGroup;
			children = (
				68FC255323F5C060004958FC /* HackIO80211Interface.cpp */,
				68FC255223F5C060004958FC /* HackIO80211Interface.h */,
			);
			path = hack80211;
			sourceTree = "<group>";
		};
		68FC255123F5C040004958FC /* Recovered References */ = {
			isa = PBXGroup;
			children = (
				02473D4223F55DB900DED29D /* HackIO80211Interface.h */,
				02473D4123F55DB900DED29D /* HackIO80211Interface.cpp */,
			);
			name = "Recovered References";
			sourceTree = "<group>";
		};
		F8C2806123C206BF000827EA /* compat */ = {
			isa = PBXGroup;
			children = (
				02CEFCE923D7DE1D00B620E6 /* openbsd */,
				F8C2806723C2095E000827EA /* linux */,
			);
			path = compat;
			sourceTree = "<group>";
		};
		F8C2806723C2095E000827EA /* linux */ = {
			isa = PBXGroup;
			children = (
				F8C2806823C20AEA000827EA /* nl80211.h */,
				F8C2806023C2063E000827EA /* types.h */,
				F8C2806623C2073B000827EA /* bitfield.h */,
				F8C2806A23C20DCD000827EA /* netdevice.h */,
				F8C2806B23C20E8C000827EA /* ieee80211.h */,
				F8C2806C23C20EDD000827EA /* kernel.h */,
				02CEFDC023D84B9200B620E6 /* mac80211.h */,
				02CEFDC123D84DD600B620E6 /* ieee80211_radiotap.h */,
				02CEFDC223D86E8600B620E6 /* skbuff.h */,
				02CEFDC323D8705900B620E6 /* cfg80211.h */,
				02E9939423D8971800E97773 /* random.h */,
			);
			path = linux;
			sourceTree = "<group>";
		};
		F8C2806E23C210CB000827EA /* device */ = {
			isa = PBXGroup;
			children = (
				F8C2805D23C20000000827EA /* IWLDeviceList.h */,
				F8C2805E23C203DB000827EA /* IWLDeviceBase.h */,
				F8C2805F23C20586000827EA /* IWLDevice7000.h */,
				F8C2806D23C21059000827EA /* IWLDevice8000.h */,
				F8C2806F23C210E9000827EA /* IWLDevice9000.h */,
				F8C2807023C21305000827EA /* IWLPRPH.h */,
				F8C2807323C21428000827EA /* IWLDevice22000.h */,
				02DCDEE623C30E8000997FA0 /* IWLCSR.h */,
			);
			path = device;
			sourceTree = "<group>";
		};
		F8C2807223C213F5000827EA /* fw */ = {
			isa = PBXGroup;
			children = (
				0252C62C23EC1B57001975DB /* api */,
				0252C5E323EC1A51001975DB /* fw-api.h */,
				F8C2807123C21390000827EA /* FWFile.h */,
				02CEFCE323D5F09600B620E6 /* IWLUcodeParse.cpp */,
				02CEFCE423D5F09600B620E6 /* IWLUcodeParse.hpp */,
				02CEFCE723D68DD400B620E6 /* FWImg.h */,
				02577D7B23EEA4D9003FF602 /* NotificationWait.cpp */,
				02577D7C23EEA4D9003FF602 /* NotificationWait.hpp */,
				02577D8323EEBD07003FF602 /* IWLFw.cpp */,
			);
			path = fw;
			sourceTree = "<group>";
		};
/* End PBXGroup section */

/* Begin PBXHeadersBuildPhase section */
		026E8CC42356F0ED000BFD46 /* Headers */ = {
			isa = PBXHeadersBuildPhase;
			buildActionMask = 2147483647;
			files = (
				6868731B23FA49ED001C7DEA /* HackIONetworkInterface.h in Headers */,
				02577D8A23EF98B6003FF602 /* IWLCtxtInfo.hpp in Headers */,
				02CEFD6423D7DE8E00B620E6 /* sk.h in Headers */,
				686162AB23FDE7670023A4D2 /* IWLMvmSta.hpp in Headers */,
				02CEFD8323D7DE8E00B620E6 /* rijndael.h in Headers */,
				02CEFD5E23D7DE8E00B620E6 /* podd.h in Headers */,
				68FC255423F5C060004958FC /* HackIO80211Interface.h in Headers */,
				02CEFD9D23D7E2F700B620E6 /* tree.h in Headers */,
				02CEFD7023D7DE8E00B620E6 /* cast.h in Headers */,
				686F711123F4BE58008A0E88 /* IWLFH.h in Headers */,
				02C2287523DBFA870016AD53 /* ieee80211_regdomain.h in Headers */,
				0257B9AE23E6DD2A005013A0 /* IWLNvmParser.hpp in Headers */,
				02CEFD7623D7DE8E00B620E6 /* castsb.h in Headers */,
				02CEFD7B23D7DE8E00B620E6 /* cryptodev.h in Headers */,
				02CEFD7223D7DE8E00B620E6 /* md5.h in Headers */,
				02C2288123DBFA870016AD53 /* ieee80211_priv.h in Headers */,
				686F711223F4BE60008A0E88 /* IWLConstants.h in Headers */,
				02C2287723DBFA870016AD53 /* ieee80211_crypto.h in Headers */,
				02CEFDB323D835B500B620E6 /* gmac.h in Headers */,
				02C2288223DBFA870016AD53 /* ieee80211_ioctl.h in Headers */,
				026E8CDF2356F2AD000BFD46 /* IO80211WorkLoop.h in Headers */,
				02CEFD9F23D7E30900B620E6 /* _null.h in Headers */,
				02577D7E23EEA4D9003FF602 /* NotificationWait.hpp in Headers */,
				024DDD5923CCAD26002716C8 /* IWLMvmTransOpsGen1.hpp in Headers */,
				02CEFD8A23D7DE8E00B620E6 /* des_locl.h in Headers */,
				686162A723FDE74E0023A4D2 /* IWLMvmScan.hpp in Headers */,
				02C2288623DBFA870016AD53 /* ieee80211_mira.h in Headers */,
				02CEFD6723D7DE8E00B620E6 /* spr.h in Headers */,
				02CEFD8423D7DE8E00B620E6 /* sha1.h in Headers */,
				F85B1D4D23FF6D87008105E4 /* IWMHdr.h in Headers */,
				02C2287F23DBFA870016AD53 /* ieee80211_rssadapt.h in Headers */,
				686F711323F4BE60008A0E88 /* IWLDebug.h in Headers */,
				02443B5923D1E9A4009C675B /* IWLMvmDriver.hpp in Headers */,
				6868731C23FA49ED001C7DEA /* HackIOEthernetInterface.h in Headers */,
				02C2288023DBFA870016AD53 /* ieee80211.h in Headers */,
				02C2288A23DBFA870016AD53 /* ieee80211_var.h in Headers */,
				026E8CE12356F2AD000BFD46 /* IO80211Interface.h in Headers */,
				026E8CE02356F2AD000BFD46 /* apple80211_var.h in Headers */,
				02C2287C23DBFA870016AD53 /* ieee80211_radiotap.h in Headers */,
				026E8CDD2356F2AD000BFD46 /* apple80211_ioctl.h in Headers */,
				686F711023F4BE51008A0E88 /* IWLTransOps.h in Headers */,
				024DDD5523CCA79C002716C8 /* IWLMvmTransOpsGen2.hpp in Headers */,
				02CEFD5F23D7DE8E00B620E6 /* rmd160.h in Headers */,
				6868731E23FA4AB4001C7DEA /* IWLSCD.h in Headers */,
				F8C2805C23C1FFD9000827EA /* IWLDevice.hpp in Headers */,
				02CEFD6D23D7DE8E00B620E6 /* idgen.h in Headers */,
				02CEFD7323D7DE8E00B620E6 /* hmac.h in Headers */,
				F8C2806923C20AEA000827EA /* nl80211.h in Headers */,
				02CEFD6F23D7DE8E00B620E6 /* key_wrap.h in Headers */,
				02CEFCE623D5F09600B620E6 /* IWLUcodeParse.hpp in Headers */,
				0252C5E223EC17CD001975DB /* MvmCmd.hpp in Headers */,
				686162A323FDDA290023A4D2 /* IWLMvmSmartFifo.hpp in Headers */,
				02CEFD5C23D7DE8E00B620E6 /* poly1305.h in Headers */,
				6860E55023F6349C0041CD2D /* TransHdr.h in Headers */,
				02DCDEEB23C334DD00997FA0 /* IWLTransport.hpp in Headers */,
				02C2287423DBFA870016AD53 /* ieee80211_node.h in Headers */,
				02CEFD7D23D7DE8E00B620E6 /* chachapoly.h in Headers */,
				0252C5E423EC1A51001975DB /* fw-api.h in Headers */,
				02CEFD7E23D7DE8E00B620E6 /* aes.h in Headers */,
				02CEFD7A23D7DE8E00B620E6 /* chacha_private.h in Headers */,
				02577D7823EE68F1003FF602 /* IWLPhyDb.hpp in Headers */,
				02CEFD9B23D7E24B00B620E6 /* timeout.h in Headers */,
				685D5B8923FDF12B00C8C041 /* IWLMvmPhy.hpp in Headers */,
				026E8CCD2356F0ED000BFD46 /* AppleIntelWifiAdapterV2.hpp in Headers */,
				02C2287E23DBFA870016AD53 /* ieee80211_proto.h in Headers */,
				0252C5D923EBB7C0001975DB /* IWLInternal.hpp in Headers */,
				02CEFD6823D7DE8E00B620E6 /* michael.h in Headers */,
				02CEFD5D23D7DE8E00B620E6 /* cmac.h in Headers */,
				026E8CDE2356F2AD000BFD46 /* apple80211_wps.h in Headers */,
				686F711423F4BE60008A0E88 /* IWLeeprom.h in Headers */,
				02CEFD6223D7DE8E00B620E6 /* arc4.h in Headers */,
				02CEFD8623D7DE8E00B620E6 /* blf.h in Headers */,
				02CEFD8523D7DE8E00B620E6 /* sha2.h in Headers */,
				68E385C023F4BBA5000DADA4 /* CTimeout.hpp in Headers */,
				024DDD4F23CCA027002716C8 /* IWLIO.hpp in Headers */,
				02C2286F23DBFA870016AD53 /* ieee80211_amrr.h in Headers */,
			);
			runOnlyForDeploymentPostprocessing = 0;
		};
/* End PBXHeadersBuildPhase section */

/* Begin PBXNativeTarget section */
		026E8CC82356F0ED000BFD46 /* AppleIntelWifiAdapter */ = {
			isa = PBXNativeTarget;
			buildConfigurationList = 026E8CD32356F0ED000BFD46 /* Build configuration list for PBXNativeTarget "AppleIntelWifiAdapter" */;
			buildPhases = (
				026E8CC42356F0ED000BFD46 /* Headers */,
				026E8CC52356F0ED000BFD46 /* Sources */,
				026E8CC62356F0ED000BFD46 /* Frameworks */,
				026E8CC72356F0ED000BFD46 /* Resources */,
			);
			buildRules = (
			);
			dependencies = (
			);
			name = AppleIntelWifiAdapter;
			productName = AppleIntelWifiAdapter;
			productReference = 026E8CC92356F0ED000BFD46 /* AppleIntelWifiAdapterV2.kext */;
			productType = "com.apple.product-type.kernel-extension";
		};
/* End PBXNativeTarget section */

/* Begin PBXProject section */
		026E8CC02356F0ED000BFD46 /* Project object */ = {
			isa = PBXProject;
			attributes = {
				LastUpgradeCheck = 1100;
				ORGANIZATIONNAME = "钟先耀";
				TargetAttributes = {
					026E8CC82356F0ED000BFD46 = {
						CreatedOnToolsVersion = 11.0;
						ProvisioningStyle = Automatic;
					};
				};
			};
			buildConfigurationList = 026E8CC32356F0ED000BFD46 /* Build configuration list for PBXProject "AppleIntelWifiAdapter" */;
			compatibilityVersion = "Xcode 11.0";
			developmentRegion = en;
			hasScannedForEncodings = 0;
			knownRegions = (
				en,
				Base,
			);
			mainGroup = 026E8CBF2356F0ED000BFD46;
			productRefGroup = 026E8CCA2356F0ED000BFD46 /* Products */;
			projectDirPath = "";
			projectRoot = "";
			targets = (
				026E8CC82356F0ED000BFD46 /* AppleIntelWifiAdapter */,
			);
		};
/* End PBXProject section */

/* Begin PBXResourcesBuildPhase section */
		026E8CC72356F0ED000BFD46 /* Resources */ = {
			isa = PBXResourcesBuildPhase;
			buildActionMask = 2147483647;
			files = (
				685D176023FE242700E54345 /* iwlwifi-8265-36.ucode in Resources */,
				02CEFCDC23D45C1200B620E6 /* iwlwifi-cc-a0-48.ucode in Resources */,
				F8C280E823C2231D000827EA /* iwlwifi-3168-29.ucode in Resources */,
				68604F1823F5F44B0066F562 /* iwlwifi-8265-34.ucode in Resources */,
				02CEFCDD23D45C1200B620E6 /* iwlwifi-QuZ-a0-jf-b0-48.ucode in Resources */,
				02CEFCDB23D45C1200B620E6 /* iwlwifi-Qu-c0-jf-b0-48.ucode in Resources */,
				F8C280DE23C2231D000827EA /* iwlwifi-7265-17.ucode in Resources */,
				02CEFCDF23D45C1200B620E6 /* iwlwifi-Qu-c0-hr-b0-48.ucode in Resources */,
				F8C280CC23C2231D000827EA /* iwlwifi-7260-17.ucode in Resources */,
				F8C280D323C2231D000827EA /* iwlwifi-9260-th-b0-jf-b0-46.ucode in Resources */,
				F8C280DD23C2231D000827EA /* iwlwifi-3160-17.ucode in Resources */,
				F8C280C123C2231D000827EA /* iwlwifi-9000-pu-b0-jf-b0-46.ucode in Resources */,
				02CEFCE223D45C1200B620E6 /* iwlwifi-Qu-b0-hr-b0-48.ucode in Resources */,
				02CEFCE123D45C1200B620E6 /* iwlwifi-Qu-b0-jf-b0-48.ucode in Resources */,
				024ADE3B23F7A199005909F6 /* iwlwifi-7265D-27.ucode in Resources */,
				02CEFCDE23D45C1200B620E6 /* iwlwifi-QuZ-a0-hr-b0-48.ucode in Resources */,
				F8C280CF23C2231D000827EA /* iwlwifi-8000C-36.ucode in Resources */,
			);
			runOnlyForDeploymentPostprocessing = 0;
		};
/* End PBXResourcesBuildPhase section */

/* Begin PBXSourcesBuildPhase section */
		026E8CC52356F0ED000BFD46 /* Sources */ = {
			isa = PBXSourcesBuildPhase;
			buildActionMask = 2147483647;
			files = (
				02577D7723EE68F1003FF602 /* IWLPhyDb.cpp in Sources */,
				F85B1D4B23FF6850008105E4 /* IWLMac80211.cpp in Sources */,
				02E38D0D23E2EA0A00264FA9 /* timeout.c in Sources */,
				02577D8223EEBCEF003FF602 /* IWLNvm.cpp in Sources */,
				02CEFD7423D7DE8E00B620E6 /* md5.c in Sources */,
				02CEFD7923D7DE8E00B620E6 /* rijndael.c in Sources */,
				02CEFD6E23D7DE8E00B620E6 /* poly1305.c in Sources */,
				02C2288423DBFA870016AD53 /* ieee80211_output.c in Sources */,
				02CEFD6B23D7DE8E00B620E6 /* aes.c in Sources */,
				02577D8423EEBD07003FF602 /* IWLFw.cpp in Sources */,
				68FC255523F5C060004958FC /* HackIO80211Interface.cpp in Sources */,
				02CEFD7823D7DE8E00B620E6 /* sha2.c in Sources */,
				024CFC3A23F57E350014F002 /* AppleIntelWifiAdapterV2.cpp in Sources */,
				0252C5D823EBB7C0001975DB /* IWLInternal.cpp in Sources */,
				02CEFD8B23D7DE8E00B620E6 /* idgen.c in Sources */,
				02CEFD6C23D7DE8E00B620E6 /* key_wrap.c in Sources */,
				02CEFD8223D7DE8E00B620E6 /* set_key.c in Sources */,
				02577D8623EEC385003FF602 /* IWLUtils.cpp in Sources */,
				02C2287623DBFA870016AD53 /* ieee80211_mira.c in Sources */,
				02E38D0A23E26E7200264FA9 /* _string.c in Sources */,
				02CEFD7C23D7DE8E00B620E6 /* rmd160.c in Sources */,
				0252C5DE23EC0B5C001975DB /* IWLTransportTx.cpp in Sources */,
				02CEFD7523D7DE8E00B620E6 /* chachapoly.c in Sources */,
				02C2287023DBFA870016AD53 /* ieee80211_ioctl.c in Sources */,
				0257B9AD23E6DD2A005013A0 /* IWLNvmParser.cpp in Sources */,
				02CEFD6123D7DE8E00B620E6 /* ecb_enc.c in Sources */,
				024FC26623EAD0010056A5BE /* TransOpsCommon.cpp in Sources */,
				02577D8023EEBC57003FF602 /* IWLCoex.cpp in Sources */,
				024DDD5823CCAD26002716C8 /* IWLMvmTransOpsGen1.cpp in Sources */,
				02C2287D23DBFA870016AD53 /* ieee80211_amrr.c in Sources */,
				02CEFD8123D7DE8E00B620E6 /* cast.c in Sources */,
				02CEFDB223D835B500B620E6 /* gmac.c in Sources */,
				02CEFD8023D7DE8E00B620E6 /* blf.c in Sources */,
				686162A623FDE74E0023A4D2 /* IWLMvmScan.cpp in Sources */,
				0257B9A523E5A7E3005013A0 /* MvmTransOps.cpp in Sources */,
				686162AA23FDE7670023A4D2 /* IWLMvmSta.cpp in Sources */,
				0252C5DC23EC00CA001975DB /* IWLTransportRx.cpp in Sources */,
				02C2287123DBFA870016AD53 /* ieee80211.c in Sources */,
				02E38D0F23E2EC5800264FA9 /* CTimeout.cpp in Sources */,
				02577D8923EF98B6003FF602 /* IWLCtxtInfo.cpp in Sources */,
				02C2286E23DBFA870016AD53 /* ieee80211_proto.c in Sources */,
				02CEFD8E23D7DE8E00B620E6 /* arc4.c in Sources */,
				02CEFD6923D7DE8E00B620E6 /* ecb3_enc.c in Sources */,
				02C2288723DBFA870016AD53 /* ieee80211_regdomain.c in Sources */,
				F8C2805B23C1FFD9000827EA /* IWLDevice.cpp in Sources */,
				02C2287223DBFA870016AD53 /* ieee80211_rssadapt.c in Sources */,
				02CEFD6023D7DE8E00B620E6 /* cmac.c in Sources */,
				02C2287B23DBFA870016AD53 /* ieee80211_pae_input.c in Sources */,
				02C2287A23DBFA870016AD53 /* ieee80211_crypto_ccmp.c in Sources */,
				02C2287923DBFA870016AD53 /* ieee80211_crypto_tkip.c in Sources */,
				02CEFD7F23D7DE8E00B620E6 /* hmac.c in Sources */,
				02C2287823DBFA870016AD53 /* ieee80211_crypto_bip.c in Sources */,
				024DDD5423CCA79C002716C8 /* IWLMvmTransOpsGen2.cpp in Sources */,
				02443B5823D1E9A4009C675B /* IWLMvmDriver.cpp in Sources */,
				686162A223FDDA290023A4D2 /* IWLMvmSmartFifo.cpp in Sources */,
				02CEFCE523D5F09600B620E6 /* IWLUcodeParse.cpp in Sources */,
				02CEFD6A23D7DE8E00B620E6 /* michael.c in Sources */,
				02C2288923DBFA870016AD53 /* ieee80211_pae_output.c in Sources */,
				024DDD4E23CCA027002716C8 /* IWLIO.cpp in Sources */,
				02577D7D23EEA4D9003FF602 /* NotificationWait.cpp in Sources */,
				02C2287323DBFA870016AD53 /* ieee80211_input.c in Sources */,
				02C2288323DBFA870016AD53 /* ieee80211_crypto_wep.c in Sources */,
				685D5B8823FDF12B00C8C041 /* IWLMvmPhy.cpp in Sources */,
				02C2288823DBFA870016AD53 /* ieee80211_node.c in Sources */,
				02DCDEEA23C334DD00997FA0 /* IWLTransport.cpp in Sources */,
				02C2288523DBFA870016AD53 /* ieee80211_crypto.c in Sources */,
				02CEFD6623D7DE8E00B620E6 /* sha1.c in Sources */,
			);
			runOnlyForDeploymentPostprocessing = 0;
		};
/* End PBXSourcesBuildPhase section */

/* Begin XCBuildConfiguration section */
		026E8CD12356F0ED000BFD46 /* Debug */ = {
			isa = XCBuildConfiguration;
			buildSettings = {
				ALWAYS_SEARCH_USER_PATHS = NO;
				CLANG_ANALYZER_NONNULL = YES;
				CLANG_ANALYZER_NUMBER_OBJECT_CONVERSION = YES_AGGRESSIVE;
				CLANG_CXX_LANGUAGE_STANDARD = "compiler-default";
				CLANG_CXX_LIBRARY = "compiler-default";
				CLANG_ENABLE_MODULES = YES;
				CLANG_ENABLE_OBJC_ARC = YES;
				CLANG_ENABLE_OBJC_WEAK = NO;
				CLANG_WARN_BLOCK_CAPTURE_AUTORELEASING = YES;
				CLANG_WARN_BOOL_CONVERSION = YES;
				CLANG_WARN_COMMA = YES;
				CLANG_WARN_CONSTANT_CONVERSION = YES;
				CLANG_WARN_DEPRECATED_OBJC_IMPLEMENTATIONS = YES;
				CLANG_WARN_DIRECT_OBJC_ISA_USAGE = YES_ERROR;
				CLANG_WARN_DOCUMENTATION_COMMENTS = YES;
				CLANG_WARN_EMPTY_BODY = YES;
				CLANG_WARN_ENUM_CONVERSION = YES;
				CLANG_WARN_INFINITE_RECURSION = YES;
				CLANG_WARN_INT_CONVERSION = YES;
				CLANG_WARN_NON_LITERAL_NULL_CONVERSION = YES;
				CLANG_WARN_OBJC_IMPLICIT_RETAIN_SELF = YES;
				CLANG_WARN_OBJC_LITERAL_CONVERSION = YES;
				CLANG_WARN_OBJC_ROOT_CLASS = YES_ERROR;
				CLANG_WARN_RANGE_LOOP_ANALYSIS = YES;
				CLANG_WARN_STRICT_PROTOTYPES = YES;
				CLANG_WARN_SUSPICIOUS_MOVE = YES;
				CLANG_WARN_UNGUARDED_AVAILABILITY = YES_AGGRESSIVE;
				CLANG_WARN_UNREACHABLE_CODE = YES;
				CLANG_WARN__DUPLICATE_METHOD_MATCH = YES;
				COPY_PHASE_STRIP = NO;
				DEBUG_INFORMATION_FORMAT = dwarf;
				ENABLE_STRICT_OBJC_MSGSEND = YES;
				ENABLE_TESTABILITY = YES;
				GCC_C_LANGUAGE_STANDARD = "compiler-default";
				GCC_DYNAMIC_NO_PIC = NO;
				GCC_INPUT_FILETYPE = automatic;
				GCC_NO_COMMON_BLOCKS = YES;
				GCC_OPTIMIZATION_LEVEL = 0;
				GCC_PREPROCESSOR_DEFINITIONS = (
					"DEBUG=1",
					"$(inherited)",
				);
				GCC_WARN_64_TO_32_BIT_CONVERSION = YES;
				GCC_WARN_ABOUT_RETURN_TYPE = YES_ERROR;
				GCC_WARN_UNDECLARED_SELECTOR = YES;
				GCC_WARN_UNINITIALIZED_AUTOS = YES_AGGRESSIVE;
				GCC_WARN_UNUSED_FUNCTION = YES;
				GCC_WARN_UNUSED_VARIABLE = YES;
				GENERATE_MASTER_OBJECT_FILE = NO;
				KEEP_PRIVATE_EXTERNS = YES;
				MACOSX_DEPLOYMENT_TARGET = 10.15;
				ONLY_ACTIVE_ARCH = YES;
				SDKROOT = macosx;
			};
			name = Debug;
		};
		026E8CD22356F0ED000BFD46 /* Release */ = {
			isa = XCBuildConfiguration;
			buildSettings = {
				ALWAYS_SEARCH_USER_PATHS = NO;
				CLANG_ANALYZER_NONNULL = YES;
				CLANG_ANALYZER_NUMBER_OBJECT_CONVERSION = YES_AGGRESSIVE;
				CLANG_CXX_LANGUAGE_STANDARD = "compiler-default";
				CLANG_CXX_LIBRARY = "compiler-default";
				CLANG_ENABLE_MODULES = YES;
				CLANG_ENABLE_OBJC_ARC = YES;
				CLANG_ENABLE_OBJC_WEAK = NO;
				CLANG_WARN_BLOCK_CAPTURE_AUTORELEASING = YES;
				CLANG_WARN_BOOL_CONVERSION = YES;
				CLANG_WARN_COMMA = YES;
				CLANG_WARN_CONSTANT_CONVERSION = YES;
				CLANG_WARN_DEPRECATED_OBJC_IMPLEMENTATIONS = YES;
				CLANG_WARN_DIRECT_OBJC_ISA_USAGE = YES_ERROR;
				CLANG_WARN_DOCUMENTATION_COMMENTS = YES;
				CLANG_WARN_EMPTY_BODY = YES;
				CLANG_WARN_ENUM_CONVERSION = YES;
				CLANG_WARN_INFINITE_RECURSION = YES;
				CLANG_WARN_INT_CONVERSION = YES;
				CLANG_WARN_NON_LITERAL_NULL_CONVERSION = YES;
				CLANG_WARN_OBJC_IMPLICIT_RETAIN_SELF = YES;
				CLANG_WARN_OBJC_LITERAL_CONVERSION = YES;
				CLANG_WARN_OBJC_ROOT_CLASS = YES_ERROR;
				CLANG_WARN_RANGE_LOOP_ANALYSIS = YES;
				CLANG_WARN_STRICT_PROTOTYPES = YES;
				CLANG_WARN_SUSPICIOUS_MOVE = YES;
				CLANG_WARN_UNGUARDED_AVAILABILITY = YES_AGGRESSIVE;
				CLANG_WARN_UNREACHABLE_CODE = YES;
				CLANG_WARN__DUPLICATE_METHOD_MATCH = YES;
				COPY_PHASE_STRIP = NO;
				DEBUG_INFORMATION_FORMAT = "dwarf-with-dsym";
				ENABLE_NS_ASSERTIONS = NO;
				ENABLE_STRICT_OBJC_MSGSEND = YES;
				GCC_C_LANGUAGE_STANDARD = "compiler-default";
				GCC_INPUT_FILETYPE = automatic;
				GCC_NO_COMMON_BLOCKS = YES;
				GCC_WARN_64_TO_32_BIT_CONVERSION = YES;
				GCC_WARN_ABOUT_RETURN_TYPE = YES_ERROR;
				GCC_WARN_UNDECLARED_SELECTOR = YES;
				GCC_WARN_UNINITIALIZED_AUTOS = YES_AGGRESSIVE;
				GCC_WARN_UNUSED_FUNCTION = YES;
				GCC_WARN_UNUSED_VARIABLE = YES;
				GENERATE_MASTER_OBJECT_FILE = NO;
				KEEP_PRIVATE_EXTERNS = YES;
				MACOSX_DEPLOYMENT_TARGET = 10.15;
				ONLY_ACTIVE_ARCH = YES;
				SDKROOT = macosx;
			};
			name = Release;
		};
		026E8CD42356F0ED000BFD46 /* Debug */ = {
			isa = XCBuildConfiguration;
			buildSettings = {
				CODE_SIGN_IDENTITY = "-";
				CODE_SIGN_STYLE = Automatic;
				COMBINE_HIDPI_IMAGES = YES;
				CURRENT_PROJECT_VERSION = 1.0.0d1;
				DEVELOPMENT_TEAM = "";
				GCC_C_LANGUAGE_STANDARD = gnu99;
				GCC_PREPROCESSOR_DEFINITIONS = (
					"CATALINA=1",
					"__PRIVATE_SPI__=1",
					"DEBUG=1",
					"$(inherited)",
				);
				INFOPLIST_FILE = AppleIntelWifiAdapter/Info.plist;
				KEEP_PRIVATE_EXTERNS = NO;
				MACOSX_DEPLOYMENT_TARGET = 10.15;
				MODULE_NAME = com.apple.AppleIntelWifiAdapterV2;
				MODULE_VERSION = 1.0.0d1;
				PRODUCT_BUNDLE_IDENTIFIER = com.apple.AppleIntelWifiAdapterV2;
				PRODUCT_NAME = AppleIntelWifiAdapterV2;
				SDKROOT = macosx;
				SYSTEM_HEADER_SEARCH_PATHS = (
					AppleIntelWifiAdapter/compat,
					AppleIntelWifiAdapter/compat/openbsd,
					AppleIntelWifiAdapter/compat/linux,
				);
				WRAPPER_EXTENSION = kext;
			};
			name = Debug;
		};
		026E8CD52356F0ED000BFD46 /* Release */ = {
			isa = XCBuildConfiguration;
			buildSettings = {
				CODE_SIGN_IDENTITY = "-";
				CODE_SIGN_STYLE = Automatic;
				COMBINE_HIDPI_IMAGES = YES;
				CURRENT_PROJECT_VERSION = 1.0.0d1;
				DEVELOPMENT_TEAM = "";
				GCC_C_LANGUAGE_STANDARD = gnu99;
				INFOPLIST_FILE = AppleIntelWifiAdapter/Info.plist;
				KEEP_PRIVATE_EXTERNS = NO;
				MACOSX_DEPLOYMENT_TARGET = 10.15;
				MODULE_NAME = com.apple.AppleIntelWifiAdapterV2;
				MODULE_VERSION = 1.0.0d1;
				PRODUCT_BUNDLE_IDENTIFIER = com.apple.AppleIntelWifiAdapterV2;
				PRODUCT_NAME = AppleIntelWifiAdapterV2;
				SDKROOT = macosx;
				SYSTEM_HEADER_SEARCH_PATHS = (
					AppleIntelWifiAdapter/compat,
					AppleIntelWifiAdapter/compat/openbsd,
					AppleIntelWifiAdapter/compat/linux,
				);
				WRAPPER_EXTENSION = kext;
			};
			name = Release;
		};
/* End XCBuildConfiguration section */

/* Begin XCConfigurationList section */
		026E8CC32356F0ED000BFD46 /* Build configuration list for PBXProject "AppleIntelWifiAdapter" */ = {
			isa = XCConfigurationList;
			buildConfigurations = (
				026E8CD12356F0ED000BFD46 /* Debug */,
				026E8CD22356F0ED000BFD46 /* Release */,
			);
			defaultConfigurationIsVisible = 0;
			defaultConfigurationName = Release;
		};
		026E8CD32356F0ED000BFD46 /* Build configuration list for PBXNativeTarget "AppleIntelWifiAdapter" */ = {
			isa = XCConfigurationList;
			buildConfigurations = (
				026E8CD42356F0ED000BFD46 /* Debug */,
				026E8CD52356F0ED000BFD46 /* Release */,
			);
			defaultConfigurationIsVisible = 0;
			defaultConfigurationName = Release;
		};
/* End XCConfigurationList section */
	};
	rootObject = 026E8CC02356F0ED000BFD46 /* Project object */;
}
