// !$*UTF8*$!
{
	archiveVersion = 1;
	classes = {
	};
	objectVersion = 48;
	objects = {

/* Begin PBXBuildFile section */
		02443B5823D1E9A4009C675B /* IWLMvmDriver.cpp in Sources */ = {isa = PBXBuildFile; fileRef = 02443B5623D1E9A4009C675B /* IWLMvmDriver.cpp */; };
		02443B5923D1E9A4009C675B /* IWLMvmDriver.hpp in Headers */ = {isa = PBXBuildFile; fileRef = 02443B5723D1E9A4009C675B /* IWLMvmDriver.hpp */; };
		024DDD4E23CCA027002716C8 /* IWLIO.cpp in Sources */ = {isa = PBXBuildFile; fileRef = 024DDD4C23CCA027002716C8 /* IWLIO.cpp */; };
		024DDD4F23CCA027002716C8 /* IWLIO.hpp in Headers */ = {isa = PBXBuildFile; fileRef = 024DDD4D23CCA027002716C8 /* IWLIO.hpp */; };
		024DDD5423CCA79C002716C8 /* IWLMvmTransOpsGen2.cpp in Sources */ = {isa = PBXBuildFile; fileRef = 024DDD5223CCA79C002716C8 /* IWLMvmTransOpsGen2.cpp */; };
		024DDD5523CCA79C002716C8 /* IWLMvmTransOpsGen2.hpp in Headers */ = {isa = PBXBuildFile; fileRef = 024DDD5323CCA79C002716C8 /* IWLMvmTransOpsGen2.hpp */; };
		024DDD5823CCAD26002716C8 /* IWLMvmTransOpsGen1.cpp in Sources */ = {isa = PBXBuildFile; fileRef = 024DDD5623CCAD26002716C8 /* IWLMvmTransOpsGen1.cpp */; };
		024DDD5923CCAD26002716C8 /* IWLMvmTransOpsGen1.hpp in Headers */ = {isa = PBXBuildFile; fileRef = 024DDD5723CCAD26002716C8 /* IWLMvmTransOpsGen1.hpp */; };
		026E8CCD2356F0ED000BFD46 /* AppleIntelWifiAdapterV2.hpp in Headers */ = {isa = PBXBuildFile; fileRef = 026E8CCC2356F0ED000BFD46 /* AppleIntelWifiAdapterV2.hpp */; };
		026E8CCF2356F0ED000BFD46 /* AppleIntelWifiAdapterV2.cpp in Sources */ = {isa = PBXBuildFile; fileRef = 026E8CCE2356F0ED000BFD46 /* AppleIntelWifiAdapterV2.cpp */; };
		026E8CDD2356F2AD000BFD46 /* apple80211_ioctl.h in Headers */ = {isa = PBXBuildFile; fileRef = 026E8CD72356F2AD000BFD46 /* apple80211_ioctl.h */; };
		026E8CDE2356F2AD000BFD46 /* apple80211_wps.h in Headers */ = {isa = PBXBuildFile; fileRef = 026E8CD82356F2AD000BFD46 /* apple80211_wps.h */; };
		026E8CDF2356F2AD000BFD46 /* IO80211WorkLoop.h in Headers */ = {isa = PBXBuildFile; fileRef = 026E8CD92356F2AD000BFD46 /* IO80211WorkLoop.h */; };
		026E8CE02356F2AD000BFD46 /* apple80211_var.h in Headers */ = {isa = PBXBuildFile; fileRef = 026E8CDA2356F2AD000BFD46 /* apple80211_var.h */; };
		026E8CE12356F2AD000BFD46 /* IO80211Interface.h in Headers */ = {isa = PBXBuildFile; fileRef = 026E8CDB2356F2AD000BFD46 /* IO80211Interface.h */; };
		02CEFCDB23D45C1200B620E6 /* iwlwifi-Qu-c0-jf-b0-48.ucode in Resources */ = {isa = PBXBuildFile; fileRef = 02CEFCD323D45C1000B620E6 /* iwlwifi-Qu-c0-jf-b0-48.ucode */; };
		02CEFCDC23D45C1200B620E6 /* iwlwifi-cc-a0-48.ucode in Resources */ = {isa = PBXBuildFile; fileRef = 02CEFCD423D45C1000B620E6 /* iwlwifi-cc-a0-48.ucode */; };
		02CEFCDD23D45C1200B620E6 /* iwlwifi-QuZ-a0-jf-b0-48.ucode in Resources */ = {isa = PBXBuildFile; fileRef = 02CEFCD523D45C1100B620E6 /* iwlwifi-QuZ-a0-jf-b0-48.ucode */; };
		02CEFCDE23D45C1200B620E6 /* iwlwifi-QuZ-a0-hr-b0-48.ucode in Resources */ = {isa = PBXBuildFile; fileRef = 02CEFCD623D45C1100B620E6 /* iwlwifi-QuZ-a0-hr-b0-48.ucode */; };
		02CEFCDF23D45C1200B620E6 /* iwlwifi-Qu-c0-hr-b0-48.ucode in Resources */ = {isa = PBXBuildFile; fileRef = 02CEFCD723D45C1100B620E6 /* iwlwifi-Qu-c0-hr-b0-48.ucode */; };
		02CEFCE123D45C1200B620E6 /* iwlwifi-Qu-b0-jf-b0-48.ucode in Resources */ = {isa = PBXBuildFile; fileRef = 02CEFCD923D45C1100B620E6 /* iwlwifi-Qu-b0-jf-b0-48.ucode */; };
		02CEFCE223D45C1200B620E6 /* iwlwifi-Qu-b0-hr-b0-48.ucode in Resources */ = {isa = PBXBuildFile; fileRef = 02CEFCDA23D45C1200B620E6 /* iwlwifi-Qu-b0-hr-b0-48.ucode */; };
		02CEFCE523D5F09600B620E6 /* IWLUcodeParse.cpp in Sources */ = {isa = PBXBuildFile; fileRef = 02CEFCE323D5F09600B620E6 /* IWLUcodeParse.cpp */; };
		02CEFCE623D5F09600B620E6 /* IWLUcodeParse.hpp in Headers */ = {isa = PBXBuildFile; fileRef = 02CEFCE423D5F09600B620E6 /* IWLUcodeParse.hpp */; };
		02DCDEEA23C334DD00997FA0 /* IWLTransport.cpp in Sources */ = {isa = PBXBuildFile; fileRef = 02DCDEE823C334DD00997FA0 /* IWLTransport.cpp */; };
		02DCDEEB23C334DD00997FA0 /* IWLTransport.hpp in Headers */ = {isa = PBXBuildFile; fileRef = 02DCDEE923C334DD00997FA0 /* IWLTransport.hpp */; };
		02EAFD7B23D4202C00905E50 /* time-event.h in Headers */ = {isa = PBXBuildFile; fileRef = 02EAFD5823D4202500905E50 /* time-event.h */; };
		02EAFD7C23D4202C00905E50 /* sf.h in Headers */ = {isa = PBXBuildFile; fileRef = 02EAFD5923D4202500905E50 /* sf.h */; };
		02EAFD7D23D4202C00905E50 /* sta.h in Headers */ = {isa = PBXBuildFile; fileRef = 02EAFD5A23D4202500905E50 /* sta.h */; };
		02EAFD7E23D4202C00905E50 /* power.h in Headers */ = {isa = PBXBuildFile; fileRef = 02EAFD5B23D4202500905E50 /* power.h */; };
		02EAFD7F23D4202C00905E50 /* offload.h in Headers */ = {isa = PBXBuildFile; fileRef = 02EAFD5C23D4202500905E50 /* offload.h */; };
		02EAFD8023D4202C00905E50 /* filter.h in Headers */ = {isa = PBXBuildFile; fileRef = 02EAFD5D23D4202500905E50 /* filter.h */; };
		02EAFD8123D4202C00905E50 /* commands.h in Headers */ = {isa = PBXBuildFile; fileRef = 02EAFD5E23D4202600905E50 /* commands.h */; };
		02EAFD8223D4202C00905E50 /* phy-ctxt.h in Headers */ = {isa = PBXBuildFile; fileRef = 02EAFD5F23D4202600905E50 /* phy-ctxt.h */; };
		02EAFD8323D4202C00905E50 /* paging.h in Headers */ = {isa = PBXBuildFile; fileRef = 02EAFD6023D4202600905E50 /* paging.h */; };
		02EAFD8423D4202C00905E50 /* debug.h in Headers */ = {isa = PBXBuildFile; fileRef = 02EAFD6123D4202600905E50 /* debug.h */; };
		02EAFD8523D4202C00905E50 /* cmdhdr.h in Headers */ = {isa = PBXBuildFile; fileRef = 02EAFD6223D4202600905E50 /* cmdhdr.h */; };
		02EAFD8623D4202C00905E50 /* stats.h in Headers */ = {isa = PBXBuildFile; fileRef = 02EAFD6323D4202700905E50 /* stats.h */; };
		02EAFD8723D4202C00905E50 /* rs.h in Headers */ = {isa = PBXBuildFile; fileRef = 02EAFD6423D4202700905E50 /* rs.h */; };
		02EAFD8823D4202C00905E50 /* phy.h in Headers */ = {isa = PBXBuildFile; fileRef = 02EAFD6523D4202700905E50 /* phy.h */; };
		02EAFD8923D4202C00905E50 /* testing.h in Headers */ = {isa = PBXBuildFile; fileRef = 02EAFD6623D4202700905E50 /* testing.h */; };
		02EAFD8A23D4202C00905E50 /* d3.h in Headers */ = {isa = PBXBuildFile; fileRef = 02EAFD6723D4202700905E50 /* d3.h */; };
		02EAFD8B23D4202C00905E50 /* scan.h in Headers */ = {isa = PBXBuildFile; fileRef = 02EAFD6823D4202700905E50 /* scan.h */; };
		02EAFD8C23D4202C00905E50 /* nan.h in Headers */ = {isa = PBXBuildFile; fileRef = 02EAFD6923D4202800905E50 /* nan.h */; };
		02EAFD8D23D4202C00905E50 /* context.h in Headers */ = {isa = PBXBuildFile; fileRef = 02EAFD6A23D4202800905E50 /* context.h */; };
		02EAFD8E23D4202C00905E50 /* tdls.h in Headers */ = {isa = PBXBuildFile; fileRef = 02EAFD6B23D4202800905E50 /* tdls.h */; };
		02EAFD8F23D4202C00905E50 /* tx.h in Headers */ = {isa = PBXBuildFile; fileRef = 02EAFD6C23D4202800905E50 /* tx.h */; };
		02EAFD9023D4202C00905E50 /* mac.h in Headers */ = {isa = PBXBuildFile; fileRef = 02EAFD6D23D4202900905E50 /* mac.h */; };
		02EAFD9123D4202C00905E50 /* binding.h in Headers */ = {isa = PBXBuildFile; fileRef = 02EAFD6E23D4202900905E50 /* binding.h */; };
		02EAFD9223D4202C00905E50 /* datapath.h in Headers */ = {isa = PBXBuildFile; fileRef = 02EAFD6F23D4202900905E50 /* datapath.h */; };
		02EAFD9323D4202C00905E50 /* coex.h in Headers */ = {isa = PBXBuildFile; fileRef = 02EAFD7023D4202900905E50 /* coex.h */; };
		02EAFD9423D4202C00905E50 /* nvm-reg.h in Headers */ = {isa = PBXBuildFile; fileRef = 02EAFD7123D4202900905E50 /* nvm-reg.h */; };
		02EAFD9523D4202C00905E50 /* location.h in Headers */ = {isa = PBXBuildFile; fileRef = 02EAFD7223D4202A00905E50 /* location.h */; };
		02EAFD9623D4202C00905E50 /* config.h in Headers */ = {isa = PBXBuildFile; fileRef = 02EAFD7323D4202A00905E50 /* config.h */; };
		02EAFD9723D4202C00905E50 /* alive.h in Headers */ = {isa = PBXBuildFile; fileRef = 02EAFD7423D4202A00905E50 /* alive.h */; };
		02EAFD9823D4202C00905E50 /* rx.h in Headers */ = {isa = PBXBuildFile; fileRef = 02EAFD7523D4202A00905E50 /* rx.h */; };
		02EAFD9923D4202C00905E50 /* dbg-tlv.h in Headers */ = {isa = PBXBuildFile; fileRef = 02EAFD7623D4202B00905E50 /* dbg-tlv.h */; };
		02EAFD9A23D4202C00905E50 /* soc.h in Headers */ = {isa = PBXBuildFile; fileRef = 02EAFD7723D4202B00905E50 /* soc.h */; };
		02EAFD9B23D4202C00905E50 /* led.h in Headers */ = {isa = PBXBuildFile; fileRef = 02EAFD7823D4202B00905E50 /* led.h */; };
		02EAFD9C23D4202C00905E50 /* txq.h in Headers */ = {isa = PBXBuildFile; fileRef = 02EAFD7923D4202B00905E50 /* txq.h */; };
		02EAFD9D23D4202C00905E50 /* mac-cfg.h in Headers */ = {isa = PBXBuildFile; fileRef = 02EAFD7A23D4202B00905E50 /* mac-cfg.h */; };
		02EAFD9F23D443B400905E50 /* IWLTransOpsBase.cpp in Sources */ = {isa = PBXBuildFile; fileRef = 02EAFD9E23D443B400905E50 /* IWLTransOpsBase.cpp */; };
		F8C2805B23C1FFD9000827EA /* IWLDevice.cpp in Sources */ = {isa = PBXBuildFile; fileRef = F8C2805923C1FFD9000827EA /* IWLDevice.cpp */; };
		F8C2805C23C1FFD9000827EA /* IWLDevice.hpp in Headers */ = {isa = PBXBuildFile; fileRef = F8C2805A23C1FFD9000827EA /* IWLDevice.hpp */; };
		F8C2806923C20AEA000827EA /* nl80211.h in Headers */ = {isa = PBXBuildFile; fileRef = F8C2806823C20AEA000827EA /* nl80211.h */; };
		F8C280C123C2231D000827EA /* iwlwifi-9000-pu-b0-jf-b0-46.ucode in Resources */ = {isa = PBXBuildFile; fileRef = F8C2807A23C2230D000827EA /* iwlwifi-9000-pu-b0-jf-b0-46.ucode */; };
		F8C280CC23C2231D000827EA /* iwlwifi-7260-17.ucode in Resources */ = {isa = PBXBuildFile; fileRef = F8C2808523C2230F000827EA /* iwlwifi-7260-17.ucode */; };
		F8C280CF23C2231D000827EA /* iwlwifi-8000C-36.ucode in Resources */ = {isa = PBXBuildFile; fileRef = F8C2808823C2230F000827EA /* iwlwifi-8000C-36.ucode */; };
		F8C280D323C2231D000827EA /* iwlwifi-9260-th-b0-jf-b0-46.ucode in Resources */ = {isa = PBXBuildFile; fileRef = F8C2808C23C2230F000827EA /* iwlwifi-9260-th-b0-jf-b0-46.ucode */; };
		F8C280DD23C2231D000827EA /* iwlwifi-3160-17.ucode in Resources */ = {isa = PBXBuildFile; fileRef = F8C2809623C22311000827EA /* iwlwifi-3160-17.ucode */; };
		F8C280DE23C2231D000827EA /* iwlwifi-7265-17.ucode in Resources */ = {isa = PBXBuildFile; fileRef = F8C2809723C22312000827EA /* iwlwifi-7265-17.ucode */; };
		F8C280E823C2231D000827EA /* iwlwifi-3168-29.ucode in Resources */ = {isa = PBXBuildFile; fileRef = F8C280A123C22313000827EA /* iwlwifi-3168-29.ucode */; };
		F8C280EE23C2231D000827EA /* iwlwifi-7265D-29.ucode in Resources */ = {isa = PBXBuildFile; fileRef = F8C280A723C22315000827EA /* iwlwifi-7265D-29.ucode */; };
		F8C280FA23C2231D000827EA /* iwlwifi-8265-36.ucode in Resources */ = {isa = PBXBuildFile; fileRef = F8C280B323C2231A000827EA /* iwlwifi-8265-36.ucode */; };
/* End PBXBuildFile section */

/* Begin PBXFileReference section */
		0238D8A5235B4F4C00074654 /* IOEthernetController.h */ = {isa = PBXFileReference; lastKnownFileType = sourcecode.c.h; path = IOEthernetController.h; sourceTree = "<group>"; };
		0238D8A6235B4F6B00074654 /* IONetworkController.h */ = {isa = PBXFileReference; lastKnownFileType = sourcecode.c.h; path = IONetworkController.h; sourceTree = "<group>"; };
		02443B5623D1E9A4009C675B /* IWLMvmDriver.cpp */ = {isa = PBXFileReference; lastKnownFileType = sourcecode.cpp.cpp; path = IWLMvmDriver.cpp; sourceTree = "<group>"; };
		02443B5723D1E9A4009C675B /* IWLMvmDriver.hpp */ = {isa = PBXFileReference; lastKnownFileType = sourcecode.cpp.h; path = IWLMvmDriver.hpp; sourceTree = "<group>"; };
		0248A083235833CB00A85BA3 /* IO80211Controller.h */ = {isa = PBXFileReference; lastKnownFileType = sourcecode.c.h; path = IO80211Controller.h; sourceTree = "<group>"; };
		024DDD4B23CC7965002716C8 /* IWLTransOps.h */ = {isa = PBXFileReference; lastKnownFileType = sourcecode.c.h; path = IWLTransOps.h; sourceTree = "<group>"; };
		024DDD4C23CCA027002716C8 /* IWLIO.cpp */ = {isa = PBXFileReference; lastKnownFileType = sourcecode.cpp.cpp; path = IWLIO.cpp; sourceTree = "<group>"; };
		024DDD4D23CCA027002716C8 /* IWLIO.hpp */ = {isa = PBXFileReference; lastKnownFileType = sourcecode.cpp.h; path = IWLIO.hpp; sourceTree = "<group>"; };
		024DDD5223CCA79C002716C8 /* IWLMvmTransOpsGen2.cpp */ = {isa = PBXFileReference; lastKnownFileType = sourcecode.cpp.cpp; path = IWLMvmTransOpsGen2.cpp; sourceTree = "<group>"; };
		024DDD5323CCA79C002716C8 /* IWLMvmTransOpsGen2.hpp */ = {isa = PBXFileReference; lastKnownFileType = sourcecode.cpp.h; path = IWLMvmTransOpsGen2.hpp; sourceTree = "<group>"; };
		024DDD5623CCAD26002716C8 /* IWLMvmTransOpsGen1.cpp */ = {isa = PBXFileReference; lastKnownFileType = sourcecode.cpp.cpp; path = IWLMvmTransOpsGen1.cpp; sourceTree = "<group>"; };
		024DDD5723CCAD26002716C8 /* IWLMvmTransOpsGen1.hpp */ = {isa = PBXFileReference; lastKnownFileType = sourcecode.cpp.h; path = IWLMvmTransOpsGen1.hpp; sourceTree = "<group>"; };
		026C2F6F2359CA9600C832EF /* IO80211SkywalkInterface.h */ = {isa = PBXFileReference; lastKnownFileType = sourcecode.c.h; path = IO80211SkywalkInterface.h; sourceTree = "<group>"; };
		026C2F702359CB3300C832EF /* IOSkywalkEthernetInterface.h */ = {isa = PBXFileReference; lastKnownFileType = sourcecode.c.h; path = IOSkywalkEthernetInterface.h; sourceTree = "<group>"; };
		026E8CC92356F0ED000BFD46 /* AppleIntelWifiAdapterV2.kext */ = {isa = PBXFileReference; explicitFileType = wrapper.cfbundle; includeInIndex = 0; path = AppleIntelWifiAdapterV2.kext; sourceTree = BUILT_PRODUCTS_DIR; };
		026E8CCC2356F0ED000BFD46 /* AppleIntelWifiAdapterV2.hpp */ = {isa = PBXFileReference; lastKnownFileType = sourcecode.cpp.h; path = AppleIntelWifiAdapterV2.hpp; sourceTree = "<group>"; };
		026E8CCE2356F0ED000BFD46 /* AppleIntelWifiAdapterV2.cpp */ = {isa = PBXFileReference; lastKnownFileType = sourcecode.cpp.cpp; path = AppleIntelWifiAdapterV2.cpp; sourceTree = "<group>"; };
		026E8CD02356F0ED000BFD46 /* Info.plist */ = {isa = PBXFileReference; lastKnownFileType = text.plist.xml; path = Info.plist; sourceTree = "<group>"; };
		026E8CD72356F2AD000BFD46 /* apple80211_ioctl.h */ = {isa = PBXFileReference; fileEncoding = 4; lastKnownFileType = sourcecode.c.h; path = apple80211_ioctl.h; sourceTree = "<group>"; };
		026E8CD82356F2AD000BFD46 /* apple80211_wps.h */ = {isa = PBXFileReference; fileEncoding = 4; lastKnownFileType = sourcecode.c.h; path = apple80211_wps.h; sourceTree = "<group>"; };
		026E8CD92356F2AD000BFD46 /* IO80211WorkLoop.h */ = {isa = PBXFileReference; fileEncoding = 4; lastKnownFileType = sourcecode.c.h; path = IO80211WorkLoop.h; sourceTree = "<group>"; };
		026E8CDA2356F2AD000BFD46 /* apple80211_var.h */ = {isa = PBXFileReference; fileEncoding = 4; lastKnownFileType = sourcecode.c.h; path = apple80211_var.h; sourceTree = "<group>"; };
		026E8CDB2356F2AD000BFD46 /* IO80211Interface.h */ = {isa = PBXFileReference; fileEncoding = 4; lastKnownFileType = sourcecode.c.h; path = IO80211Interface.h; sourceTree = "<group>"; };
		02CEFCD223D4595E00B620E6 /* IWLFH.h */ = {isa = PBXFileReference; lastKnownFileType = sourcecode.c.h; path = IWLFH.h; sourceTree = "<group>"; };
		02CEFCD323D45C1000B620E6 /* iwlwifi-Qu-c0-jf-b0-48.ucode */ = {isa = PBXFileReference; lastKnownFileType = file; path = "iwlwifi-Qu-c0-jf-b0-48.ucode"; sourceTree = "<group>"; };
		02CEFCD423D45C1000B620E6 /* iwlwifi-cc-a0-48.ucode */ = {isa = PBXFileReference; lastKnownFileType = file; path = "iwlwifi-cc-a0-48.ucode"; sourceTree = "<group>"; };
		02CEFCD523D45C1100B620E6 /* iwlwifi-QuZ-a0-jf-b0-48.ucode */ = {isa = PBXFileReference; lastKnownFileType = file; path = "iwlwifi-QuZ-a0-jf-b0-48.ucode"; sourceTree = "<group>"; };
		02CEFCD623D45C1100B620E6 /* iwlwifi-QuZ-a0-hr-b0-48.ucode */ = {isa = PBXFileReference; lastKnownFileType = file; path = "iwlwifi-QuZ-a0-hr-b0-48.ucode"; sourceTree = "<group>"; };
		02CEFCD723D45C1100B620E6 /* iwlwifi-Qu-c0-hr-b0-48.ucode */ = {isa = PBXFileReference; lastKnownFileType = file; path = "iwlwifi-Qu-c0-hr-b0-48.ucode"; sourceTree = "<group>"; };
		02CEFCD923D45C1100B620E6 /* iwlwifi-Qu-b0-jf-b0-48.ucode */ = {isa = PBXFileReference; lastKnownFileType = file; path = "iwlwifi-Qu-b0-jf-b0-48.ucode"; sourceTree = "<group>"; };
		02CEFCDA23D45C1200B620E6 /* iwlwifi-Qu-b0-hr-b0-48.ucode */ = {isa = PBXFileReference; lastKnownFileType = file; path = "iwlwifi-Qu-b0-hr-b0-48.ucode"; sourceTree = "<group>"; };
		02CEFCE323D5F09600B620E6 /* IWLUcodeParse.cpp */ = {isa = PBXFileReference; lastKnownFileType = sourcecode.cpp.cpp; path = IWLUcodeParse.cpp; sourceTree = "<group>"; };
		02CEFCE423D5F09600B620E6 /* IWLUcodeParse.hpp */ = {isa = PBXFileReference; lastKnownFileType = sourcecode.cpp.h; path = IWLUcodeParse.hpp; sourceTree = "<group>"; };
		02DCDEE623C30E8000997FA0 /* IWLCSR.h */ = {isa = PBXFileReference; lastKnownFileType = sourcecode.c.h; path = IWLCSR.h; sourceTree = "<group>"; };
		02DCDEE723C329C400997FA0 /* IWLDebug.h */ = {isa = PBXFileReference; lastKnownFileType = sourcecode.c.h; path = IWLDebug.h; sourceTree = "<group>"; };
		02DCDEE823C334DD00997FA0 /* IWLTransport.cpp */ = {isa = PBXFileReference; lastKnownFileType = sourcecode.cpp.cpp; path = IWLTransport.cpp; sourceTree = "<group>"; };
		02DCDEE923C334DD00997FA0 /* IWLTransport.hpp */ = {isa = PBXFileReference; lastKnownFileType = sourcecode.cpp.h; path = IWLTransport.hpp; sourceTree = "<group>"; };
		02EAFD5823D4202500905E50 /* time-event.h */ = {isa = PBXFileReference; fileEncoding = 4; lastKnownFileType = sourcecode.c.h; path = "time-event.h"; sourceTree = "<group>"; };
		02EAFD5923D4202500905E50 /* sf.h */ = {isa = PBXFileReference; fileEncoding = 4; lastKnownFileType = sourcecode.c.h; path = sf.h; sourceTree = "<group>"; };
		02EAFD5A23D4202500905E50 /* sta.h */ = {isa = PBXFileReference; fileEncoding = 4; lastKnownFileType = sourcecode.c.h; path = sta.h; sourceTree = "<group>"; };
		02EAFD5B23D4202500905E50 /* power.h */ = {isa = PBXFileReference; fileEncoding = 4; lastKnownFileType = sourcecode.c.h; path = power.h; sourceTree = "<group>"; };
		02EAFD5C23D4202500905E50 /* offload.h */ = {isa = PBXFileReference; fileEncoding = 4; lastKnownFileType = sourcecode.c.h; path = offload.h; sourceTree = "<group>"; };
		02EAFD5D23D4202500905E50 /* filter.h */ = {isa = PBXFileReference; fileEncoding = 4; lastKnownFileType = sourcecode.c.h; path = filter.h; sourceTree = "<group>"; };
		02EAFD5E23D4202600905E50 /* commands.h */ = {isa = PBXFileReference; fileEncoding = 4; lastKnownFileType = sourcecode.c.h; path = commands.h; sourceTree = "<group>"; };
		02EAFD5F23D4202600905E50 /* phy-ctxt.h */ = {isa = PBXFileReference; fileEncoding = 4; lastKnownFileType = sourcecode.c.h; path = "phy-ctxt.h"; sourceTree = "<group>"; };
		02EAFD6023D4202600905E50 /* paging.h */ = {isa = PBXFileReference; fileEncoding = 4; lastKnownFileType = sourcecode.c.h; path = paging.h; sourceTree = "<group>"; };
		02EAFD6123D4202600905E50 /* debug.h */ = {isa = PBXFileReference; fileEncoding = 4; lastKnownFileType = sourcecode.c.h; path = debug.h; sourceTree = "<group>"; };
		02EAFD6223D4202600905E50 /* cmdhdr.h */ = {isa = PBXFileReference; fileEncoding = 4; lastKnownFileType = sourcecode.c.h; path = cmdhdr.h; sourceTree = "<group>"; };
		02EAFD6323D4202700905E50 /* stats.h */ = {isa = PBXFileReference; fileEncoding = 4; lastKnownFileType = sourcecode.c.h; path = stats.h; sourceTree = "<group>"; };
		02EAFD6423D4202700905E50 /* rs.h */ = {isa = PBXFileReference; fileEncoding = 4; lastKnownFileType = sourcecode.c.h; path = rs.h; sourceTree = "<group>"; };
		02EAFD6523D4202700905E50 /* phy.h */ = {isa = PBXFileReference; fileEncoding = 4; lastKnownFileType = sourcecode.c.h; path = phy.h; sourceTree = "<group>"; };
		02EAFD6623D4202700905E50 /* testing.h */ = {isa = PBXFileReference; fileEncoding = 4; lastKnownFileType = sourcecode.c.h; path = testing.h; sourceTree = "<group>"; };
		02EAFD6723D4202700905E50 /* d3.h */ = {isa = PBXFileReference; fileEncoding = 4; lastKnownFileType = sourcecode.c.h; path = d3.h; sourceTree = "<group>"; };
		02EAFD6823D4202700905E50 /* scan.h */ = {isa = PBXFileReference; fileEncoding = 4; lastKnownFileType = sourcecode.c.h; path = scan.h; sourceTree = "<group>"; };
		02EAFD6923D4202800905E50 /* nan.h */ = {isa = PBXFileReference; fileEncoding = 4; lastKnownFileType = sourcecode.c.h; path = nan.h; sourceTree = "<group>"; };
		02EAFD6A23D4202800905E50 /* context.h */ = {isa = PBXFileReference; fileEncoding = 4; lastKnownFileType = sourcecode.c.h; path = context.h; sourceTree = "<group>"; };
		02EAFD6B23D4202800905E50 /* tdls.h */ = {isa = PBXFileReference; fileEncoding = 4; lastKnownFileType = sourcecode.c.h; path = tdls.h; sourceTree = "<group>"; };
		02EAFD6C23D4202800905E50 /* tx.h */ = {isa = PBXFileReference; fileEncoding = 4; lastKnownFileType = sourcecode.c.h; path = tx.h; sourceTree = "<group>"; };
		02EAFD6D23D4202900905E50 /* mac.h */ = {isa = PBXFileReference; fileEncoding = 4; lastKnownFileType = sourcecode.c.h; path = mac.h; sourceTree = "<group>"; };
		02EAFD6E23D4202900905E50 /* binding.h */ = {isa = PBXFileReference; fileEncoding = 4; lastKnownFileType = sourcecode.c.h; path = binding.h; sourceTree = "<group>"; };
		02EAFD6F23D4202900905E50 /* datapath.h */ = {isa = PBXFileReference; fileEncoding = 4; lastKnownFileType = sourcecode.c.h; path = datapath.h; sourceTree = "<group>"; };
		02EAFD7023D4202900905E50 /* coex.h */ = {isa = PBXFileReference; fileEncoding = 4; lastKnownFileType = sourcecode.c.h; path = coex.h; sourceTree = "<group>"; };
		02EAFD7123D4202900905E50 /* nvm-reg.h */ = {isa = PBXFileReference; fileEncoding = 4; lastKnownFileType = sourcecode.c.h; path = "nvm-reg.h"; sourceTree = "<group>"; };
		02EAFD7223D4202A00905E50 /* location.h */ = {isa = PBXFileReference; fileEncoding = 4; lastKnownFileType = sourcecode.c.h; path = location.h; sourceTree = "<group>"; };
		02EAFD7323D4202A00905E50 /* config.h */ = {isa = PBXFileReference; fileEncoding = 4; lastKnownFileType = sourcecode.c.h; path = config.h; sourceTree = "<group>"; };
		02EAFD7423D4202A00905E50 /* alive.h */ = {isa = PBXFileReference; fileEncoding = 4; lastKnownFileType = sourcecode.c.h; path = alive.h; sourceTree = "<group>"; };
		02EAFD7523D4202A00905E50 /* rx.h */ = {isa = PBXFileReference; fileEncoding = 4; lastKnownFileType = sourcecode.c.h; path = rx.h; sourceTree = "<group>"; };
		02EAFD7623D4202B00905E50 /* dbg-tlv.h */ = {isa = PBXFileReference; fileEncoding = 4; lastKnownFileType = sourcecode.c.h; path = "dbg-tlv.h"; sourceTree = "<group>"; };
		02EAFD7723D4202B00905E50 /* soc.h */ = {isa = PBXFileReference; fileEncoding = 4; lastKnownFileType = sourcecode.c.h; path = soc.h; sourceTree = "<group>"; };
		02EAFD7823D4202B00905E50 /* led.h */ = {isa = PBXFileReference; fileEncoding = 4; lastKnownFileType = sourcecode.c.h; path = led.h; sourceTree = "<group>"; };
		02EAFD7923D4202B00905E50 /* txq.h */ = {isa = PBXFileReference; fileEncoding = 4; lastKnownFileType = sourcecode.c.h; path = txq.h; sourceTree = "<group>"; };
		02EAFD7A23D4202B00905E50 /* mac-cfg.h */ = {isa = PBXFileReference; fileEncoding = 4; lastKnownFileType = sourcecode.c.h; path = "mac-cfg.h"; sourceTree = "<group>"; };
		02EAFD9E23D443B400905E50 /* IWLTransOpsBase.cpp */ = {isa = PBXFileReference; lastKnownFileType = sourcecode.cpp.cpp; path = IWLTransOpsBase.cpp; sourceTree = "<group>"; };
		F8C2805923C1FFD9000827EA /* IWLDevice.cpp */ = {isa = PBXFileReference; lastKnownFileType = sourcecode.cpp.cpp; path = IWLDevice.cpp; sourceTree = "<group>"; };
		F8C2805A23C1FFD9000827EA /* IWLDevice.hpp */ = {isa = PBXFileReference; lastKnownFileType = sourcecode.cpp.h; path = IWLDevice.hpp; sourceTree = "<group>"; };
		F8C2805D23C20000000827EA /* IWLDeviceList.h */ = {isa = PBXFileReference; lastKnownFileType = sourcecode.c.h; path = IWLDeviceList.h; sourceTree = "<group>"; };
		F8C2805E23C203DB000827EA /* IWLDeviceBase.h */ = {isa = PBXFileReference; lastKnownFileType = sourcecode.c.h; path = IWLDeviceBase.h; sourceTree = "<group>"; };
		F8C2805F23C20586000827EA /* IWLDevice7000.h */ = {isa = PBXFileReference; lastKnownFileType = sourcecode.c.h; path = IWLDevice7000.h; sourceTree = "<group>"; };
		F8C2806023C2063E000827EA /* types.h */ = {isa = PBXFileReference; lastKnownFileType = sourcecode.c.h; path = types.h; sourceTree = "<group>"; };
		F8C2806623C2073B000827EA /* bitfield.h */ = {isa = PBXFileReference; lastKnownFileType = sourcecode.c.h; path = bitfield.h; sourceTree = "<group>"; };
		F8C2806823C20AEA000827EA /* nl80211.h */ = {isa = PBXFileReference; fileEncoding = 4; lastKnownFileType = sourcecode.c.h; path = nl80211.h; sourceTree = "<group>"; };
		F8C2806A23C20DCD000827EA /* netdevice.h */ = {isa = PBXFileReference; lastKnownFileType = sourcecode.c.h; path = netdevice.h; sourceTree = "<group>"; };
		F8C2806B23C20E8C000827EA /* ieee80211.h */ = {isa = PBXFileReference; lastKnownFileType = sourcecode.c.h; path = ieee80211.h; sourceTree = "<group>"; };
		F8C2806C23C20EDD000827EA /* kernel.h */ = {isa = PBXFileReference; lastKnownFileType = sourcecode.c.h; path = kernel.h; sourceTree = "<group>"; };
		F8C2806D23C21059000827EA /* IWLDevice8000.h */ = {isa = PBXFileReference; lastKnownFileType = sourcecode.c.h; path = IWLDevice8000.h; sourceTree = "<group>"; };
		F8C2806F23C210E9000827EA /* IWLDevice9000.h */ = {isa = PBXFileReference; lastKnownFileType = sourcecode.c.h; path = IWLDevice9000.h; sourceTree = "<group>"; };
		F8C2807023C21305000827EA /* IWLPRPH.h */ = {isa = PBXFileReference; lastKnownFileType = sourcecode.c.h; path = IWLPRPH.h; sourceTree = "<group>"; };
		F8C2807123C21390000827EA /* FWFile.h */ = {isa = PBXFileReference; lastKnownFileType = sourcecode.c.h; path = FWFile.h; sourceTree = "<group>"; };
		F8C2807323C21428000827EA /* IWLDevice22000.h */ = {isa = PBXFileReference; lastKnownFileType = sourcecode.c.h; path = IWLDevice22000.h; sourceTree = "<group>"; };
		F8C2807A23C2230D000827EA /* iwlwifi-9000-pu-b0-jf-b0-46.ucode */ = {isa = PBXFileReference; lastKnownFileType = file; path = "iwlwifi-9000-pu-b0-jf-b0-46.ucode"; sourceTree = "<group>"; };
		F8C2808523C2230F000827EA /* iwlwifi-7260-17.ucode */ = {isa = PBXFileReference; lastKnownFileType = file; path = "iwlwifi-7260-17.ucode"; sourceTree = "<group>"; };
		F8C2808823C2230F000827EA /* iwlwifi-8000C-36.ucode */ = {isa = PBXFileReference; lastKnownFileType = file; path = "iwlwifi-8000C-36.ucode"; sourceTree = "<group>"; };
		F8C2808C23C2230F000827EA /* iwlwifi-9260-th-b0-jf-b0-46.ucode */ = {isa = PBXFileReference; lastKnownFileType = file; path = "iwlwifi-9260-th-b0-jf-b0-46.ucode"; sourceTree = "<group>"; };
		F8C2809623C22311000827EA /* iwlwifi-3160-17.ucode */ = {isa = PBXFileReference; lastKnownFileType = file; path = "iwlwifi-3160-17.ucode"; sourceTree = "<group>"; };
		F8C2809723C22312000827EA /* iwlwifi-7265-17.ucode */ = {isa = PBXFileReference; lastKnownFileType = file; path = "iwlwifi-7265-17.ucode"; sourceTree = "<group>"; };
		F8C280A123C22313000827EA /* iwlwifi-3168-29.ucode */ = {isa = PBXFileReference; lastKnownFileType = file; path = "iwlwifi-3168-29.ucode"; sourceTree = "<group>"; };
		F8C280A723C22315000827EA /* iwlwifi-7265D-29.ucode */ = {isa = PBXFileReference; lastKnownFileType = file; path = "iwlwifi-7265D-29.ucode"; sourceTree = "<group>"; };
		F8C280B323C2231A000827EA /* iwlwifi-8265-36.ucode */ = {isa = PBXFileReference; lastKnownFileType = file; path = "iwlwifi-8265-36.ucode"; sourceTree = "<group>"; };
/* End PBXFileReference section */

/* Begin PBXFrameworksBuildPhase section */
		026E8CC62356F0ED000BFD46 /* Frameworks */ = {
			isa = PBXFrameworksBuildPhase;
			buildActionMask = 2147483647;
			files = (
			);
			runOnlyForDeploymentPostprocessing = 0;
		};
/* End PBXFrameworksBuildPhase section */

/* Begin PBXGroup section */
		026CE67F2357F7F70034342E /* Frameworks */ = {
			isa = PBXGroup;
			children = (
			);
			name = Frameworks;
			sourceTree = "<group>";
		};
		026E8CBF2356F0ED000BFD46 = {
			isa = PBXGroup;
			children = (
				026E8CCB2356F0ED000BFD46 /* AppleIntelWifiAdapter */,
				026E8CCA2356F0ED000BFD46 /* Products */,
				026CE67F2357F7F70034342E /* Frameworks */,
			);
			sourceTree = "<group>";
		};
		026E8CCA2356F0ED000BFD46 /* Products */ = {
			isa = PBXGroup;
			children = (
				026E8CC92356F0ED000BFD46 /* AppleIntelWifiAdapterV2.kext */,
			);
			name = Products;
			sourceTree = "<group>";
		};
		026E8CCB2356F0ED000BFD46 /* AppleIntelWifiAdapter */ = {
			isa = PBXGroup;
			children = (
				F8C2807223C213F5000827EA /* fw */,
				F8C2806E23C210CB000827EA /* device */,
				F8C2806123C206BF000827EA /* compat */,
				026E8CE32356FD4D000BFD46 /* firmware */,
				026E8CD62356F2AD000BFD46 /* apple80211 */,
				026E8CCC2356F0ED000BFD46 /* AppleIntelWifiAdapterV2.hpp */,
				026E8CCE2356F0ED000BFD46 /* AppleIntelWifiAdapterV2.cpp */,
				026E8CD02356F0ED000BFD46 /* Info.plist */,
				F8C2805923C1FFD9000827EA /* IWLDevice.cpp */,
				F8C2805A23C1FFD9000827EA /* IWLDevice.hpp */,
				02DCDEE723C329C400997FA0 /* IWLDebug.h */,
				02DCDEE823C334DD00997FA0 /* IWLTransport.cpp */,
				02DCDEE923C334DD00997FA0 /* IWLTransport.hpp */,
				024DDD4B23CC7965002716C8 /* IWLTransOps.h */,
				02EAFD9E23D443B400905E50 /* IWLTransOpsBase.cpp */,
				024DDD4C23CCA027002716C8 /* IWLIO.cpp */,
				024DDD4D23CCA027002716C8 /* IWLIO.hpp */,
				024DDD5223CCA79C002716C8 /* IWLMvmTransOpsGen2.cpp */,
				024DDD5323CCA79C002716C8 /* IWLMvmTransOpsGen2.hpp */,
				024DDD5623CCAD26002716C8 /* IWLMvmTransOpsGen1.cpp */,
				024DDD5723CCAD26002716C8 /* IWLMvmTransOpsGen1.hpp */,
				02443B5623D1E9A4009C675B /* IWLMvmDriver.cpp */,
				02443B5723D1E9A4009C675B /* IWLMvmDriver.hpp */,
				02CEFCD223D4595E00B620E6 /* IWLFH.h */,
			);
			path = AppleIntelWifiAdapter;
			sourceTree = "<group>";
		};
		026E8CD62356F2AD000BFD46 /* apple80211 */ = {
			isa = PBXGroup;
			children = (
				026E8CD72356F2AD000BFD46 /* apple80211_ioctl.h */,
				026E8CD82356F2AD000BFD46 /* apple80211_wps.h */,
				026E8CD92356F2AD000BFD46 /* IO80211WorkLoop.h */,
				026E8CDA2356F2AD000BFD46 /* apple80211_var.h */,
				026E8CDB2356F2AD000BFD46 /* IO80211Interface.h */,
				0248A083235833CB00A85BA3 /* IO80211Controller.h */,
				026C2F6F2359CA9600C832EF /* IO80211SkywalkInterface.h */,
				026C2F702359CB3300C832EF /* IOSkywalkEthernetInterface.h */,
				0238D8A5235B4F4C00074654 /* IOEthernetController.h */,
				0238D8A6235B4F6B00074654 /* IONetworkController.h */,
			);
			path = apple80211;
			sourceTree = "<group>";
		};
		026E8CE32356FD4D000BFD46 /* firmware */ = {
			isa = PBXGroup;
			children = (
				F8C2809623C22311000827EA /* iwlwifi-3160-17.ucode */,
				F8C280A123C22313000827EA /* iwlwifi-3168-29.ucode */,
				F8C2808523C2230F000827EA /* iwlwifi-7260-17.ucode */,
				F8C2809723C22312000827EA /* iwlwifi-7265-17.ucode */,
				F8C280A723C22315000827EA /* iwlwifi-7265D-29.ucode */,
				F8C2808823C2230F000827EA /* iwlwifi-8000C-36.ucode */,
				F8C280B323C2231A000827EA /* iwlwifi-8265-36.ucode */,
				F8C2807A23C2230D000827EA /* iwlwifi-9000-pu-b0-jf-b0-46.ucode */,
				F8C2808C23C2230F000827EA /* iwlwifi-9260-th-b0-jf-b0-46.ucode */,
				02CEFCD423D45C1000B620E6 /* iwlwifi-cc-a0-48.ucode */,
				02CEFCDA23D45C1200B620E6 /* iwlwifi-Qu-b0-hr-b0-48.ucode */,
				02CEFCD923D45C1100B620E6 /* iwlwifi-Qu-b0-jf-b0-48.ucode */,
				02CEFCD723D45C1100B620E6 /* iwlwifi-Qu-c0-hr-b0-48.ucode */,
				02CEFCD323D45C1000B620E6 /* iwlwifi-Qu-c0-jf-b0-48.ucode */,
				02CEFCD623D45C1100B620E6 /* iwlwifi-QuZ-a0-hr-b0-48.ucode */,
				02CEFCD523D45C1100B620E6 /* iwlwifi-QuZ-a0-jf-b0-48.ucode */,
			);
			path = firmware;
			sourceTree = "<group>";
		};
		02EAFD5723D41FF600905E50 /* api */ = {
			isa = PBXGroup;
			children = (
				02EAFD7423D4202A00905E50 /* alive.h */,
				02EAFD6E23D4202900905E50 /* binding.h */,
				02EAFD6223D4202600905E50 /* cmdhdr.h */,
				02EAFD7023D4202900905E50 /* coex.h */,
				02EAFD5E23D4202600905E50 /* commands.h */,
				02EAFD7323D4202A00905E50 /* config.h */,
				02EAFD6A23D4202800905E50 /* context.h */,
				02EAFD6723D4202700905E50 /* d3.h */,
				02EAFD6F23D4202900905E50 /* datapath.h */,
				02EAFD7623D4202B00905E50 /* dbg-tlv.h */,
				02EAFD6123D4202600905E50 /* debug.h */,
				02EAFD5D23D4202500905E50 /* filter.h */,
				02EAFD7823D4202B00905E50 /* led.h */,
				02EAFD7223D4202A00905E50 /* location.h */,
				02EAFD7A23D4202B00905E50 /* mac-cfg.h */,
				02EAFD6D23D4202900905E50 /* mac.h */,
				02EAFD6923D4202800905E50 /* nan.h */,
				02EAFD7123D4202900905E50 /* nvm-reg.h */,
				02EAFD5C23D4202500905E50 /* offload.h */,
				02EAFD6023D4202600905E50 /* paging.h */,
				02EAFD5F23D4202600905E50 /* phy-ctxt.h */,
				02EAFD6523D4202700905E50 /* phy.h */,
				02EAFD5B23D4202500905E50 /* power.h */,
				02EAFD6423D4202700905E50 /* rs.h */,
				02EAFD7523D4202A00905E50 /* rx.h */,
				02EAFD6823D4202700905E50 /* scan.h */,
				02EAFD5923D4202500905E50 /* sf.h */,
				02EAFD7723D4202B00905E50 /* soc.h */,
				02EAFD5A23D4202500905E50 /* sta.h */,
				02EAFD6323D4202700905E50 /* stats.h */,
				02EAFD6B23D4202800905E50 /* tdls.h */,
				02EAFD6623D4202700905E50 /* testing.h */,
				02EAFD5823D4202500905E50 /* time-event.h */,
				02EAFD6C23D4202800905E50 /* tx.h */,
				02EAFD7923D4202B00905E50 /* txq.h */,
			);
			path = api;
			sourceTree = "<group>";
		};
		F8C2806123C206BF000827EA /* compat */ = {
			isa = PBXGroup;
			children = (
				F8C2806723C2095E000827EA /* linux */,
			);
			path = compat;
			sourceTree = "<group>";
		};
		F8C2806723C2095E000827EA /* linux */ = {
			isa = PBXGroup;
			children = (
				F8C2806823C20AEA000827EA /* nl80211.h */,
				F8C2806023C2063E000827EA /* types.h */,
				F8C2806623C2073B000827EA /* bitfield.h */,
				F8C2806A23C20DCD000827EA /* netdevice.h */,
				F8C2806B23C20E8C000827EA /* ieee80211.h */,
				F8C2806C23C20EDD000827EA /* kernel.h */,
			);
			path = linux;
			sourceTree = "<group>";
		};
		F8C2806E23C210CB000827EA /* device */ = {
			isa = PBXGroup;
			children = (
				F8C2805D23C20000000827EA /* IWLDeviceList.h */,
				F8C2805E23C203DB000827EA /* IWLDeviceBase.h */,
				F8C2805F23C20586000827EA /* IWLDevice7000.h */,
				F8C2806D23C21059000827EA /* IWLDevice8000.h */,
				F8C2806F23C210E9000827EA /* IWLDevice9000.h */,
				F8C2807023C21305000827EA /* IWLPRPH.h */,
				F8C2807323C21428000827EA /* IWLDevice22000.h */,
				02DCDEE623C30E8000997FA0 /* IWLCSR.h */,
			);
			path = device;
			sourceTree = "<group>";
		};
		F8C2807223C213F5000827EA /* fw */ = {
			isa = PBXGroup;
			children = (
				02EAFD5723D41FF600905E50 /* api */,
				F8C2807123C21390000827EA /* FWFile.h */,
				02CEFCE323D5F09600B620E6 /* IWLUcodeParse.cpp */,
				02CEFCE423D5F09600B620E6 /* IWLUcodeParse.hpp */,
			);
			path = fw;
			sourceTree = "<group>";
		};
/* End PBXGroup section */

/* Begin PBXHeadersBuildPhase section */
		026E8CC42356F0ED000BFD46 /* Headers */ = {
			isa = PBXHeadersBuildPhase;
			buildActionMask = 2147483647;
			files = (
				02EAFD9623D4202C00905E50 /* config.h in Headers */,
				02EAFD8F23D4202C00905E50 /* tx.h in Headers */,
				02EAFD9023D4202C00905E50 /* mac.h in Headers */,
				02EAFD9123D4202C00905E50 /* binding.h in Headers */,
				02EAFD7B23D4202C00905E50 /* time-event.h in Headers */,
				026E8CDF2356F2AD000BFD46 /* IO80211WorkLoop.h in Headers */,
				024DDD5923CCAD26002716C8 /* IWLMvmTransOpsGen1.hpp in Headers */,
				02EAFD7D23D4202C00905E50 /* sta.h in Headers */,
				02EAFD8D23D4202C00905E50 /* context.h in Headers */,
				02EAFD7C23D4202C00905E50 /* sf.h in Headers */,
				02EAFD9423D4202C00905E50 /* nvm-reg.h in Headers */,
				02EAFD8B23D4202C00905E50 /* scan.h in Headers */,
				02443B5923D1E9A4009C675B /* IWLMvmDriver.hpp in Headers */,
				026E8CE12356F2AD000BFD46 /* IO80211Interface.h in Headers */,
				02EAFD8723D4202C00905E50 /* rs.h in Headers */,
				02EAFD9923D4202C00905E50 /* dbg-tlv.h in Headers */,
				026E8CE02356F2AD000BFD46 /* apple80211_var.h in Headers */,
				026E8CDD2356F2AD000BFD46 /* apple80211_ioctl.h in Headers */,
				024DDD5523CCA79C002716C8 /* IWLMvmTransOpsGen2.hpp in Headers */,
				F8C2805C23C1FFD9000827EA /* IWLDevice.hpp in Headers */,
				02EAFD9323D4202C00905E50 /* coex.h in Headers */,
				F8C2806923C20AEA000827EA /* nl80211.h in Headers */,
				02EAFD8423D4202C00905E50 /* debug.h in Headers */,
				02CEFCE623D5F09600B620E6 /* IWLUcodeParse.hpp in Headers */,
				02EAFD8A23D4202C00905E50 /* d3.h in Headers */,
				02EAFD8323D4202C00905E50 /* paging.h in Headers */,
				02DCDEEB23C334DD00997FA0 /* IWLTransport.hpp in Headers */,
				02EAFD9823D4202C00905E50 /* rx.h in Headers */,
				02EAFD8223D4202C00905E50 /* phy-ctxt.h in Headers */,
				02EAFD9C23D4202C00905E50 /* txq.h in Headers */,
				02EAFD8523D4202C00905E50 /* cmdhdr.h in Headers */,
				02EAFD8623D4202C00905E50 /* stats.h in Headers */,
				02EAFD9A23D4202C00905E50 /* soc.h in Headers */,
				026E8CCD2356F0ED000BFD46 /* AppleIntelWifiAdapterV2.hpp in Headers */,
				02EAFD9223D4202C00905E50 /* datapath.h in Headers */,
				02EAFD8E23D4202C00905E50 /* tdls.h in Headers */,
				02EAFD8123D4202C00905E50 /* commands.h in Headers */,
				02EAFD8923D4202C00905E50 /* testing.h in Headers */,
				02EAFD8C23D4202C00905E50 /* nan.h in Headers */,
				02EAFD9523D4202C00905E50 /* location.h in Headers */,
				02EAFD7E23D4202C00905E50 /* power.h in Headers */,
				02EAFD9723D4202C00905E50 /* alive.h in Headers */,
				026E8CDE2356F2AD000BFD46 /* apple80211_wps.h in Headers */,
				02EAFD7F23D4202C00905E50 /* offload.h in Headers */,
				02EAFD8823D4202C00905E50 /* phy.h in Headers */,
				024DDD4F23CCA027002716C8 /* IWLIO.hpp in Headers */,
				02EAFD9D23D4202C00905E50 /* mac-cfg.h in Headers */,
				02EAFD9B23D4202C00905E50 /* led.h in Headers */,
				02EAFD8023D4202C00905E50 /* filter.h in Headers */,
			);
			runOnlyForDeploymentPostprocessing = 0;
		};
/* End PBXHeadersBuildPhase section */

/* Begin PBXNativeTarget section */
		026E8CC82356F0ED000BFD46 /* AppleIntelWifiAdapter */ = {
			isa = PBXNativeTarget;
			buildConfigurationList = 026E8CD32356F0ED000BFD46 /* Build configuration list for PBXNativeTarget "AppleIntelWifiAdapter" */;
			buildPhases = (
				026E8CC42356F0ED000BFD46 /* Headers */,
				026E8CC52356F0ED000BFD46 /* Sources */,
				026E8CC62356F0ED000BFD46 /* Frameworks */,
				026E8CC72356F0ED000BFD46 /* Resources */,
			);
			buildRules = (
			);
			dependencies = (
			);
			name = AppleIntelWifiAdapter;
			productName = AppleIntelWifiAdapter;
			productReference = 026E8CC92356F0ED000BFD46 /* AppleIntelWifiAdapterV2.kext */;
			productType = "com.apple.product-type.kernel-extension";
		};
/* End PBXNativeTarget section */

/* Begin PBXProject section */
		026E8CC02356F0ED000BFD46 /* Project object */ = {
			isa = PBXProject;
			attributes = {
				LastUpgradeCheck = 1100;
				ORGANIZATIONNAME = "钟先耀";
				TargetAttributes = {
					026E8CC82356F0ED000BFD46 = {
						CreatedOnToolsVersion = 11.0;
						ProvisioningStyle = Automatic;
					};
				};
			};
			buildConfigurationList = 026E8CC32356F0ED000BFD46 /* Build configuration list for PBXProject "AppleIntelWifiAdapter" */;
			compatibilityVersion = "Xcode 8.0";
			developmentRegion = en;
			hasScannedForEncodings = 0;
			knownRegions = (
				en,
				Base,
			);
			mainGroup = 026E8CBF2356F0ED000BFD46;
			productRefGroup = 026E8CCA2356F0ED000BFD46 /* Products */;
			projectDirPath = "";
			projectRoot = "";
			targets = (
				026E8CC82356F0ED000BFD46 /* AppleIntelWifiAdapter */,
			);
		};
/* End PBXProject section */

/* Begin PBXResourcesBuildPhase section */
		026E8CC72356F0ED000BFD46 /* Resources */ = {
			isa = PBXResourcesBuildPhase;
			buildActionMask = 2147483647;
			files = (
				02CEFCDC23D45C1200B620E6 /* iwlwifi-cc-a0-48.ucode in Resources */,
				F8C280E823C2231D000827EA /* iwlwifi-3168-29.ucode in Resources */,
				02CEFCDD23D45C1200B620E6 /* iwlwifi-QuZ-a0-jf-b0-48.ucode in Resources */,
				02CEFCDB23D45C1200B620E6 /* iwlwifi-Qu-c0-jf-b0-48.ucode in Resources */,
				F8C280DE23C2231D000827EA /* iwlwifi-7265-17.ucode in Resources */,
				02CEFCDF23D45C1200B620E6 /* iwlwifi-Qu-c0-hr-b0-48.ucode in Resources */,
				F8C280CC23C2231D000827EA /* iwlwifi-7260-17.ucode in Resources */,
				F8C280D323C2231D000827EA /* iwlwifi-9260-th-b0-jf-b0-46.ucode in Resources */,
				F8C280DD23C2231D000827EA /* iwlwifi-3160-17.ucode in Resources */,
				F8C280EE23C2231D000827EA /* iwlwifi-7265D-29.ucode in Resources */,
				F8C280C123C2231D000827EA /* iwlwifi-9000-pu-b0-jf-b0-46.ucode in Resources */,
				02CEFCE223D45C1200B620E6 /* iwlwifi-Qu-b0-hr-b0-48.ucode in Resources */,
				F8C280FA23C2231D000827EA /* iwlwifi-8265-36.ucode in Resources */,
				02CEFCE123D45C1200B620E6 /* iwlwifi-Qu-b0-jf-b0-48.ucode in Resources */,
				02CEFCDE23D45C1200B620E6 /* iwlwifi-QuZ-a0-hr-b0-48.ucode in Resources */,
				F8C280CF23C2231D000827EA /* iwlwifi-8000C-36.ucode in Resources */,
			);
			runOnlyForDeploymentPostprocessing = 0;
		};
/* End PBXResourcesBuildPhase section */

/* Begin PBXSourcesBuildPhase section */
		026E8CC52356F0ED000BFD46 /* Sources */ = {
			isa = PBXSourcesBuildPhase;
			buildActionMask = 2147483647;
			files = (
				024DDD5823CCAD26002716C8 /* IWLMvmTransOpsGen1.cpp in Sources */,
				F8C2805B23C1FFD9000827EA /* IWLDevice.cpp in Sources */,
				024DDD5423CCA79C002716C8 /* IWLMvmTransOpsGen2.cpp in Sources */,
				02443B5823D1E9A4009C675B /* IWLMvmDriver.cpp in Sources */,
				026E8CCF2356F0ED000BFD46 /* AppleIntelWifiAdapterV2.cpp in Sources */,
				02EAFD9F23D443B400905E50 /* IWLTransOpsBase.cpp in Sources */,
				02CEFCE523D5F09600B620E6 /* IWLUcodeParse.cpp in Sources */,
				024DDD4E23CCA027002716C8 /* IWLIO.cpp in Sources */,
				02DCDEEA23C334DD00997FA0 /* IWLTransport.cpp in Sources */,
			);
			runOnlyForDeploymentPostprocessing = 0;
		};
/* End PBXSourcesBuildPhase section */

/* Begin XCBuildConfiguration section */
		026E8CD12356F0ED000BFD46 /* Debug */ = {
			isa = XCBuildConfiguration;
			buildSettings = {
				ALWAYS_SEARCH_USER_PATHS = NO;
				CLANG_ANALYZER_NONNULL = YES;
				CLANG_ANALYZER_NUMBER_OBJECT_CONVERSION = YES_AGGRESSIVE;
				CLANG_CXX_LANGUAGE_STANDARD = "gnu++14";
				CLANG_CXX_LIBRARY = "libc++";
				CLANG_ENABLE_MODULES = YES;
				CLANG_ENABLE_OBJC_ARC = YES;
				CLANG_ENABLE_OBJC_WEAK = YES;
				CLANG_WARN_BLOCK_CAPTURE_AUTORELEASING = YES;
				CLANG_WARN_BOOL_CONVERSION = YES;
				CLANG_WARN_COMMA = YES;
				CLANG_WARN_CONSTANT_CONVERSION = YES;
				CLANG_WARN_DEPRECATED_OBJC_IMPLEMENTATIONS = YES;
				CLANG_WARN_DIRECT_OBJC_ISA_USAGE = YES_ERROR;
				CLANG_WARN_DOCUMENTATION_COMMENTS = YES;
				CLANG_WARN_EMPTY_BODY = YES;
				CLANG_WARN_ENUM_CONVERSION = YES;
				CLANG_WARN_INFINITE_RECURSION = YES;
				CLANG_WARN_INT_CONVERSION = YES;
				CLANG_WARN_NON_LITERAL_NULL_CONVERSION = YES;
				CLANG_WARN_OBJC_IMPLICIT_RETAIN_SELF = YES;
				CLANG_WARN_OBJC_LITERAL_CONVERSION = YES;
				CLANG_WARN_OBJC_ROOT_CLASS = YES_ERROR;
				CLANG_WARN_RANGE_LOOP_ANALYSIS = YES;
				CLANG_WARN_STRICT_PROTOTYPES = YES;
				CLANG_WARN_SUSPICIOUS_MOVE = YES;
				CLANG_WARN_UNGUARDED_AVAILABILITY = YES_AGGRESSIVE;
				CLANG_WARN_UNREACHABLE_CODE = YES;
				CLANG_WARN__DUPLICATE_METHOD_MATCH = YES;
				COPY_PHASE_STRIP = NO;
				DEBUG_INFORMATION_FORMAT = dwarf;
				ENABLE_STRICT_OBJC_MSGSEND = YES;
				ENABLE_TESTABILITY = YES;
				GCC_C_LANGUAGE_STANDARD = gnu11;
				GCC_DYNAMIC_NO_PIC = NO;
				GCC_NO_COMMON_BLOCKS = YES;
				GCC_OPTIMIZATION_LEVEL = 0;
				GCC_PREPROCESSOR_DEFINITIONS = (
					"DEBUG=1",
					"$(inherited)",
				);
				GCC_WARN_64_TO_32_BIT_CONVERSION = YES;
				GCC_WARN_ABOUT_RETURN_TYPE = YES_ERROR;
				GCC_WARN_UNDECLARED_SELECTOR = YES;
				GCC_WARN_UNINITIALIZED_AUTOS = YES_AGGRESSIVE;
				GCC_WARN_UNUSED_FUNCTION = YES;
				GCC_WARN_UNUSED_VARIABLE = YES;
				GENERATE_MASTER_OBJECT_FILE = NO;
				KEEP_PRIVATE_EXTERNS = NO;
				MACOSX_DEPLOYMENT_TARGET = 10.15;
				MTL_ENABLE_DEBUG_INFO = INCLUDE_SOURCE;
				MTL_FAST_MATH = YES;
				ONLY_ACTIVE_ARCH = YES;
				SDKROOT = macosx;
			};
			name = Debug;
		};
		026E8CD22356F0ED000BFD46 /* Release */ = {
			isa = XCBuildConfiguration;
			buildSettings = {
				ALWAYS_SEARCH_USER_PATHS = NO;
				CLANG_ANALYZER_NONNULL = YES;
				CLANG_ANALYZER_NUMBER_OBJECT_CONVERSION = YES_AGGRESSIVE;
				CLANG_CXX_LANGUAGE_STANDARD = "gnu++14";
				CLANG_CXX_LIBRARY = "libc++";
				CLANG_ENABLE_MODULES = YES;
				CLANG_ENABLE_OBJC_ARC = YES;
				CLANG_ENABLE_OBJC_WEAK = YES;
				CLANG_WARN_BLOCK_CAPTURE_AUTORELEASING = YES;
				CLANG_WARN_BOOL_CONVERSION = YES;
				CLANG_WARN_COMMA = YES;
				CLANG_WARN_CONSTANT_CONVERSION = YES;
				CLANG_WARN_DEPRECATED_OBJC_IMPLEMENTATIONS = YES;
				CLANG_WARN_DIRECT_OBJC_ISA_USAGE = YES_ERROR;
				CLANG_WARN_DOCUMENTATION_COMMENTS = YES;
				CLANG_WARN_EMPTY_BODY = YES;
				CLANG_WARN_ENUM_CONVERSION = YES;
				CLANG_WARN_INFINITE_RECURSION = YES;
				CLANG_WARN_INT_CONVERSION = YES;
				CLANG_WARN_NON_LITERAL_NULL_CONVERSION = YES;
				CLANG_WARN_OBJC_IMPLICIT_RETAIN_SELF = YES;
				CLANG_WARN_OBJC_LITERAL_CONVERSION = YES;
				CLANG_WARN_OBJC_ROOT_CLASS = YES_ERROR;
				CLANG_WARN_RANGE_LOOP_ANALYSIS = YES;
				CLANG_WARN_STRICT_PROTOTYPES = YES;
				CLANG_WARN_SUSPICIOUS_MOVE = YES;
				CLANG_WARN_UNGUARDED_AVAILABILITY = YES_AGGRESSIVE;
				CLANG_WARN_UNREACHABLE_CODE = YES;
				CLANG_WARN__DUPLICATE_METHOD_MATCH = YES;
				COPY_PHASE_STRIP = NO;
				DEBUG_INFORMATION_FORMAT = "dwarf-with-dsym";
				ENABLE_NS_ASSERTIONS = NO;
				ENABLE_STRICT_OBJC_MSGSEND = YES;
				GCC_C_LANGUAGE_STANDARD = gnu11;
				GCC_NO_COMMON_BLOCKS = YES;
				GCC_WARN_64_TO_32_BIT_CONVERSION = YES;
				GCC_WARN_ABOUT_RETURN_TYPE = YES_ERROR;
				GCC_WARN_UNDECLARED_SELECTOR = YES;
				GCC_WARN_UNINITIALIZED_AUTOS = YES_AGGRESSIVE;
				GCC_WARN_UNUSED_FUNCTION = YES;
				GCC_WARN_UNUSED_VARIABLE = YES;
				GENERATE_MASTER_OBJECT_FILE = NO;
				KEEP_PRIVATE_EXTERNS = NO;
				MACOSX_DEPLOYMENT_TARGET = 10.15;
				MTL_ENABLE_DEBUG_INFO = NO;
				MTL_FAST_MATH = YES;
				SDKROOT = macosx;
			};
			name = Release;
		};
		026E8CD42356F0ED000BFD46 /* Debug */ = {
			isa = XCBuildConfiguration;
			buildSettings = {
				CODE_SIGN_IDENTITY = "Apple Development";
				CODE_SIGN_STYLE = Automatic;
				COMBINE_HIDPI_IMAGES = YES;
				CURRENT_PROJECT_VERSION = 1.0.0d1;
				DEVELOPMENT_TEAM = YXX7XALBVX;
				INFOPLIST_FILE = AppleIntelWifiAdapter/Info.plist;
				MACOSX_DEPLOYMENT_TARGET = 10.14;
				MODULE_NAME = com.apple.AppleIntelWifiAdapterV2;
				MODULE_VERSION = 1.0.0d1;
				PRODUCT_BUNDLE_IDENTIFIER = com.apple.AppleIntelWifiAdapterV2;
				PRODUCT_NAME = AppleIntelWifiAdapterV2;
				SDKROOT = macosx;
				SYSTEM_HEADER_SEARCH_PATHS = "AppleIntelWifiAdapter/compat AppleIntelWifiAdapter/compat/openbsd AppleIntelWifiAdapter/compat/linux";
				WRAPPER_EXTENSION = kext;
			};
			name = Debug;
		};
		026E8CD52356F0ED000BFD46 /* Release */ = {
			isa = XCBuildConfiguration;
			buildSettings = {
				CODE_SIGN_IDENTITY = "Apple Development";
				CODE_SIGN_STYLE = Automatic;
				COMBINE_HIDPI_IMAGES = YES;
				CURRENT_PROJECT_VERSION = 1.0.0d1;
				DEVELOPMENT_TEAM = YXX7XALBVX;
				INFOPLIST_FILE = AppleIntelWifiAdapter/Info.plist;
				MACOSX_DEPLOYMENT_TARGET = 10.14;
				MODULE_NAME = com.apple.AppleIntelWifiAdapterV2;
				MODULE_VERSION = 1.0.0d1;
				PRODUCT_BUNDLE_IDENTIFIER = com.apple.AppleIntelWifiAdapterV2;
				PRODUCT_NAME = AppleIntelWifiAdapterV2;
				SDKROOT = macosx;
				SYSTEM_HEADER_SEARCH_PATHS = "AppleIntelWifiAdapter/compat AppleIntelWifiAdapter/compat/openbsd AppleIntelWifiAdapter/compat/linux";
				WRAPPER_EXTENSION = kext;
			};
			name = Release;
		};
/* End XCBuildConfiguration section */

/* Begin XCConfigurationList section */
		026E8CC32356F0ED000BFD46 /* Build configuration list for PBXProject "AppleIntelWifiAdapter" */ = {
			isa = XCConfigurationList;
			buildConfigurations = (
				026E8CD12356F0ED000BFD46 /* Debug */,
				026E8CD22356F0ED000BFD46 /* Release */,
			);
			defaultConfigurationIsVisible = 0;
			defaultConfigurationName = Release;
		};
		026E8CD32356F0ED000BFD46 /* Build configuration list for PBXNativeTarget "AppleIntelWifiAdapter" */ = {
			isa = XCConfigurationList;
			buildConfigurations = (
				026E8CD42356F0ED000BFD46 /* Debug */,
				026E8CD52356F0ED000BFD46 /* Release */,
			);
			defaultConfigurationIsVisible = 0;
			defaultConfigurationName = Release;
		};
/* End XCConfigurationList section */
	};
	rootObject = 026E8CC02356F0ED000BFD46 /* Project object */;
}
